
Microsoft Visual Studio Solution File, Format Version 12.00
# Visual Studio 15
VisualStudioVersion = 15.0.28307.1000
MinimumVisualStudioVersion = 10.0.40219.1
Project("{8BC9CEB8-8B4A-11D0-8D11-00A0C91BC942}") = "200306_boj17837 새로운 게임 2", "200306_boj17837 새로운 게임 2\200306_boj17837 새로운 게임 2.vcxproj", "{D2B2F171-4DC1-49BD-8F8B-B5E0D4351E0D}"
EndProject
Project("{8BC9CEB8-8B4A-11D0-8D11-00A0C91BC942}") = "codeforce", "codeforce\codeforce.vcxproj", "{5C500F19-CE59-4834-B19B-032201518312}"
EndProject
Project("{8BC9CEB8-8B4A-11D0-8D11-00A0C91BC942}") = "test", "test\test.vcxproj", "{1452A740-15BD-46E6-982B-85804E81064F}"
EndProject
Project("{8BC9CEB8-8B4A-11D0-8D11-00A0C91BC942}") = "200329_div3_629 D", "200329_div3_629 D\200329_div3_629 D.vcxproj", "{DA54BFA8-3BFD-44B7-945F-BE91B72E616B}"
EndProject
Project("{8BC9CEB8-8B4A-11D0-8D11-00A0C91BC942}") = "200329_div3_629 E", "200329_div3_629 E\200329_div3_629 E.vcxproj", "{F726DF21-7153-4643-83F3-1EA7B0615932}"
EndProject
Project("{8BC9CEB8-8B4A-11D0-8D11-00A0C91BC942}") = "baseman", "baseman\baseman.vcxproj", "{6EE7D6AB-75E6-4267-8780-1367C9A7F505}"
EndProject
Project("{8BC9CEB8-8B4A-11D0-8D11-00A0C91BC942}") = "200329_div3_629 F", "200329_div3_629 F\200329_div3_629 F.vcxproj", "{FF60ED2B-7D10-470C-AABE-C9F6870A6F41}"
EndProject
Project("{8BC9CEB8-8B4A-11D0-8D11-00A0C91BC942}") = "200408_boj12110 2048", "200408_boj12110 2048\200408_boj12110 2048.vcxproj", "{D423A834-DA78-4D10-99B4-24A0F711C3A3}"
EndProject
Project("{8BC9CEB8-8B4A-11D0-8D11-00A0C91BC942}") = "200408_boj1208 부분수열의 합", "200408_boj1208 부분수열의 합\200408_boj1208 부분수열의 합.vcxproj", "{2716CBD1-0990-4CA1-AE83-8C9ADA770768}"
EndProject
Project("{8BC9CEB8-8B4A-11D0-8D11-00A0C91BC942}") = "200413_boj15684 사다리 조작", "200413_boj15684 사다리 조작\200413_boj15684 사다리 조작.vcxproj", "{5D0AC8E7-F1D6-4D76-AD3A-C3F05A120F8E}"
EndProject
Project("{8BC9CEB8-8B4A-11D0-8D11-00A0C91BC942}") = "200413_boj2933 미네랄", "200413_boj2933 미네랄\200413_boj2933 미네랄.vcxproj", "{50A2BC0E-7F0C-4167-8A85-C79FBE80C79C}"
EndProject
Project("{8BC9CEB8-8B4A-11D0-8D11-00A0C91BC942}") = "200413_boj2210 숫자판 점프", "200413_boj2210 숫자판 점프\200413_boj2210 숫자판 점프.vcxproj", "{001F6386-E604-46CC-AEBC-9EE891AD8B4C}"
EndProject
Project("{8BC9CEB8-8B4A-11D0-8D11-00A0C91BC942}") = "200413_boj4902 삼각형의 값", "200413_boj4902 삼각형의 값\200413_boj4902 삼각형의 값.vcxproj", "{7E52CC4A-4470-479B-BE74-65E2C05C189B}"
EndProject
Project("{8BC9CEB8-8B4A-11D0-8D11-00A0C91BC942}") = "200414_boj15653 구슬탈출 4", "200414_boj15653 구슬탈출 4\200414_boj15653 구슬탈출 4.vcxproj", "{07A7BDD6-8808-4279-B707-E29269B16B91}"
EndProject
Project("{8BC9CEB8-8B4A-11D0-8D11-00A0C91BC942}") = "200417_boj5213 과외맨", "200417_boj5213 과외맨\200417_boj5213 과외맨.vcxproj", "{4A372090-71C1-4706-BA78-73152772F9DB}"
EndProject
Project("{8BC9CEB8-8B4A-11D0-8D11-00A0C91BC942}") = "200417_boj3184 양", "200417_boj3184 양\200417_boj3184 양.vcxproj", "{25F3833F-0B0F-45B6-9A1A-332721B9AE9C}"
EndProject
Project("{8BC9CEB8-8B4A-11D0-8D11-00A0C91BC942}") = "200417_boj5014 스타트 링크", "200417_boj5014 스타트 링크\200417_boj5014 스타트 링크.vcxproj", "{31297DEB-3A09-4637-83A1-9DDD485B7D77}"
EndProject
Project("{8BC9CEB8-8B4A-11D0-8D11-00A0C91BC942}") = "200417_boj12886 돌 그룹", "200417_boj12886 돌 그룹\200417_boj12886 돌 그룹.vcxproj", "{352AE97B-6AA3-4170-8862-D50035275D2A}"
EndProject
Project("{8BC9CEB8-8B4A-11D0-8D11-00A0C91BC942}") = "200417_boj14442 벽 부수고 이동하기", "200417_boj14442 벽 부수고 이동하기\200417_boj14442 벽 부수고 이동하기.vcxproj", "{922194BA-9FDA-4581-8E27-AFB41A30A845}"
EndProject
Project("{8BC9CEB8-8B4A-11D0-8D11-00A0C91BC942}") = "200417_boj1600 말이 되고픈 원숭이", "200417_boj1600 말이 되고픈 원숭이\200417_boj1600 말이 되고픈 원숭이.vcxproj", "{43670CFB-2A9D-4E21-B757-08CD369C4400}"
EndProject
Project("{8BC9CEB8-8B4A-11D0-8D11-00A0C91BC942}") = "200417_boj6087 레이저 통신", "200417_boj6087 레이저 통신\200417_boj6087 레이저 통신.vcxproj", "{396BD3C1-4BF2-4BDE-83E9-41A399DA8549}"
EndProject
Project("{8BC9CEB8-8B4A-11D0-8D11-00A0C91BC942}") = "200418_boj10026 적록색약", "200418_boj10026 적록색약\200418_boj10026 적록색약.vcxproj", "{4164FC58-42EA-4DE7-8F2B-F5C53E7AE37F}"
EndProject
Project("{8BC9CEB8-8B4A-11D0-8D11-00A0C91BC942}") = "200418_boj2234 성곽", "200418_boj2234 성곽\200418_boj2234 성곽.vcxproj", "{B002EC77-285C-41CF-BFDC-0F007209DE89}"
EndProject
Project("{8BC9CEB8-8B4A-11D0-8D11-00A0C91BC942}") = "200419_boj3197 백조의 호수", "200419_boj3197 백조의 호수\200419_boj3197 백조의 호수.vcxproj", "{EA21CA2B-91BF-4807-BB59-6D51D1AADB47}"
EndProject
Project("{8BC9CEB8-8B4A-11D0-8D11-00A0C91BC942}") = "200427_boj1753 최단경로", "200427_boj1753 최단경로\200427_boj1753 최단경로.vcxproj", "{64D5D6BD-18EE-491D-8D7F-7F2A0F882E0D}"
EndProject
Project("{8BC9CEB8-8B4A-11D0-8D11-00A0C91BC942}") = "200427_boj8370 미확인도착지", "200427_boj8370 미확인도착지\200427_boj8370 미확인도착지.vcxproj", "{604A5B6E-8B11-49AF-B2B2-9A0233766EF4}"
EndProject
Project("{8BC9CEB8-8B4A-11D0-8D11-00A0C91BC942}") = "200427_boj5719 거의 최단 경로", "200427_boj5719 거의 최단 경로\200427_boj5719 거의 최단 경로.vcxproj", "{2FCD94E7-7082-4BF4-AD5D-7B389B9E515F}"
EndProject
Project("{8BC9CEB8-8B4A-11D0-8D11-00A0C91BC942}") = "200502_boj16939 2x2x2 큐브", "200502_boj16939 2x2x2 큐브\200502_boj16939 2x2x2 큐브.vcxproj", "{C7E6FA24-FA60-4CC2-BEC1-98B75CB1EE82}"
EndProject
Project("{8BC9CEB8-8B4A-11D0-8D11-00A0C91BC942}") = "200502_boj16918 봄버맨", "200502_boj16918 봄버맨\200502_boj16918 봄버맨.vcxproj", "{FB05C329-F233-4F6E-8054-CF67EF190254}"
EndProject
Project("{8BC9CEB8-8B4A-11D0-8D11-00A0C91BC942}") = "200502_boj17070 파이프 옮기기 1", "200502_boj17070 파이프 옮기기 1\200502_boj17070 파이프 옮기기 1.vcxproj", "{6AB36431-34FC-4D59-B800-D6BFF4C9ADAD}"
EndProject
Project("{8BC9CEB8-8B4A-11D0-8D11-00A0C91BC942}") = "200504_boj16986 인싸들의 가위바위보", "200504_boj16986 인싸들의 가위바위보\200504_boj16986 인싸들의 가위바위보.vcxproj", "{86CA7995-A801-4083-BDCE-2E5ABCF9A999}"
EndProject
Project("{8BC9CEB8-8B4A-11D0-8D11-00A0C91BC942}") = "200504_boj16987 계란으로 계란치기", "200504_boj16987 계란으로 계란치기\200504_boj16987 계란으로 계란치기.vcxproj", "{FBAD3223-AA0C-4EE6-B60E-142407B248E2}"
EndProject
Project("{8BC9CEB8-8B4A-11D0-8D11-00A0C91BC942}") = "200504_boj16988 Baaaaaaaaaduk2", "200504_boj16988 Baaaaaaaaaduk2\200504_boj16988 Baaaaaaaaaduk2.vcxproj", "{4D9DB215-5358-4A24-9CEA-F72728402028}"
EndProject
Project("{8BC9CEB8-8B4A-11D0-8D11-00A0C91BC942}") = "200506_boj16637 괄호 추가하기", "200506_boj16637 괄호 추가하기\200506_boj16637 괄호 추가하기.vcxproj", "{C3F3B1DD-C065-4274-97C0-AA0B58DA522F}"
EndProject
Project("{8BC9CEB8-8B4A-11D0-8D11-00A0C91BC942}") = "200506_boj16638 괄호 추가하기 2", "200506_boj16638 괄호 추가하기 2\200506_boj16638 괄호 추가하기 2.vcxproj", "{5E417777-BBBE-4D99-BE79-EB18F31C303C}"
EndProject
Project("{8BC9CEB8-8B4A-11D0-8D11-00A0C91BC942}") = "200506_boj16639 괄호 추가하기 3", "200506_boj16639 괄호 추가하기 3\200506_boj16639 괄호 추가하기 3.vcxproj", "{79B2E2C7-5495-42E2-AC24-1A6226E3DB88}"
EndProject
Project("{8BC9CEB8-8B4A-11D0-8D11-00A0C91BC942}") = "200507_boj16937 두 스티커", "200507_boj16937 두 스티커\200507_boj16937 두 스티커.vcxproj", "{7AE469C1-635B-4B59-B2C0-03ED72838499}"
EndProject
Project("{8BC9CEB8-8B4A-11D0-8D11-00A0C91BC942}") = "200508_boj16938 캠프 준비", "200508_boj16938 캠프 준비\200508_boj16938 캠프 준비.vcxproj", "{AA57E70F-3FD8-4175-A033-82CE4EEE706E}"
EndProject
Project("{8BC9CEB8-8B4A-11D0-8D11-00A0C91BC942}") = "200508_boj16943 숫자 재배치", "200508_boj16943 숫자 재배치\200508_boj16943 숫자 재배치.vcxproj", "{EFBEA134-0442-4234-83E7-CB2D1A69F6EB}"
EndProject
Project("{8BC9CEB8-8B4A-11D0-8D11-00A0C91BC942}") = "200510_boj16958 텔레포트", "200510_boj16958 텔레포트\200510_boj16958 텔레포트.vcxproj", "{EC16D97D-A101-4E28-B231-1B3B105CB953}"
EndProject
Project("{8BC9CEB8-8B4A-11D0-8D11-00A0C91BC942}") = "200713_union_find", "200713_union_find\200713_union_find.vcxproj", "{1E0A993F-3ED1-4D08-907E-F86BDACCF962}"
EndProject
Project("{8BC9CEB8-8B4A-11D0-8D11-00A0C91BC942}") = "200713_boj9938 방 청소", "200713_boj9938 방 청소\200713_boj9938 방 청소.vcxproj", "{67D93E38-8BCE-451F-B6FF-B8188A5EE078}"
EndProject
Project("{8BC9CEB8-8B4A-11D0-8D11-00A0C91BC942}") = "200825_pg 기능 개발", "200825_pg 기능 개발\200825_pg 기능 개발.vcxproj", "{B4608E8A-DB85-41D3-9ED5-4223822ED62C}"
EndProject
Project("{8BC9CEB8-8B4A-11D0-8D11-00A0C91BC942}") = "200825_pg 다리를 지나는 트럭_solve hard", "200825_pg 다리를 지나는 트럭\200825_pg 다리를 지나는 트럭.vcxproj", "{06179D67-2F9A-45C0-8F71-D6599BC3A186}"
EndProject
Project("{8BC9CEB8-8B4A-11D0-8D11-00A0C91BC942}") = "200825_pg 카카오프렌즈 컬러링북", "200825_pg 카카오프렌즈 컬러링북\200825_pg 카카오프렌즈 컬러링북.vcxproj", "{DEB491ED-B3CF-467F-9D35-64DCFAC541C6}"
EndProject
Project("{8BC9CEB8-8B4A-11D0-8D11-00A0C91BC942}") = "200825_pg 큰 수 만들기 hard", "200825_pg 큰 수 만들기\200825_pg 큰 수 만들기.vcxproj", "{2DF355FE-B967-4640-A0AA-C17F240A2B2C}"
EndProject
Project("{8BC9CEB8-8B4A-11D0-8D11-00A0C91BC942}") = "200825_pg 가장 큰 수", "200825_pg 가장 큰 수\200825_pg 가장 큰 수.vcxproj", "{6574B6C3-E50D-45C2-BD21-4EA53CFA165A}"
EndProject
Project("{8BC9CEB8-8B4A-11D0-8D11-00A0C91BC942}") = "200825_pg 전화번호 목록", "200825_pg 전화번호 목록\200825_pg 전화번호 목록.vcxproj", "{820FA6E9-9FF4-4BDB-9C9F-3DCE3B16BEB8}"
EndProject
Project("{8BC9CEB8-8B4A-11D0-8D11-00A0C91BC942}") = "200826_pg 구명 보트", "200826_pg 구명 보트\200826_pg 구명 보트.vcxproj", "{6D34ED63-F6E3-4F1B-A6FB-3411C9A02BBC}"
EndProject
Project("{8BC9CEB8-8B4A-11D0-8D11-00A0C91BC942}") = "200826_pg 프린터", "200826_pg 프린터\200826_pg 프린터.vcxproj", "{2CBE33B5-8C73-4C0B-A279-D4707EFB29C0}"
EndProject
Project("{8BC9CEB8-8B4A-11D0-8D11-00A0C91BC942}") = "200826_pg 더 맵게", "200826_pg 더 맵게\200826_pg 더 맵게.vcxproj", "{F783D004-945F-4FE0-AED8-028505DDF849}"
EndProject
Project("{8BC9CEB8-8B4A-11D0-8D11-00A0C91BC942}") = "200826_pg 조이스틱 hard", "200826_pg 조이스틱\200826_pg 조이스틱.vcxproj", "{5FD1F7CB-0ECD-45A6-AAAD-92271E81EE7A}"
EndProject
Project("{8BC9CEB8-8B4A-11D0-8D11-00A0C91BC942}") = "200827_pg 소수 찾기", "200827_pg 소수 찾기\200827_pg 소수 찾기.vcxproj", "{50EA65EB-77BC-4976-8B3E-6D4D0AC4B39A}"
EndProject
Project("{8BC9CEB8-8B4A-11D0-8D11-00A0C91BC942}") = "200827_pg H-Index", "200827_pg H-Index\200827_pg H-Index.vcxproj", "{215AC3D5-419E-41AB-A4D6-3175C26C5752}"
EndProject
Project("{8BC9CEB8-8B4A-11D0-8D11-00A0C91BC942}") = "200828_pg 단체사진 찍기", "200828_pg 단체사진 찍기\200828_pg 단체사진 찍기.vcxproj", "{4D8BD768-69ED-4E0F-A840-C6DD2D952778}"
EndProject
Project("{8BC9CEB8-8B4A-11D0-8D11-00A0C91BC942}") = "200828_pg 튜플", "200828_pg 튜플\200828_pg 튜플.vcxproj", "{10408898-B8F5-47C1-A7ED-E47A017E7A44}"
EndProject
Project("{8BC9CEB8-8B4A-11D0-8D11-00A0C91BC942}") = "200828_pg 땅따먹기", "200828_pg 땅따먹기\200828_pg 땅따먹기.vcxproj", "{72A7309A-FCAD-419B-BDB5-F4A19446D0F7}"
EndProject
Project("{8BC9CEB8-8B4A-11D0-8D11-00A0C91BC942}") = "200828_pg 숫자의 표현", "200828_pg 숫자의 표현\200828_pg 숫자의 표현.vcxproj", "{1E58BC9A-459D-469C-8BA3-511D76EE5AA3}"
EndProject
Project("{8BC9CEB8-8B4A-11D0-8D11-00A0C91BC942}") = "200828_pg 최솟값 만들기", "200828_pg 최솟값 만들기\200828_pg 최솟값 만들기.vcxproj", "{E22BC651-79E6-453E-B681-D31A5E36D891}"
EndProject
Project("{8BC9CEB8-8B4A-11D0-8D11-00A0C91BC942}") = "200828_pg 행렬의 곱셈", "200828_pg 행렬의 곱셈\200828_pg 행렬의 곱셈.vcxproj", "{24AB658C-B142-46AD-98DF-A91ADBD64F02}"
EndProject
Project("{8BC9CEB8-8B4A-11D0-8D11-00A0C91BC942}") = "200828_pg JadenCase 문자열 만들기", "200828_pg JadenCase 문자열 만들기\200828_pg JadenCase 문자열 만들기.vcxproj", "{334347AD-49EB-4764-8C8D-B02147D3661A}"
EndProject
Project("{8BC9CEB8-8B4A-11D0-8D11-00A0C91BC942}") = "200828_pg 짝지어 제거하기", "200828_pg 짝지어 제거하기\200828_pg 짝지어 제거하기.vcxproj", "{B93875D5-F675-4D8C-8811-98765E86C2F6}"
EndProject
Project("{8BC9CEB8-8B4A-11D0-8D11-00A0C91BC942}") = "200828_pg 점프와 순간이동", "200828_pg 점프와 순간이동\200828_pg 점프와 순간이동.vcxproj", "{03DB0696-8870-41AF-A7D2-8E15D8DD0FEB}"
EndProject
Project("{8BC9CEB8-8B4A-11D0-8D11-00A0C91BC942}") = "200828_pg 가장 큰 정사각형 찾기 hard", "200828_pg 가장 큰 정사각형 찾기\200828_pg 가장 큰 정사각형 찾기.vcxproj", "{177656E0-D434-4810-9307-9222520BC59D}"
EndProject
Project("{8BC9CEB8-8B4A-11D0-8D11-00A0C91BC942}") = "200829_pg 최댓값과 최솟값", "200829_pg 최댓값과 최솟값\200829_pg 최댓값과 최솟값.vcxproj", "{40C3A39E-22F2-423A-8AFB-0B19D987E29B}"
EndProject
Project("{8BC9CEB8-8B4A-11D0-8D11-00A0C91BC942}") = "200829_pg 피보나치 수", "200829_pg 피보나치 수\200829_pg 피보나치 수.vcxproj", "{E786D1AC-68D8-4CCC-8581-D49C5A6751A1}"
EndProject
Project("{8BC9CEB8-8B4A-11D0-8D11-00A0C91BC942}") = "200829_pg 수식 최대화", "200829_pg 수식 최대화\200829_pg 수식 최대화.vcxproj", "{7E2682E7-9435-442A-8745-20650087AF06}"
EndProject
Project("{8BC9CEB8-8B4A-11D0-8D11-00A0C91BC942}") = "200829_pg N개의 최소공배수", "200829_pg N개의 최소공배수\200829_pg N개의 최소공배수.vcxproj", "{E357EF55-2445-44D7-9016-76456CCD645B}"
EndProject
Project("{8BC9CEB8-8B4A-11D0-8D11-00A0C91BC942}") = "200829_pg 소수 만들기", "200829_pg 소수 만들기\200829_pg 소수 만들기.vcxproj", "{BDA5BB32-D109-4E60-8650-A3989D4D6370}"
EndProject
Project("{8BC9CEB8-8B4A-11D0-8D11-00A0C91BC942}") = "200829_pg 영어 끝말잇기", "200829_pg 영어 끝말잇기\200829_pg 영어 끝말잇기.vcxproj", "{F9E546B9-E59D-4E3B-AB32-35BFF1871D76}"
EndProject
Project("{8BC9CEB8-8B4A-11D0-8D11-00A0C91BC942}") = "200829_pg 예상 대진표", "200829_pg 예상 대진표\200829_pg 예상 대진표.vcxproj", "{507F9EF8-352B-47EB-BC0F-3CF4CCAA15AA}"
EndProject
Project("{8BC9CEB8-8B4A-11D0-8D11-00A0C91BC942}") = "200829_pg 프렌즈4블록", "200829_pg 프렌즈4블록\200829_pg 프렌즈4블록.vcxproj", "{ADA2AA68-2687-4CFD-9F72-927792E0E337}"
EndProject
Project("{8BC9CEB8-8B4A-11D0-8D11-00A0C91BC942}") = "200829_pg 오픈채팅방", "200829_pg 오픈채팅방\200829_pg 오픈채팅방.vcxproj", "{9119E77D-4B53-4BEA-94D3-F5338526512F}"
EndProject
Project("{8BC9CEB8-8B4A-11D0-8D11-00A0C91BC942}") = "200829_pg 방금 그곡 hard", "200829_pg 방금 그곡\200829_pg 방금 그곡.vcxproj", "{608B8376-BEB1-45D5-96FD-ACCA87AD66C4}"
EndProject
Project("{8BC9CEB8-8B4A-11D0-8D11-00A0C91BC942}") = "200830_pg 파일명 정렬", "200830_pg 파일명 정렬\200830_pg 파일명 정렬.vcxproj", "{3DEA5955-BEE1-4A50-AF2E-E7D23C12A94A}"
EndProject
Project("{8BC9CEB8-8B4A-11D0-8D11-00A0C91BC942}") = "200830_실패율", "200830_실패율\200830_실패율.vcxproj", "{D48AFA6D-91DA-4B48-A3D9-30B36CC48E3D}"
EndProject
Project("{8BC9CEB8-8B4A-11D0-8D11-00A0C91BC942}") = "200830_pg 문제1", "200830_pg 문제1\200830_pg 문제1.vcxproj", "{BDB1A85D-E60A-4A66-99EE-6211D495700C}"
EndProject
Project("{8BC9CEB8-8B4A-11D0-8D11-00A0C91BC942}") = "200830_pg 뉴스 클러스터링", "200830_pg 뉴스 클러스터링\200830_pg 뉴스 클러스터링.vcxproj", "{826DA469-70C1-4075-9C66-3C9E4DFB2104}"
EndProject
Project("{8BC9CEB8-8B4A-11D0-8D11-00A0C91BC942}") = "200830_pg 캐시", "200830_pg 캐시\200830_pg 캐시.vcxproj", "{A369AD90-CCEC-46F4-BF6C-762FB6EABA93}"
EndProject
Project("{8BC9CEB8-8B4A-11D0-8D11-00A0C91BC942}") = "200830_pg 후보키 v_hard", "200830_pg 후보키\200830_pg 후보키.vcxproj", "{C5671A45-A3D0-42DA-8E73-EF7596FC9033}"
EndProject
Project("{8BC9CEB8-8B4A-11D0-8D11-00A0C91BC942}") = "200830_pg 압축", "200830_pg 압축\200830_pg 압축.vcxproj", "{7E08A08D-876F-48D2-A2AD-E0CD8364A98D}"
EndProject
Project("{8BC9CEB8-8B4A-11D0-8D11-00A0C91BC942}") = "200831_pg n진수 게임", "200831_pg n진수 게임\200831_pg n진수 게임.vcxproj", "{39639B5D-64AF-4987-950B-694D1CA1D9A1}"
EndProject
Project("{8BC9CEB8-8B4A-11D0-8D11-00A0C91BC942}") = "200831_pg 크레인 인형뽑기게임", "200831_pg 크레인 인형뽑기게임\200831_pg 크레인 인형뽑기게임.vcxproj", "{EE818D2C-32BB-4661-8A26-8F36586CFD98}"
EndProject
Project("{8BC9CEB8-8B4A-11D0-8D11-00A0C91BC942}") = "200831_pg 키패드 누르기", "200831_pg 키패트 누르기\200831_pg 키패트 누르기.vcxproj", "{315BE87D-DBAA-4253-A42B-03D7DD4F58A0}"
EndProject
Project("{8BC9CEB8-8B4A-11D0-8D11-00A0C91BC942}") = "200901_pg N으로 표현 hard", "200901_pg N으로 표현\200901_pg N으로 표현.vcxproj", "{6FB6F545-C45C-4242-85D6-FBFB062EF070}"
EndProject
Project("{8BC9CEB8-8B4A-11D0-8D11-00A0C91BC942}") = "200904_pg N으로 표현 (2)", "200904_pg N으로 표현 (2)\200904_pg N으로 표현 (2).vcxproj", "{71AD8161-D11D-4007-94C8-8DE2FEEEB3A2}"
EndProject
Project("{8BC9CEB8-8B4A-11D0-8D11-00A0C91BC942}") = "200905_pg 자물쇠와 열쇠", "200905_pg 자물쇠와 열쇠\200905_pg 자물쇠와 열쇠.vcxproj", "{11CF73A4-E5E5-48A5-AC90-D18047A992B7}"
EndProject
Project("{8BC9CEB8-8B4A-11D0-8D11-00A0C91BC942}") = "200905_pg 이중우선순위 큐", "200905_pg 이중우선순위 큐\200905_pg 이중우선순위 큐.vcxproj", "{32C51B63-8879-4D18-BD2F-FC45E2BAB3DA}"
EndProject
Project("{8BC9CEB8-8B4A-11D0-8D11-00A0C91BC942}") = "200905_pg 이중우선순위큐2", "200905_pg 이중우선순위큐2\200905_pg 이중우선순위큐2.vcxproj", "{5247D761-CEE4-4483-B98A-B14E8A1C8D8B}"
EndProject
Project("{8BC9CEB8-8B4A-11D0-8D11-00A0C91BC942}") = "200905_pg 순위", "200905_pg 순위\200905_pg 순위.vcxproj", "{10D55167-8C71-4381-9D3C-183AF746E483}"
EndProject
Project("{8BC9CEB8-8B4A-11D0-8D11-00A0C91BC942}") = "200906_pg 순위", "200906_pg 순위\200906_pg 순위.vcxproj", "{E9EDEB3D-2CE9-430E-802F-F117A117BBAE}"
EndProject
Project("{8BC9CEB8-8B4A-11D0-8D11-00A0C91BC942}") = "200907_pg 보행자 천국_ hard", "200907_pg 보행자 천국\200907_pg 보행자 천국.vcxproj", "{BBA8193C-5D98-4E68-8915-61EDF1393D85}"
EndProject
Project("{8BC9CEB8-8B4A-11D0-8D11-00A0C91BC942}") = "200907_pg 2xn 타일링", "200907_pg 2xn 타일링\200907_pg 2xn 타일링.vcxproj", "{80BD1AB4-DB01-4D02-A3E7-789C406B4838}"
EndProject
Project("{8BC9CEB8-8B4A-11D0-8D11-00A0C91BC942}") = "200907_pg 브라이언의 고민 _lhard", "200907_pg 브라이언의 고민\200907_pg 브라이언의 고민.vcxproj", "{9A171C19-D7D5-4C5F-877C-7CD9268416AD}"
EndProject
Project("{8BC9CEB8-8B4A-11D0-8D11-00A0C91BC942}") = "200907_pg 브라이언의 고민 2", "200907_pg 브라이언의 고민 2\200907_pg 브라이언의 고민 2.vcxproj", "{F2F64A60-3032-4766-920C-E4CD0F2C6E36}"
EndProject
Project("{8BC9CEB8-8B4A-11D0-8D11-00A0C91BC942}") = "200908_pg 네트워크", "200908_pg 네트워크\200908_pg 네트워크.vcxproj", "{62114310-5026-4D7E-9A48-7EBDA2DBFD2F}"
EndProject
Project("{8BC9CEB8-8B4A-11D0-8D11-00A0C91BC942}") = "200908_pg 가장 먼 노드", "200908_pg 가장 먼 노드\200908_pg 가장 먼 노드.vcxproj", "{DDACE405-AD02-4956-84E7-A10283BCF46F}"
EndProject
Project("{8BC9CEB8-8B4A-11D0-8D11-00A0C91BC942}") = "200908_pg 디스크 컨트롤러", "200908_pg 디스크 컨트롤러\200908_pg 디스크 컨트롤러.vcxproj", "{99DD7493-9123-460E-A9F5-CBC0E32540FC}"
EndProject
Project("{8BC9CEB8-8B4A-11D0-8D11-00A0C91BC942}") = "200908_pg 섬 연결하기", "200908_pg 섬 연결하기\200908_pg 섬 연결하기.vcxproj", "{CFD805EB-F571-4F61-A25A-BCE0EBC43D2C}"
EndProject
Project("{8BC9CEB8-8B4A-11D0-8D11-00A0C91BC942}") = "200908_pg 입국심사", "200908_pg 입국심사\200908_pg 입국심사.vcxproj", "{892D1276-E4F9-42B8-90FB-4045E63010BC}"
EndProject
Project("{8BC9CEB8-8B4A-11D0-8D11-00A0C91BC942}") = "200908_pg 베스트앨범", "200908_pg 베스트앨범\200908_pg 베스트앨범.vcxproj", "{E12369A3-9761-4124-9FB1-9DC5B099808C}"
EndProject
Project("{8BC9CEB8-8B4A-11D0-8D11-00A0C91BC942}") = "200908_pg 등굣길", "200908_pg 등굣길\200908_pg 등굣길.vcxproj", "{25548353-9CE9-4FFE-919D-B75F3E868472}"
EndProject
Project("{8BC9CEB8-8B4A-11D0-8D11-00A0C91BC942}") = "200908_pg 기둥과 보 설치 _ 구현 어려움_ but 잘 품", "200908_pg 기둥과 보 설치\200908_pg 기둥과 보 설치.vcxproj", "{CE9B50D8-53CD-448A-A47A-B8BFA04D0C8A}"
EndProject
Project("{8BC9CEB8-8B4A-11D0-8D11-00A0C91BC942}") = "200909_pg 블록 이동하기 fuck", "200909_pg 블록 이동하기\200909_pg 블록 이동하기.vcxproj", "{8938BBCA-A864-4EEF-9645-5A897271FD8A}"
EndProject
Project("{8BC9CEB8-8B4A-11D0-8D11-00A0C91BC942}") = "200909_pg 블록이동하기_2", "200909_pg 블록이동하기_2\200909_pg 블록이동하기_2.vcxproj", "{9C6366C9-4092-4AA2-82BC-39CB4ECE79B0}"
EndProject
Project("{8BC9CEB8-8B4A-11D0-8D11-00A0C91BC942}") = "200909_pg 리틀 프렌즈 사천성_ 구현 ㅅㅂ", "200909_pg 리틀 프렌즈 사천성\200909_pg 리틀 프렌즈 사천성.vcxproj", "{1F6A353D-176E-4690-BD49-719B98DC3E21}"
EndProject
Project("{8BC9CEB8-8B4A-11D0-8D11-00A0C91BC942}") = "200910_pg  챌린지 1번", "200910_pg 1번\200910_pg 1번.vcxproj", "{B9932075-F4B8-48A0-9CF6-B52B1410EB92}"
EndProject
Project("{8BC9CEB8-8B4A-11D0-8D11-00A0C91BC942}") = "200910_pg 2번", "200910_pg 2번\200910_pg 2번.vcxproj", "{D36D663D-3D3A-4728-86FB-B35AA59B15AC}"
EndProject
Project("{8BC9CEB8-8B4A-11D0-8D11-00A0C91BC942}") = "200910_pg 챌린지 3번", "200910_pg 챌린지 3번\200910_pg 챌린지 3번.vcxproj", "{B7475B56-2392-43EF-8F1C-88F0A928AB13}"
EndProject
Project("{8BC9CEB8-8B4A-11D0-8D11-00A0C91BC942}") = "200910_pg 챌린지 4번", "200910_pg 챌린지 4번\200910_pg 챌린지 4번.vcxproj", "{78F46D95-56FC-4BAB-A76B-0FFBD898EBD4}"
EndProject
Project("{8BC9CEB8-8B4A-11D0-8D11-00A0C91BC942}") = "200912_리틀 프렌즈 사천성 2", "200912_리틀 프렌즈 사천성 2\200912_리틀 프렌즈 사천성 2.vcxproj", "{24CC2087-874B-4771-B0DB-F970024822AA}"
EndProject
Project("{8BC9CEB8-8B4A-11D0-8D11-00A0C91BC942}") = "200912_pg 불량 사용자", "200912_pg 불량 사용자\200912_pg 불량 사용자.vcxproj", "{E0E02EB8-E9DC-467D-8CD7-C2C3D3A6BF00}"
EndProject
Project("{8BC9CEB8-8B4A-11D0-8D11-00A0C91BC942}") = "200912_pg 줄 서는 방법", "200912_pg 줄 서는 방법\200912_pg 줄 서는 방법.vcxproj", "{CDC6AAFA-694E-45EE-AA6A-453AB1552158}"
EndProject
Project("{8BC9CEB8-8B4A-11D0-8D11-00A0C91BC942}") = "200912_pg 하노이의 탑", "200912_pg 하노이의 탑\200912_pg 하노이의 탑.vcxproj", "{BD92A4F2-1AE4-470D-A30B-388D1536D207}"
EndProject
Project("{8BC9CEB8-8B4A-11D0-8D11-00A0C91BC942}") = "200912_pg n-queen", "200912_pg n-queen\200912_pg n-queen.vcxproj", "{C5954427-8FA3-434E-8D54-5354FD0AF136}"
EndProject
Project("{8BC9CEB8-8B4A-11D0-8D11-00A0C91BC942}") = "200913_KAKAO 1번", "200913_KAKAO 1qjs\200913_KAKAO 1qjs.vcxproj", "{5C2D070D-7D5B-4D28-9A00-18CF74876A3C}"
EndProject
Project("{8BC9CEB8-8B4A-11D0-8D11-00A0C91BC942}") = "200913_KAKAO 2번", "200913_KAKAO 2번\200913_KAKAO 2번.vcxproj", "{8F0BACEC-2225-4224-B1B8-61A9739BB6E5}"
EndProject
Project("{8BC9CEB8-8B4A-11D0-8D11-00A0C91BC942}") = "200913_KAKAO 3번", "200913_KAKAO 3번\200913_KAKAO 3번.vcxproj", "{6BC3A213-C1C5-4F2A-ABA4-BE6365B8F2CC}"
EndProject
Project("{8BC9CEB8-8B4A-11D0-8D11-00A0C91BC942}") = "200913_KAKAO 4번", "200913_KAKAO 4번\200913_KAKAO 4번.vcxproj", "{9759CD8F-3D56-4383-A7ED-A2B46397AF52}"
EndProject
Project("{8BC9CEB8-8B4A-11D0-8D11-00A0C91BC942}") = "200913_KAKAO 6번", "200913_KAKAO 6번\200913_KAKAO 6번.vcxproj", "{65A43DCB-D2C2-4760-AEEE-4307CD0070C7}"
EndProject
Project("{8BC9CEB8-8B4A-11D0-8D11-00A0C91BC942}") = "200913_KAKAO 5번", "200913_KAKAO 5번\200913_KAKAO 5번.vcxproj", "{2D84614A-FAAF-4B9B-9043-977AE0A7C864}"
EndProject
Global
	GlobalSection(SolutionConfigurationPlatforms) = preSolution
		Debug|x64 = Debug|x64
		Debug|x86 = Debug|x86
		Release|x64 = Release|x64
		Release|x86 = Release|x86
	EndGlobalSection
	GlobalSection(ProjectConfigurationPlatforms) = postSolution
		{D2B2F171-4DC1-49BD-8F8B-B5E0D4351E0D}.Debug|x64.ActiveCfg = Debug|x64
		{D2B2F171-4DC1-49BD-8F8B-B5E0D4351E0D}.Debug|x64.Build.0 = Debug|x64
		{D2B2F171-4DC1-49BD-8F8B-B5E0D4351E0D}.Debug|x86.ActiveCfg = Debug|Win32
		{D2B2F171-4DC1-49BD-8F8B-B5E0D4351E0D}.Debug|x86.Build.0 = Debug|Win32
		{D2B2F171-4DC1-49BD-8F8B-B5E0D4351E0D}.Release|x64.ActiveCfg = Release|x64
		{D2B2F171-4DC1-49BD-8F8B-B5E0D4351E0D}.Release|x64.Build.0 = Release|x64
		{D2B2F171-4DC1-49BD-8F8B-B5E0D4351E0D}.Release|x86.ActiveCfg = Release|Win32
		{D2B2F171-4DC1-49BD-8F8B-B5E0D4351E0D}.Release|x86.Build.0 = Release|Win32
		{5C500F19-CE59-4834-B19B-032201518312}.Debug|x64.ActiveCfg = Debug|x64
		{5C500F19-CE59-4834-B19B-032201518312}.Debug|x64.Build.0 = Debug|x64
		{5C500F19-CE59-4834-B19B-032201518312}.Debug|x86.ActiveCfg = Debug|Win32
		{5C500F19-CE59-4834-B19B-032201518312}.Debug|x86.Build.0 = Debug|Win32
		{5C500F19-CE59-4834-B19B-032201518312}.Release|x64.ActiveCfg = Release|x64
		{5C500F19-CE59-4834-B19B-032201518312}.Release|x64.Build.0 = Release|x64
		{5C500F19-CE59-4834-B19B-032201518312}.Release|x86.ActiveCfg = Release|Win32
		{5C500F19-CE59-4834-B19B-032201518312}.Release|x86.Build.0 = Release|Win32
		{1452A740-15BD-46E6-982B-85804E81064F}.Debug|x64.ActiveCfg = Debug|x64
		{1452A740-15BD-46E6-982B-85804E81064F}.Debug|x64.Build.0 = Debug|x64
		{1452A740-15BD-46E6-982B-85804E81064F}.Debug|x86.ActiveCfg = Debug|Win32
		{1452A740-15BD-46E6-982B-85804E81064F}.Debug|x86.Build.0 = Debug|Win32
		{1452A740-15BD-46E6-982B-85804E81064F}.Release|x64.ActiveCfg = Release|x64
		{1452A740-15BD-46E6-982B-85804E81064F}.Release|x64.Build.0 = Release|x64
		{1452A740-15BD-46E6-982B-85804E81064F}.Release|x86.ActiveCfg = Release|Win32
		{1452A740-15BD-46E6-982B-85804E81064F}.Release|x86.Build.0 = Release|Win32
		{DA54BFA8-3BFD-44B7-945F-BE91B72E616B}.Debug|x64.ActiveCfg = Debug|x64
		{DA54BFA8-3BFD-44B7-945F-BE91B72E616B}.Debug|x64.Build.0 = Debug|x64
		{DA54BFA8-3BFD-44B7-945F-BE91B72E616B}.Debug|x86.ActiveCfg = Debug|Win32
		{DA54BFA8-3BFD-44B7-945F-BE91B72E616B}.Debug|x86.Build.0 = Debug|Win32
		{DA54BFA8-3BFD-44B7-945F-BE91B72E616B}.Release|x64.ActiveCfg = Release|x64
		{DA54BFA8-3BFD-44B7-945F-BE91B72E616B}.Release|x64.Build.0 = Release|x64
		{DA54BFA8-3BFD-44B7-945F-BE91B72E616B}.Release|x86.ActiveCfg = Release|Win32
		{DA54BFA8-3BFD-44B7-945F-BE91B72E616B}.Release|x86.Build.0 = Release|Win32
		{F726DF21-7153-4643-83F3-1EA7B0615932}.Debug|x64.ActiveCfg = Debug|x64
		{F726DF21-7153-4643-83F3-1EA7B0615932}.Debug|x64.Build.0 = Debug|x64
		{F726DF21-7153-4643-83F3-1EA7B0615932}.Debug|x86.ActiveCfg = Debug|Win32
		{F726DF21-7153-4643-83F3-1EA7B0615932}.Debug|x86.Build.0 = Debug|Win32
		{F726DF21-7153-4643-83F3-1EA7B0615932}.Release|x64.ActiveCfg = Release|x64
		{F726DF21-7153-4643-83F3-1EA7B0615932}.Release|x64.Build.0 = Release|x64
		{F726DF21-7153-4643-83F3-1EA7B0615932}.Release|x86.ActiveCfg = Release|Win32
		{F726DF21-7153-4643-83F3-1EA7B0615932}.Release|x86.Build.0 = Release|Win32
		{6EE7D6AB-75E6-4267-8780-1367C9A7F505}.Debug|x64.ActiveCfg = Debug|x64
		{6EE7D6AB-75E6-4267-8780-1367C9A7F505}.Debug|x64.Build.0 = Debug|x64
		{6EE7D6AB-75E6-4267-8780-1367C9A7F505}.Debug|x86.ActiveCfg = Debug|Win32
		{6EE7D6AB-75E6-4267-8780-1367C9A7F505}.Debug|x86.Build.0 = Debug|Win32
		{6EE7D6AB-75E6-4267-8780-1367C9A7F505}.Release|x64.ActiveCfg = Release|x64
		{6EE7D6AB-75E6-4267-8780-1367C9A7F505}.Release|x64.Build.0 = Release|x64
		{6EE7D6AB-75E6-4267-8780-1367C9A7F505}.Release|x86.ActiveCfg = Release|Win32
		{6EE7D6AB-75E6-4267-8780-1367C9A7F505}.Release|x86.Build.0 = Release|Win32
		{FF60ED2B-7D10-470C-AABE-C9F6870A6F41}.Debug|x64.ActiveCfg = Debug|x64
		{FF60ED2B-7D10-470C-AABE-C9F6870A6F41}.Debug|x64.Build.0 = Debug|x64
		{FF60ED2B-7D10-470C-AABE-C9F6870A6F41}.Debug|x86.ActiveCfg = Debug|Win32
		{FF60ED2B-7D10-470C-AABE-C9F6870A6F41}.Debug|x86.Build.0 = Debug|Win32
		{FF60ED2B-7D10-470C-AABE-C9F6870A6F41}.Release|x64.ActiveCfg = Release|x64
		{FF60ED2B-7D10-470C-AABE-C9F6870A6F41}.Release|x64.Build.0 = Release|x64
		{FF60ED2B-7D10-470C-AABE-C9F6870A6F41}.Release|x86.ActiveCfg = Release|Win32
		{FF60ED2B-7D10-470C-AABE-C9F6870A6F41}.Release|x86.Build.0 = Release|Win32
		{D423A834-DA78-4D10-99B4-24A0F711C3A3}.Debug|x64.ActiveCfg = Debug|x64
		{D423A834-DA78-4D10-99B4-24A0F711C3A3}.Debug|x64.Build.0 = Debug|x64
		{D423A834-DA78-4D10-99B4-24A0F711C3A3}.Debug|x86.ActiveCfg = Debug|Win32
		{D423A834-DA78-4D10-99B4-24A0F711C3A3}.Debug|x86.Build.0 = Debug|Win32
		{D423A834-DA78-4D10-99B4-24A0F711C3A3}.Release|x64.ActiveCfg = Release|x64
		{D423A834-DA78-4D10-99B4-24A0F711C3A3}.Release|x64.Build.0 = Release|x64
		{D423A834-DA78-4D10-99B4-24A0F711C3A3}.Release|x86.ActiveCfg = Release|Win32
		{D423A834-DA78-4D10-99B4-24A0F711C3A3}.Release|x86.Build.0 = Release|Win32
		{2716CBD1-0990-4CA1-AE83-8C9ADA770768}.Debug|x64.ActiveCfg = Debug|x64
		{2716CBD1-0990-4CA1-AE83-8C9ADA770768}.Debug|x64.Build.0 = Debug|x64
		{2716CBD1-0990-4CA1-AE83-8C9ADA770768}.Debug|x86.ActiveCfg = Debug|Win32
		{2716CBD1-0990-4CA1-AE83-8C9ADA770768}.Debug|x86.Build.0 = Debug|Win32
		{2716CBD1-0990-4CA1-AE83-8C9ADA770768}.Release|x64.ActiveCfg = Release|x64
		{2716CBD1-0990-4CA1-AE83-8C9ADA770768}.Release|x64.Build.0 = Release|x64
		{2716CBD1-0990-4CA1-AE83-8C9ADA770768}.Release|x86.ActiveCfg = Release|Win32
		{2716CBD1-0990-4CA1-AE83-8C9ADA770768}.Release|x86.Build.0 = Release|Win32
		{5D0AC8E7-F1D6-4D76-AD3A-C3F05A120F8E}.Debug|x64.ActiveCfg = Debug|x64
		{5D0AC8E7-F1D6-4D76-AD3A-C3F05A120F8E}.Debug|x64.Build.0 = Debug|x64
		{5D0AC8E7-F1D6-4D76-AD3A-C3F05A120F8E}.Debug|x86.ActiveCfg = Debug|Win32
		{5D0AC8E7-F1D6-4D76-AD3A-C3F05A120F8E}.Debug|x86.Build.0 = Debug|Win32
		{5D0AC8E7-F1D6-4D76-AD3A-C3F05A120F8E}.Release|x64.ActiveCfg = Release|x64
		{5D0AC8E7-F1D6-4D76-AD3A-C3F05A120F8E}.Release|x64.Build.0 = Release|x64
		{5D0AC8E7-F1D6-4D76-AD3A-C3F05A120F8E}.Release|x86.ActiveCfg = Release|Win32
		{5D0AC8E7-F1D6-4D76-AD3A-C3F05A120F8E}.Release|x86.Build.0 = Release|Win32
		{50A2BC0E-7F0C-4167-8A85-C79FBE80C79C}.Debug|x64.ActiveCfg = Debug|x64
		{50A2BC0E-7F0C-4167-8A85-C79FBE80C79C}.Debug|x64.Build.0 = Debug|x64
		{50A2BC0E-7F0C-4167-8A85-C79FBE80C79C}.Debug|x86.ActiveCfg = Debug|Win32
		{50A2BC0E-7F0C-4167-8A85-C79FBE80C79C}.Debug|x86.Build.0 = Debug|Win32
		{50A2BC0E-7F0C-4167-8A85-C79FBE80C79C}.Release|x64.ActiveCfg = Release|x64
		{50A2BC0E-7F0C-4167-8A85-C79FBE80C79C}.Release|x64.Build.0 = Release|x64
		{50A2BC0E-7F0C-4167-8A85-C79FBE80C79C}.Release|x86.ActiveCfg = Release|Win32
		{50A2BC0E-7F0C-4167-8A85-C79FBE80C79C}.Release|x86.Build.0 = Release|Win32
		{001F6386-E604-46CC-AEBC-9EE891AD8B4C}.Debug|x64.ActiveCfg = Debug|x64
		{001F6386-E604-46CC-AEBC-9EE891AD8B4C}.Debug|x64.Build.0 = Debug|x64
		{001F6386-E604-46CC-AEBC-9EE891AD8B4C}.Debug|x86.ActiveCfg = Debug|Win32
		{001F6386-E604-46CC-AEBC-9EE891AD8B4C}.Debug|x86.Build.0 = Debug|Win32
		{001F6386-E604-46CC-AEBC-9EE891AD8B4C}.Release|x64.ActiveCfg = Release|x64
		{001F6386-E604-46CC-AEBC-9EE891AD8B4C}.Release|x64.Build.0 = Release|x64
		{001F6386-E604-46CC-AEBC-9EE891AD8B4C}.Release|x86.ActiveCfg = Release|Win32
		{001F6386-E604-46CC-AEBC-9EE891AD8B4C}.Release|x86.Build.0 = Release|Win32
		{7E52CC4A-4470-479B-BE74-65E2C05C189B}.Debug|x64.ActiveCfg = Debug|x64
		{7E52CC4A-4470-479B-BE74-65E2C05C189B}.Debug|x64.Build.0 = Debug|x64
		{7E52CC4A-4470-479B-BE74-65E2C05C189B}.Debug|x86.ActiveCfg = Debug|Win32
		{7E52CC4A-4470-479B-BE74-65E2C05C189B}.Debug|x86.Build.0 = Debug|Win32
		{7E52CC4A-4470-479B-BE74-65E2C05C189B}.Release|x64.ActiveCfg = Release|x64
		{7E52CC4A-4470-479B-BE74-65E2C05C189B}.Release|x64.Build.0 = Release|x64
		{7E52CC4A-4470-479B-BE74-65E2C05C189B}.Release|x86.ActiveCfg = Release|Win32
		{7E52CC4A-4470-479B-BE74-65E2C05C189B}.Release|x86.Build.0 = Release|Win32
		{07A7BDD6-8808-4279-B707-E29269B16B91}.Debug|x64.ActiveCfg = Debug|x64
		{07A7BDD6-8808-4279-B707-E29269B16B91}.Debug|x64.Build.0 = Debug|x64
		{07A7BDD6-8808-4279-B707-E29269B16B91}.Debug|x86.ActiveCfg = Debug|Win32
		{07A7BDD6-8808-4279-B707-E29269B16B91}.Debug|x86.Build.0 = Debug|Win32
		{07A7BDD6-8808-4279-B707-E29269B16B91}.Release|x64.ActiveCfg = Release|x64
		{07A7BDD6-8808-4279-B707-E29269B16B91}.Release|x64.Build.0 = Release|x64
		{07A7BDD6-8808-4279-B707-E29269B16B91}.Release|x86.ActiveCfg = Release|Win32
		{07A7BDD6-8808-4279-B707-E29269B16B91}.Release|x86.Build.0 = Release|Win32
		{4A372090-71C1-4706-BA78-73152772F9DB}.Debug|x64.ActiveCfg = Debug|x64
		{4A372090-71C1-4706-BA78-73152772F9DB}.Debug|x64.Build.0 = Debug|x64
		{4A372090-71C1-4706-BA78-73152772F9DB}.Debug|x86.ActiveCfg = Debug|Win32
		{4A372090-71C1-4706-BA78-73152772F9DB}.Debug|x86.Build.0 = Debug|Win32
		{4A372090-71C1-4706-BA78-73152772F9DB}.Release|x64.ActiveCfg = Release|x64
		{4A372090-71C1-4706-BA78-73152772F9DB}.Release|x64.Build.0 = Release|x64
		{4A372090-71C1-4706-BA78-73152772F9DB}.Release|x86.ActiveCfg = Release|Win32
		{4A372090-71C1-4706-BA78-73152772F9DB}.Release|x86.Build.0 = Release|Win32
		{25F3833F-0B0F-45B6-9A1A-332721B9AE9C}.Debug|x64.ActiveCfg = Debug|x64
		{25F3833F-0B0F-45B6-9A1A-332721B9AE9C}.Debug|x64.Build.0 = Debug|x64
		{25F3833F-0B0F-45B6-9A1A-332721B9AE9C}.Debug|x86.ActiveCfg = Debug|Win32
		{25F3833F-0B0F-45B6-9A1A-332721B9AE9C}.Debug|x86.Build.0 = Debug|Win32
		{25F3833F-0B0F-45B6-9A1A-332721B9AE9C}.Release|x64.ActiveCfg = Release|x64
		{25F3833F-0B0F-45B6-9A1A-332721B9AE9C}.Release|x64.Build.0 = Release|x64
		{25F3833F-0B0F-45B6-9A1A-332721B9AE9C}.Release|x86.ActiveCfg = Release|Win32
		{25F3833F-0B0F-45B6-9A1A-332721B9AE9C}.Release|x86.Build.0 = Release|Win32
		{31297DEB-3A09-4637-83A1-9DDD485B7D77}.Debug|x64.ActiveCfg = Debug|x64
		{31297DEB-3A09-4637-83A1-9DDD485B7D77}.Debug|x64.Build.0 = Debug|x64
		{31297DEB-3A09-4637-83A1-9DDD485B7D77}.Debug|x86.ActiveCfg = Debug|Win32
		{31297DEB-3A09-4637-83A1-9DDD485B7D77}.Debug|x86.Build.0 = Debug|Win32
		{31297DEB-3A09-4637-83A1-9DDD485B7D77}.Release|x64.ActiveCfg = Release|x64
		{31297DEB-3A09-4637-83A1-9DDD485B7D77}.Release|x64.Build.0 = Release|x64
		{31297DEB-3A09-4637-83A1-9DDD485B7D77}.Release|x86.ActiveCfg = Release|Win32
		{31297DEB-3A09-4637-83A1-9DDD485B7D77}.Release|x86.Build.0 = Release|Win32
		{352AE97B-6AA3-4170-8862-D50035275D2A}.Debug|x64.ActiveCfg = Debug|x64
		{352AE97B-6AA3-4170-8862-D50035275D2A}.Debug|x64.Build.0 = Debug|x64
		{352AE97B-6AA3-4170-8862-D50035275D2A}.Debug|x86.ActiveCfg = Debug|Win32
		{352AE97B-6AA3-4170-8862-D50035275D2A}.Debug|x86.Build.0 = Debug|Win32
		{352AE97B-6AA3-4170-8862-D50035275D2A}.Release|x64.ActiveCfg = Release|x64
		{352AE97B-6AA3-4170-8862-D50035275D2A}.Release|x64.Build.0 = Release|x64
		{352AE97B-6AA3-4170-8862-D50035275D2A}.Release|x86.ActiveCfg = Release|Win32
		{352AE97B-6AA3-4170-8862-D50035275D2A}.Release|x86.Build.0 = Release|Win32
		{922194BA-9FDA-4581-8E27-AFB41A30A845}.Debug|x64.ActiveCfg = Debug|x64
		{922194BA-9FDA-4581-8E27-AFB41A30A845}.Debug|x64.Build.0 = Debug|x64
		{922194BA-9FDA-4581-8E27-AFB41A30A845}.Debug|x86.ActiveCfg = Debug|Win32
		{922194BA-9FDA-4581-8E27-AFB41A30A845}.Debug|x86.Build.0 = Debug|Win32
		{922194BA-9FDA-4581-8E27-AFB41A30A845}.Release|x64.ActiveCfg = Release|x64
		{922194BA-9FDA-4581-8E27-AFB41A30A845}.Release|x64.Build.0 = Release|x64
		{922194BA-9FDA-4581-8E27-AFB41A30A845}.Release|x86.ActiveCfg = Release|Win32
		{922194BA-9FDA-4581-8E27-AFB41A30A845}.Release|x86.Build.0 = Release|Win32
		{43670CFB-2A9D-4E21-B757-08CD369C4400}.Debug|x64.ActiveCfg = Debug|x64
		{43670CFB-2A9D-4E21-B757-08CD369C4400}.Debug|x64.Build.0 = Debug|x64
		{43670CFB-2A9D-4E21-B757-08CD369C4400}.Debug|x86.ActiveCfg = Debug|Win32
		{43670CFB-2A9D-4E21-B757-08CD369C4400}.Debug|x86.Build.0 = Debug|Win32
		{43670CFB-2A9D-4E21-B757-08CD369C4400}.Release|x64.ActiveCfg = Release|x64
		{43670CFB-2A9D-4E21-B757-08CD369C4400}.Release|x64.Build.0 = Release|x64
		{43670CFB-2A9D-4E21-B757-08CD369C4400}.Release|x86.ActiveCfg = Release|Win32
		{43670CFB-2A9D-4E21-B757-08CD369C4400}.Release|x86.Build.0 = Release|Win32
		{396BD3C1-4BF2-4BDE-83E9-41A399DA8549}.Debug|x64.ActiveCfg = Debug|x64
		{396BD3C1-4BF2-4BDE-83E9-41A399DA8549}.Debug|x64.Build.0 = Debug|x64
		{396BD3C1-4BF2-4BDE-83E9-41A399DA8549}.Debug|x86.ActiveCfg = Debug|Win32
		{396BD3C1-4BF2-4BDE-83E9-41A399DA8549}.Debug|x86.Build.0 = Debug|Win32
		{396BD3C1-4BF2-4BDE-83E9-41A399DA8549}.Release|x64.ActiveCfg = Release|x64
		{396BD3C1-4BF2-4BDE-83E9-41A399DA8549}.Release|x64.Build.0 = Release|x64
		{396BD3C1-4BF2-4BDE-83E9-41A399DA8549}.Release|x86.ActiveCfg = Release|Win32
		{396BD3C1-4BF2-4BDE-83E9-41A399DA8549}.Release|x86.Build.0 = Release|Win32
		{4164FC58-42EA-4DE7-8F2B-F5C53E7AE37F}.Debug|x64.ActiveCfg = Debug|x64
		{4164FC58-42EA-4DE7-8F2B-F5C53E7AE37F}.Debug|x64.Build.0 = Debug|x64
		{4164FC58-42EA-4DE7-8F2B-F5C53E7AE37F}.Debug|x86.ActiveCfg = Debug|Win32
		{4164FC58-42EA-4DE7-8F2B-F5C53E7AE37F}.Debug|x86.Build.0 = Debug|Win32
		{4164FC58-42EA-4DE7-8F2B-F5C53E7AE37F}.Release|x64.ActiveCfg = Release|x64
		{4164FC58-42EA-4DE7-8F2B-F5C53E7AE37F}.Release|x64.Build.0 = Release|x64
		{4164FC58-42EA-4DE7-8F2B-F5C53E7AE37F}.Release|x86.ActiveCfg = Release|Win32
		{4164FC58-42EA-4DE7-8F2B-F5C53E7AE37F}.Release|x86.Build.0 = Release|Win32
		{B002EC77-285C-41CF-BFDC-0F007209DE89}.Debug|x64.ActiveCfg = Debug|x64
		{B002EC77-285C-41CF-BFDC-0F007209DE89}.Debug|x64.Build.0 = Debug|x64
		{B002EC77-285C-41CF-BFDC-0F007209DE89}.Debug|x86.ActiveCfg = Debug|Win32
		{B002EC77-285C-41CF-BFDC-0F007209DE89}.Debug|x86.Build.0 = Debug|Win32
		{B002EC77-285C-41CF-BFDC-0F007209DE89}.Release|x64.ActiveCfg = Release|x64
		{B002EC77-285C-41CF-BFDC-0F007209DE89}.Release|x64.Build.0 = Release|x64
		{B002EC77-285C-41CF-BFDC-0F007209DE89}.Release|x86.ActiveCfg = Release|Win32
		{B002EC77-285C-41CF-BFDC-0F007209DE89}.Release|x86.Build.0 = Release|Win32
		{EA21CA2B-91BF-4807-BB59-6D51D1AADB47}.Debug|x64.ActiveCfg = Debug|x64
		{EA21CA2B-91BF-4807-BB59-6D51D1AADB47}.Debug|x64.Build.0 = Debug|x64
		{EA21CA2B-91BF-4807-BB59-6D51D1AADB47}.Debug|x86.ActiveCfg = Debug|Win32
		{EA21CA2B-91BF-4807-BB59-6D51D1AADB47}.Debug|x86.Build.0 = Debug|Win32
		{EA21CA2B-91BF-4807-BB59-6D51D1AADB47}.Release|x64.ActiveCfg = Release|x64
		{EA21CA2B-91BF-4807-BB59-6D51D1AADB47}.Release|x64.Build.0 = Release|x64
		{EA21CA2B-91BF-4807-BB59-6D51D1AADB47}.Release|x86.ActiveCfg = Release|Win32
		{EA21CA2B-91BF-4807-BB59-6D51D1AADB47}.Release|x86.Build.0 = Release|Win32
		{64D5D6BD-18EE-491D-8D7F-7F2A0F882E0D}.Debug|x64.ActiveCfg = Debug|x64
		{64D5D6BD-18EE-491D-8D7F-7F2A0F882E0D}.Debug|x64.Build.0 = Debug|x64
		{64D5D6BD-18EE-491D-8D7F-7F2A0F882E0D}.Debug|x86.ActiveCfg = Debug|Win32
		{64D5D6BD-18EE-491D-8D7F-7F2A0F882E0D}.Debug|x86.Build.0 = Debug|Win32
		{64D5D6BD-18EE-491D-8D7F-7F2A0F882E0D}.Release|x64.ActiveCfg = Release|x64
		{64D5D6BD-18EE-491D-8D7F-7F2A0F882E0D}.Release|x64.Build.0 = Release|x64
		{64D5D6BD-18EE-491D-8D7F-7F2A0F882E0D}.Release|x86.ActiveCfg = Release|Win32
		{64D5D6BD-18EE-491D-8D7F-7F2A0F882E0D}.Release|x86.Build.0 = Release|Win32
		{604A5B6E-8B11-49AF-B2B2-9A0233766EF4}.Debug|x64.ActiveCfg = Debug|x64
		{604A5B6E-8B11-49AF-B2B2-9A0233766EF4}.Debug|x64.Build.0 = Debug|x64
		{604A5B6E-8B11-49AF-B2B2-9A0233766EF4}.Debug|x86.ActiveCfg = Debug|Win32
		{604A5B6E-8B11-49AF-B2B2-9A0233766EF4}.Debug|x86.Build.0 = Debug|Win32
		{604A5B6E-8B11-49AF-B2B2-9A0233766EF4}.Release|x64.ActiveCfg = Release|x64
		{604A5B6E-8B11-49AF-B2B2-9A0233766EF4}.Release|x64.Build.0 = Release|x64
		{604A5B6E-8B11-49AF-B2B2-9A0233766EF4}.Release|x86.ActiveCfg = Release|Win32
		{604A5B6E-8B11-49AF-B2B2-9A0233766EF4}.Release|x86.Build.0 = Release|Win32
		{2FCD94E7-7082-4BF4-AD5D-7B389B9E515F}.Debug|x64.ActiveCfg = Debug|x64
		{2FCD94E7-7082-4BF4-AD5D-7B389B9E515F}.Debug|x64.Build.0 = Debug|x64
		{2FCD94E7-7082-4BF4-AD5D-7B389B9E515F}.Debug|x86.ActiveCfg = Debug|Win32
		{2FCD94E7-7082-4BF4-AD5D-7B389B9E515F}.Debug|x86.Build.0 = Debug|Win32
		{2FCD94E7-7082-4BF4-AD5D-7B389B9E515F}.Release|x64.ActiveCfg = Release|x64
		{2FCD94E7-7082-4BF4-AD5D-7B389B9E515F}.Release|x64.Build.0 = Release|x64
		{2FCD94E7-7082-4BF4-AD5D-7B389B9E515F}.Release|x86.ActiveCfg = Release|Win32
		{2FCD94E7-7082-4BF4-AD5D-7B389B9E515F}.Release|x86.Build.0 = Release|Win32
		{C7E6FA24-FA60-4CC2-BEC1-98B75CB1EE82}.Debug|x64.ActiveCfg = Debug|x64
		{C7E6FA24-FA60-4CC2-BEC1-98B75CB1EE82}.Debug|x64.Build.0 = Debug|x64
		{C7E6FA24-FA60-4CC2-BEC1-98B75CB1EE82}.Debug|x86.ActiveCfg = Debug|Win32
		{C7E6FA24-FA60-4CC2-BEC1-98B75CB1EE82}.Debug|x86.Build.0 = Debug|Win32
		{C7E6FA24-FA60-4CC2-BEC1-98B75CB1EE82}.Release|x64.ActiveCfg = Release|x64
		{C7E6FA24-FA60-4CC2-BEC1-98B75CB1EE82}.Release|x64.Build.0 = Release|x64
		{C7E6FA24-FA60-4CC2-BEC1-98B75CB1EE82}.Release|x86.ActiveCfg = Release|Win32
		{C7E6FA24-FA60-4CC2-BEC1-98B75CB1EE82}.Release|x86.Build.0 = Release|Win32
		{FB05C329-F233-4F6E-8054-CF67EF190254}.Debug|x64.ActiveCfg = Debug|x64
		{FB05C329-F233-4F6E-8054-CF67EF190254}.Debug|x64.Build.0 = Debug|x64
		{FB05C329-F233-4F6E-8054-CF67EF190254}.Debug|x86.ActiveCfg = Debug|Win32
		{FB05C329-F233-4F6E-8054-CF67EF190254}.Debug|x86.Build.0 = Debug|Win32
		{FB05C329-F233-4F6E-8054-CF67EF190254}.Release|x64.ActiveCfg = Release|x64
		{FB05C329-F233-4F6E-8054-CF67EF190254}.Release|x64.Build.0 = Release|x64
		{FB05C329-F233-4F6E-8054-CF67EF190254}.Release|x86.ActiveCfg = Release|Win32
		{FB05C329-F233-4F6E-8054-CF67EF190254}.Release|x86.Build.0 = Release|Win32
		{6AB36431-34FC-4D59-B800-D6BFF4C9ADAD}.Debug|x64.ActiveCfg = Debug|x64
		{6AB36431-34FC-4D59-B800-D6BFF4C9ADAD}.Debug|x64.Build.0 = Debug|x64
		{6AB36431-34FC-4D59-B800-D6BFF4C9ADAD}.Debug|x86.ActiveCfg = Debug|Win32
		{6AB36431-34FC-4D59-B800-D6BFF4C9ADAD}.Debug|x86.Build.0 = Debug|Win32
		{6AB36431-34FC-4D59-B800-D6BFF4C9ADAD}.Release|x64.ActiveCfg = Release|x64
		{6AB36431-34FC-4D59-B800-D6BFF4C9ADAD}.Release|x64.Build.0 = Release|x64
		{6AB36431-34FC-4D59-B800-D6BFF4C9ADAD}.Release|x86.ActiveCfg = Release|Win32
		{6AB36431-34FC-4D59-B800-D6BFF4C9ADAD}.Release|x86.Build.0 = Release|Win32
		{86CA7995-A801-4083-BDCE-2E5ABCF9A999}.Debug|x64.ActiveCfg = Debug|x64
		{86CA7995-A801-4083-BDCE-2E5ABCF9A999}.Debug|x64.Build.0 = Debug|x64
		{86CA7995-A801-4083-BDCE-2E5ABCF9A999}.Debug|x86.ActiveCfg = Debug|Win32
		{86CA7995-A801-4083-BDCE-2E5ABCF9A999}.Debug|x86.Build.0 = Debug|Win32
		{86CA7995-A801-4083-BDCE-2E5ABCF9A999}.Release|x64.ActiveCfg = Release|x64
		{86CA7995-A801-4083-BDCE-2E5ABCF9A999}.Release|x64.Build.0 = Release|x64
		{86CA7995-A801-4083-BDCE-2E5ABCF9A999}.Release|x86.ActiveCfg = Release|Win32
		{86CA7995-A801-4083-BDCE-2E5ABCF9A999}.Release|x86.Build.0 = Release|Win32
		{FBAD3223-AA0C-4EE6-B60E-142407B248E2}.Debug|x64.ActiveCfg = Debug|x64
		{FBAD3223-AA0C-4EE6-B60E-142407B248E2}.Debug|x64.Build.0 = Debug|x64
		{FBAD3223-AA0C-4EE6-B60E-142407B248E2}.Debug|x86.ActiveCfg = Debug|Win32
		{FBAD3223-AA0C-4EE6-B60E-142407B248E2}.Debug|x86.Build.0 = Debug|Win32
		{FBAD3223-AA0C-4EE6-B60E-142407B248E2}.Release|x64.ActiveCfg = Release|x64
		{FBAD3223-AA0C-4EE6-B60E-142407B248E2}.Release|x64.Build.0 = Release|x64
		{FBAD3223-AA0C-4EE6-B60E-142407B248E2}.Release|x86.ActiveCfg = Release|Win32
		{FBAD3223-AA0C-4EE6-B60E-142407B248E2}.Release|x86.Build.0 = Release|Win32
		{4D9DB215-5358-4A24-9CEA-F72728402028}.Debug|x64.ActiveCfg = Debug|x64
		{4D9DB215-5358-4A24-9CEA-F72728402028}.Debug|x64.Build.0 = Debug|x64
		{4D9DB215-5358-4A24-9CEA-F72728402028}.Debug|x86.ActiveCfg = Debug|Win32
		{4D9DB215-5358-4A24-9CEA-F72728402028}.Debug|x86.Build.0 = Debug|Win32
		{4D9DB215-5358-4A24-9CEA-F72728402028}.Release|x64.ActiveCfg = Release|x64
		{4D9DB215-5358-4A24-9CEA-F72728402028}.Release|x64.Build.0 = Release|x64
		{4D9DB215-5358-4A24-9CEA-F72728402028}.Release|x86.ActiveCfg = Release|Win32
		{4D9DB215-5358-4A24-9CEA-F72728402028}.Release|x86.Build.0 = Release|Win32
		{C3F3B1DD-C065-4274-97C0-AA0B58DA522F}.Debug|x64.ActiveCfg = Debug|x64
		{C3F3B1DD-C065-4274-97C0-AA0B58DA522F}.Debug|x64.Build.0 = Debug|x64
		{C3F3B1DD-C065-4274-97C0-AA0B58DA522F}.Debug|x86.ActiveCfg = Debug|Win32
		{C3F3B1DD-C065-4274-97C0-AA0B58DA522F}.Debug|x86.Build.0 = Debug|Win32
		{C3F3B1DD-C065-4274-97C0-AA0B58DA522F}.Release|x64.ActiveCfg = Release|x64
		{C3F3B1DD-C065-4274-97C0-AA0B58DA522F}.Release|x64.Build.0 = Release|x64
		{C3F3B1DD-C065-4274-97C0-AA0B58DA522F}.Release|x86.ActiveCfg = Release|Win32
		{C3F3B1DD-C065-4274-97C0-AA0B58DA522F}.Release|x86.Build.0 = Release|Win32
		{5E417777-BBBE-4D99-BE79-EB18F31C303C}.Debug|x64.ActiveCfg = Debug|x64
		{5E417777-BBBE-4D99-BE79-EB18F31C303C}.Debug|x64.Build.0 = Debug|x64
		{5E417777-BBBE-4D99-BE79-EB18F31C303C}.Debug|x86.ActiveCfg = Debug|Win32
		{5E417777-BBBE-4D99-BE79-EB18F31C303C}.Debug|x86.Build.0 = Debug|Win32
		{5E417777-BBBE-4D99-BE79-EB18F31C303C}.Release|x64.ActiveCfg = Release|x64
		{5E417777-BBBE-4D99-BE79-EB18F31C303C}.Release|x64.Build.0 = Release|x64
		{5E417777-BBBE-4D99-BE79-EB18F31C303C}.Release|x86.ActiveCfg = Release|Win32
		{5E417777-BBBE-4D99-BE79-EB18F31C303C}.Release|x86.Build.0 = Release|Win32
		{79B2E2C7-5495-42E2-AC24-1A6226E3DB88}.Debug|x64.ActiveCfg = Debug|x64
		{79B2E2C7-5495-42E2-AC24-1A6226E3DB88}.Debug|x64.Build.0 = Debug|x64
		{79B2E2C7-5495-42E2-AC24-1A6226E3DB88}.Debug|x86.ActiveCfg = Debug|Win32
		{79B2E2C7-5495-42E2-AC24-1A6226E3DB88}.Debug|x86.Build.0 = Debug|Win32
		{79B2E2C7-5495-42E2-AC24-1A6226E3DB88}.Release|x64.ActiveCfg = Release|x64
		{79B2E2C7-5495-42E2-AC24-1A6226E3DB88}.Release|x64.Build.0 = Release|x64
		{79B2E2C7-5495-42E2-AC24-1A6226E3DB88}.Release|x86.ActiveCfg = Release|Win32
		{79B2E2C7-5495-42E2-AC24-1A6226E3DB88}.Release|x86.Build.0 = Release|Win32
		{7AE469C1-635B-4B59-B2C0-03ED72838499}.Debug|x64.ActiveCfg = Debug|x64
		{7AE469C1-635B-4B59-B2C0-03ED72838499}.Debug|x64.Build.0 = Debug|x64
		{7AE469C1-635B-4B59-B2C0-03ED72838499}.Debug|x86.ActiveCfg = Debug|Win32
		{7AE469C1-635B-4B59-B2C0-03ED72838499}.Debug|x86.Build.0 = Debug|Win32
		{7AE469C1-635B-4B59-B2C0-03ED72838499}.Release|x64.ActiveCfg = Release|x64
		{7AE469C1-635B-4B59-B2C0-03ED72838499}.Release|x64.Build.0 = Release|x64
		{7AE469C1-635B-4B59-B2C0-03ED72838499}.Release|x86.ActiveCfg = Release|Win32
		{7AE469C1-635B-4B59-B2C0-03ED72838499}.Release|x86.Build.0 = Release|Win32
		{AA57E70F-3FD8-4175-A033-82CE4EEE706E}.Debug|x64.ActiveCfg = Debug|x64
		{AA57E70F-3FD8-4175-A033-82CE4EEE706E}.Debug|x64.Build.0 = Debug|x64
		{AA57E70F-3FD8-4175-A033-82CE4EEE706E}.Debug|x86.ActiveCfg = Debug|Win32
		{AA57E70F-3FD8-4175-A033-82CE4EEE706E}.Debug|x86.Build.0 = Debug|Win32
		{AA57E70F-3FD8-4175-A033-82CE4EEE706E}.Release|x64.ActiveCfg = Release|x64
		{AA57E70F-3FD8-4175-A033-82CE4EEE706E}.Release|x64.Build.0 = Release|x64
		{AA57E70F-3FD8-4175-A033-82CE4EEE706E}.Release|x86.ActiveCfg = Release|Win32
		{AA57E70F-3FD8-4175-A033-82CE4EEE706E}.Release|x86.Build.0 = Release|Win32
		{EFBEA134-0442-4234-83E7-CB2D1A69F6EB}.Debug|x64.ActiveCfg = Debug|x64
		{EFBEA134-0442-4234-83E7-CB2D1A69F6EB}.Debug|x64.Build.0 = Debug|x64
		{EFBEA134-0442-4234-83E7-CB2D1A69F6EB}.Debug|x86.ActiveCfg = Debug|Win32
		{EFBEA134-0442-4234-83E7-CB2D1A69F6EB}.Debug|x86.Build.0 = Debug|Win32
		{EFBEA134-0442-4234-83E7-CB2D1A69F6EB}.Release|x64.ActiveCfg = Release|x64
		{EFBEA134-0442-4234-83E7-CB2D1A69F6EB}.Release|x64.Build.0 = Release|x64
		{EFBEA134-0442-4234-83E7-CB2D1A69F6EB}.Release|x86.ActiveCfg = Release|Win32
		{EFBEA134-0442-4234-83E7-CB2D1A69F6EB}.Release|x86.Build.0 = Release|Win32
		{EC16D97D-A101-4E28-B231-1B3B105CB953}.Debug|x64.ActiveCfg = Debug|x64
		{EC16D97D-A101-4E28-B231-1B3B105CB953}.Debug|x64.Build.0 = Debug|x64
		{EC16D97D-A101-4E28-B231-1B3B105CB953}.Debug|x86.ActiveCfg = Debug|Win32
		{EC16D97D-A101-4E28-B231-1B3B105CB953}.Debug|x86.Build.0 = Debug|Win32
		{EC16D97D-A101-4E28-B231-1B3B105CB953}.Release|x64.ActiveCfg = Release|x64
		{EC16D97D-A101-4E28-B231-1B3B105CB953}.Release|x64.Build.0 = Release|x64
		{EC16D97D-A101-4E28-B231-1B3B105CB953}.Release|x86.ActiveCfg = Release|Win32
		{EC16D97D-A101-4E28-B231-1B3B105CB953}.Release|x86.Build.0 = Release|Win32
		{1E0A993F-3ED1-4D08-907E-F86BDACCF962}.Debug|x64.ActiveCfg = Debug|x64
		{1E0A993F-3ED1-4D08-907E-F86BDACCF962}.Debug|x64.Build.0 = Debug|x64
		{1E0A993F-3ED1-4D08-907E-F86BDACCF962}.Debug|x86.ActiveCfg = Debug|Win32
		{1E0A993F-3ED1-4D08-907E-F86BDACCF962}.Debug|x86.Build.0 = Debug|Win32
		{1E0A993F-3ED1-4D08-907E-F86BDACCF962}.Release|x64.ActiveCfg = Release|x64
		{1E0A993F-3ED1-4D08-907E-F86BDACCF962}.Release|x64.Build.0 = Release|x64
		{1E0A993F-3ED1-4D08-907E-F86BDACCF962}.Release|x86.ActiveCfg = Release|Win32
		{1E0A993F-3ED1-4D08-907E-F86BDACCF962}.Release|x86.Build.0 = Release|Win32
		{67D93E38-8BCE-451F-B6FF-B8188A5EE078}.Debug|x64.ActiveCfg = Debug|x64
		{67D93E38-8BCE-451F-B6FF-B8188A5EE078}.Debug|x64.Build.0 = Debug|x64
		{67D93E38-8BCE-451F-B6FF-B8188A5EE078}.Debug|x86.ActiveCfg = Debug|Win32
		{67D93E38-8BCE-451F-B6FF-B8188A5EE078}.Debug|x86.Build.0 = Debug|Win32
		{67D93E38-8BCE-451F-B6FF-B8188A5EE078}.Release|x64.ActiveCfg = Release|x64
		{67D93E38-8BCE-451F-B6FF-B8188A5EE078}.Release|x64.Build.0 = Release|x64
		{67D93E38-8BCE-451F-B6FF-B8188A5EE078}.Release|x86.ActiveCfg = Release|Win32
		{67D93E38-8BCE-451F-B6FF-B8188A5EE078}.Release|x86.Build.0 = Release|Win32
		{B4608E8A-DB85-41D3-9ED5-4223822ED62C}.Debug|x64.ActiveCfg = Debug|x64
		{B4608E8A-DB85-41D3-9ED5-4223822ED62C}.Debug|x64.Build.0 = Debug|x64
		{B4608E8A-DB85-41D3-9ED5-4223822ED62C}.Debug|x86.ActiveCfg = Debug|Win32
		{B4608E8A-DB85-41D3-9ED5-4223822ED62C}.Debug|x86.Build.0 = Debug|Win32
		{B4608E8A-DB85-41D3-9ED5-4223822ED62C}.Release|x64.ActiveCfg = Release|x64
		{B4608E8A-DB85-41D3-9ED5-4223822ED62C}.Release|x64.Build.0 = Release|x64
		{B4608E8A-DB85-41D3-9ED5-4223822ED62C}.Release|x86.ActiveCfg = Release|Win32
		{B4608E8A-DB85-41D3-9ED5-4223822ED62C}.Release|x86.Build.0 = Release|Win32
		{06179D67-2F9A-45C0-8F71-D6599BC3A186}.Debug|x64.ActiveCfg = Debug|x64
		{06179D67-2F9A-45C0-8F71-D6599BC3A186}.Debug|x64.Build.0 = Debug|x64
		{06179D67-2F9A-45C0-8F71-D6599BC3A186}.Debug|x86.ActiveCfg = Debug|Win32
		{06179D67-2F9A-45C0-8F71-D6599BC3A186}.Debug|x86.Build.0 = Debug|Win32
		{06179D67-2F9A-45C0-8F71-D6599BC3A186}.Release|x64.ActiveCfg = Release|x64
		{06179D67-2F9A-45C0-8F71-D6599BC3A186}.Release|x64.Build.0 = Release|x64
		{06179D67-2F9A-45C0-8F71-D6599BC3A186}.Release|x86.ActiveCfg = Release|Win32
		{06179D67-2F9A-45C0-8F71-D6599BC3A186}.Release|x86.Build.0 = Release|Win32
		{DEB491ED-B3CF-467F-9D35-64DCFAC541C6}.Debug|x64.ActiveCfg = Debug|x64
		{DEB491ED-B3CF-467F-9D35-64DCFAC541C6}.Debug|x64.Build.0 = Debug|x64
		{DEB491ED-B3CF-467F-9D35-64DCFAC541C6}.Debug|x86.ActiveCfg = Debug|Win32
		{DEB491ED-B3CF-467F-9D35-64DCFAC541C6}.Debug|x86.Build.0 = Debug|Win32
		{DEB491ED-B3CF-467F-9D35-64DCFAC541C6}.Release|x64.ActiveCfg = Release|x64
		{DEB491ED-B3CF-467F-9D35-64DCFAC541C6}.Release|x64.Build.0 = Release|x64
		{DEB491ED-B3CF-467F-9D35-64DCFAC541C6}.Release|x86.ActiveCfg = Release|Win32
		{DEB491ED-B3CF-467F-9D35-64DCFAC541C6}.Release|x86.Build.0 = Release|Win32
		{2DF355FE-B967-4640-A0AA-C17F240A2B2C}.Debug|x64.ActiveCfg = Debug|x64
		{2DF355FE-B967-4640-A0AA-C17F240A2B2C}.Debug|x64.Build.0 = Debug|x64
		{2DF355FE-B967-4640-A0AA-C17F240A2B2C}.Debug|x86.ActiveCfg = Debug|Win32
		{2DF355FE-B967-4640-A0AA-C17F240A2B2C}.Debug|x86.Build.0 = Debug|Win32
		{2DF355FE-B967-4640-A0AA-C17F240A2B2C}.Release|x64.ActiveCfg = Release|x64
		{2DF355FE-B967-4640-A0AA-C17F240A2B2C}.Release|x64.Build.0 = Release|x64
		{2DF355FE-B967-4640-A0AA-C17F240A2B2C}.Release|x86.ActiveCfg = Release|Win32
		{2DF355FE-B967-4640-A0AA-C17F240A2B2C}.Release|x86.Build.0 = Release|Win32
		{6574B6C3-E50D-45C2-BD21-4EA53CFA165A}.Debug|x64.ActiveCfg = Debug|x64
		{6574B6C3-E50D-45C2-BD21-4EA53CFA165A}.Debug|x64.Build.0 = Debug|x64
		{6574B6C3-E50D-45C2-BD21-4EA53CFA165A}.Debug|x86.ActiveCfg = Debug|Win32
		{6574B6C3-E50D-45C2-BD21-4EA53CFA165A}.Debug|x86.Build.0 = Debug|Win32
		{6574B6C3-E50D-45C2-BD21-4EA53CFA165A}.Release|x64.ActiveCfg = Release|x64
		{6574B6C3-E50D-45C2-BD21-4EA53CFA165A}.Release|x64.Build.0 = Release|x64
		{6574B6C3-E50D-45C2-BD21-4EA53CFA165A}.Release|x86.ActiveCfg = Release|Win32
		{6574B6C3-E50D-45C2-BD21-4EA53CFA165A}.Release|x86.Build.0 = Release|Win32
		{820FA6E9-9FF4-4BDB-9C9F-3DCE3B16BEB8}.Debug|x64.ActiveCfg = Debug|x64
		{820FA6E9-9FF4-4BDB-9C9F-3DCE3B16BEB8}.Debug|x64.Build.0 = Debug|x64
		{820FA6E9-9FF4-4BDB-9C9F-3DCE3B16BEB8}.Debug|x86.ActiveCfg = Debug|Win32
		{820FA6E9-9FF4-4BDB-9C9F-3DCE3B16BEB8}.Debug|x86.Build.0 = Debug|Win32
		{820FA6E9-9FF4-4BDB-9C9F-3DCE3B16BEB8}.Release|x64.ActiveCfg = Release|x64
		{820FA6E9-9FF4-4BDB-9C9F-3DCE3B16BEB8}.Release|x64.Build.0 = Release|x64
		{820FA6E9-9FF4-4BDB-9C9F-3DCE3B16BEB8}.Release|x86.ActiveCfg = Release|Win32
		{820FA6E9-9FF4-4BDB-9C9F-3DCE3B16BEB8}.Release|x86.Build.0 = Release|Win32
		{6D34ED63-F6E3-4F1B-A6FB-3411C9A02BBC}.Debug|x64.ActiveCfg = Debug|x64
		{6D34ED63-F6E3-4F1B-A6FB-3411C9A02BBC}.Debug|x64.Build.0 = Debug|x64
		{6D34ED63-F6E3-4F1B-A6FB-3411C9A02BBC}.Debug|x86.ActiveCfg = Debug|Win32
		{6D34ED63-F6E3-4F1B-A6FB-3411C9A02BBC}.Debug|x86.Build.0 = Debug|Win32
		{6D34ED63-F6E3-4F1B-A6FB-3411C9A02BBC}.Release|x64.ActiveCfg = Release|x64
		{6D34ED63-F6E3-4F1B-A6FB-3411C9A02BBC}.Release|x64.Build.0 = Release|x64
		{6D34ED63-F6E3-4F1B-A6FB-3411C9A02BBC}.Release|x86.ActiveCfg = Release|Win32
		{6D34ED63-F6E3-4F1B-A6FB-3411C9A02BBC}.Release|x86.Build.0 = Release|Win32
		{2CBE33B5-8C73-4C0B-A279-D4707EFB29C0}.Debug|x64.ActiveCfg = Debug|x64
		{2CBE33B5-8C73-4C0B-A279-D4707EFB29C0}.Debug|x64.Build.0 = Debug|x64
		{2CBE33B5-8C73-4C0B-A279-D4707EFB29C0}.Debug|x86.ActiveCfg = Debug|Win32
		{2CBE33B5-8C73-4C0B-A279-D4707EFB29C0}.Debug|x86.Build.0 = Debug|Win32
		{2CBE33B5-8C73-4C0B-A279-D4707EFB29C0}.Release|x64.ActiveCfg = Release|x64
		{2CBE33B5-8C73-4C0B-A279-D4707EFB29C0}.Release|x64.Build.0 = Release|x64
		{2CBE33B5-8C73-4C0B-A279-D4707EFB29C0}.Release|x86.ActiveCfg = Release|Win32
		{2CBE33B5-8C73-4C0B-A279-D4707EFB29C0}.Release|x86.Build.0 = Release|Win32
		{F783D004-945F-4FE0-AED8-028505DDF849}.Debug|x64.ActiveCfg = Debug|x64
		{F783D004-945F-4FE0-AED8-028505DDF849}.Debug|x64.Build.0 = Debug|x64
		{F783D004-945F-4FE0-AED8-028505DDF849}.Debug|x86.ActiveCfg = Debug|Win32
		{F783D004-945F-4FE0-AED8-028505DDF849}.Debug|x86.Build.0 = Debug|Win32
		{F783D004-945F-4FE0-AED8-028505DDF849}.Release|x64.ActiveCfg = Release|x64
		{F783D004-945F-4FE0-AED8-028505DDF849}.Release|x64.Build.0 = Release|x64
		{F783D004-945F-4FE0-AED8-028505DDF849}.Release|x86.ActiveCfg = Release|Win32
		{F783D004-945F-4FE0-AED8-028505DDF849}.Release|x86.Build.0 = Release|Win32
		{5FD1F7CB-0ECD-45A6-AAAD-92271E81EE7A}.Debug|x64.ActiveCfg = Debug|x64
		{5FD1F7CB-0ECD-45A6-AAAD-92271E81EE7A}.Debug|x64.Build.0 = Debug|x64
		{5FD1F7CB-0ECD-45A6-AAAD-92271E81EE7A}.Debug|x86.ActiveCfg = Debug|Win32
		{5FD1F7CB-0ECD-45A6-AAAD-92271E81EE7A}.Debug|x86.Build.0 = Debug|Win32
		{5FD1F7CB-0ECD-45A6-AAAD-92271E81EE7A}.Release|x64.ActiveCfg = Release|x64
		{5FD1F7CB-0ECD-45A6-AAAD-92271E81EE7A}.Release|x64.Build.0 = Release|x64
		{5FD1F7CB-0ECD-45A6-AAAD-92271E81EE7A}.Release|x86.ActiveCfg = Release|Win32
		{5FD1F7CB-0ECD-45A6-AAAD-92271E81EE7A}.Release|x86.Build.0 = Release|Win32
		{50EA65EB-77BC-4976-8B3E-6D4D0AC4B39A}.Debug|x64.ActiveCfg = Debug|x64
		{50EA65EB-77BC-4976-8B3E-6D4D0AC4B39A}.Debug|x64.Build.0 = Debug|x64
		{50EA65EB-77BC-4976-8B3E-6D4D0AC4B39A}.Debug|x86.ActiveCfg = Debug|Win32
		{50EA65EB-77BC-4976-8B3E-6D4D0AC4B39A}.Debug|x86.Build.0 = Debug|Win32
		{50EA65EB-77BC-4976-8B3E-6D4D0AC4B39A}.Release|x64.ActiveCfg = Release|x64
		{50EA65EB-77BC-4976-8B3E-6D4D0AC4B39A}.Release|x64.Build.0 = Release|x64
		{50EA65EB-77BC-4976-8B3E-6D4D0AC4B39A}.Release|x86.ActiveCfg = Release|Win32
		{50EA65EB-77BC-4976-8B3E-6D4D0AC4B39A}.Release|x86.Build.0 = Release|Win32
		{215AC3D5-419E-41AB-A4D6-3175C26C5752}.Debug|x64.ActiveCfg = Debug|x64
		{215AC3D5-419E-41AB-A4D6-3175C26C5752}.Debug|x64.Build.0 = Debug|x64
		{215AC3D5-419E-41AB-A4D6-3175C26C5752}.Debug|x86.ActiveCfg = Debug|Win32
		{215AC3D5-419E-41AB-A4D6-3175C26C5752}.Debug|x86.Build.0 = Debug|Win32
		{215AC3D5-419E-41AB-A4D6-3175C26C5752}.Release|x64.ActiveCfg = Release|x64
		{215AC3D5-419E-41AB-A4D6-3175C26C5752}.Release|x64.Build.0 = Release|x64
		{215AC3D5-419E-41AB-A4D6-3175C26C5752}.Release|x86.ActiveCfg = Release|Win32
		{215AC3D5-419E-41AB-A4D6-3175C26C5752}.Release|x86.Build.0 = Release|Win32
		{4D8BD768-69ED-4E0F-A840-C6DD2D952778}.Debug|x64.ActiveCfg = Debug|x64
		{4D8BD768-69ED-4E0F-A840-C6DD2D952778}.Debug|x64.Build.0 = Debug|x64
		{4D8BD768-69ED-4E0F-A840-C6DD2D952778}.Debug|x86.ActiveCfg = Debug|Win32
		{4D8BD768-69ED-4E0F-A840-C6DD2D952778}.Debug|x86.Build.0 = Debug|Win32
		{4D8BD768-69ED-4E0F-A840-C6DD2D952778}.Release|x64.ActiveCfg = Release|x64
		{4D8BD768-69ED-4E0F-A840-C6DD2D952778}.Release|x64.Build.0 = Release|x64
		{4D8BD768-69ED-4E0F-A840-C6DD2D952778}.Release|x86.ActiveCfg = Release|Win32
		{4D8BD768-69ED-4E0F-A840-C6DD2D952778}.Release|x86.Build.0 = Release|Win32
		{10408898-B8F5-47C1-A7ED-E47A017E7A44}.Debug|x64.ActiveCfg = Debug|x64
		{10408898-B8F5-47C1-A7ED-E47A017E7A44}.Debug|x64.Build.0 = Debug|x64
		{10408898-B8F5-47C1-A7ED-E47A017E7A44}.Debug|x86.ActiveCfg = Debug|Win32
		{10408898-B8F5-47C1-A7ED-E47A017E7A44}.Debug|x86.Build.0 = Debug|Win32
		{10408898-B8F5-47C1-A7ED-E47A017E7A44}.Release|x64.ActiveCfg = Release|x64
		{10408898-B8F5-47C1-A7ED-E47A017E7A44}.Release|x64.Build.0 = Release|x64
		{10408898-B8F5-47C1-A7ED-E47A017E7A44}.Release|x86.ActiveCfg = Release|Win32
		{10408898-B8F5-47C1-A7ED-E47A017E7A44}.Release|x86.Build.0 = Release|Win32
		{72A7309A-FCAD-419B-BDB5-F4A19446D0F7}.Debug|x64.ActiveCfg = Debug|x64
		{72A7309A-FCAD-419B-BDB5-F4A19446D0F7}.Debug|x64.Build.0 = Debug|x64
		{72A7309A-FCAD-419B-BDB5-F4A19446D0F7}.Debug|x86.ActiveCfg = Debug|Win32
		{72A7309A-FCAD-419B-BDB5-F4A19446D0F7}.Debug|x86.Build.0 = Debug|Win32
		{72A7309A-FCAD-419B-BDB5-F4A19446D0F7}.Release|x64.ActiveCfg = Release|x64
		{72A7309A-FCAD-419B-BDB5-F4A19446D0F7}.Release|x64.Build.0 = Release|x64
		{72A7309A-FCAD-419B-BDB5-F4A19446D0F7}.Release|x86.ActiveCfg = Release|Win32
		{72A7309A-FCAD-419B-BDB5-F4A19446D0F7}.Release|x86.Build.0 = Release|Win32
		{1E58BC9A-459D-469C-8BA3-511D76EE5AA3}.Debug|x64.ActiveCfg = Debug|x64
		{1E58BC9A-459D-469C-8BA3-511D76EE5AA3}.Debug|x64.Build.0 = Debug|x64
		{1E58BC9A-459D-469C-8BA3-511D76EE5AA3}.Debug|x86.ActiveCfg = Debug|Win32
		{1E58BC9A-459D-469C-8BA3-511D76EE5AA3}.Debug|x86.Build.0 = Debug|Win32
		{1E58BC9A-459D-469C-8BA3-511D76EE5AA3}.Release|x64.ActiveCfg = Release|x64
		{1E58BC9A-459D-469C-8BA3-511D76EE5AA3}.Release|x64.Build.0 = Release|x64
		{1E58BC9A-459D-469C-8BA3-511D76EE5AA3}.Release|x86.ActiveCfg = Release|Win32
		{1E58BC9A-459D-469C-8BA3-511D76EE5AA3}.Release|x86.Build.0 = Release|Win32
		{E22BC651-79E6-453E-B681-D31A5E36D891}.Debug|x64.ActiveCfg = Debug|x64
		{E22BC651-79E6-453E-B681-D31A5E36D891}.Debug|x64.Build.0 = Debug|x64
		{E22BC651-79E6-453E-B681-D31A5E36D891}.Debug|x86.ActiveCfg = Debug|Win32
		{E22BC651-79E6-453E-B681-D31A5E36D891}.Debug|x86.Build.0 = Debug|Win32
		{E22BC651-79E6-453E-B681-D31A5E36D891}.Release|x64.ActiveCfg = Release|x64
		{E22BC651-79E6-453E-B681-D31A5E36D891}.Release|x64.Build.0 = Release|x64
		{E22BC651-79E6-453E-B681-D31A5E36D891}.Release|x86.ActiveCfg = Release|Win32
		{E22BC651-79E6-453E-B681-D31A5E36D891}.Release|x86.Build.0 = Release|Win32
		{24AB658C-B142-46AD-98DF-A91ADBD64F02}.Debug|x64.ActiveCfg = Debug|x64
		{24AB658C-B142-46AD-98DF-A91ADBD64F02}.Debug|x64.Build.0 = Debug|x64
		{24AB658C-B142-46AD-98DF-A91ADBD64F02}.Debug|x86.ActiveCfg = Debug|Win32
		{24AB658C-B142-46AD-98DF-A91ADBD64F02}.Debug|x86.Build.0 = Debug|Win32
		{24AB658C-B142-46AD-98DF-A91ADBD64F02}.Release|x64.ActiveCfg = Release|x64
		{24AB658C-B142-46AD-98DF-A91ADBD64F02}.Release|x64.Build.0 = Release|x64
		{24AB658C-B142-46AD-98DF-A91ADBD64F02}.Release|x86.ActiveCfg = Release|Win32
		{24AB658C-B142-46AD-98DF-A91ADBD64F02}.Release|x86.Build.0 = Release|Win32
		{334347AD-49EB-4764-8C8D-B02147D3661A}.Debug|x64.ActiveCfg = Debug|x64
		{334347AD-49EB-4764-8C8D-B02147D3661A}.Debug|x64.Build.0 = Debug|x64
		{334347AD-49EB-4764-8C8D-B02147D3661A}.Debug|x86.ActiveCfg = Debug|Win32
		{334347AD-49EB-4764-8C8D-B02147D3661A}.Debug|x86.Build.0 = Debug|Win32
		{334347AD-49EB-4764-8C8D-B02147D3661A}.Release|x64.ActiveCfg = Release|x64
		{334347AD-49EB-4764-8C8D-B02147D3661A}.Release|x64.Build.0 = Release|x64
		{334347AD-49EB-4764-8C8D-B02147D3661A}.Release|x86.ActiveCfg = Release|Win32
		{334347AD-49EB-4764-8C8D-B02147D3661A}.Release|x86.Build.0 = Release|Win32
		{B93875D5-F675-4D8C-8811-98765E86C2F6}.Debug|x64.ActiveCfg = Debug|x64
		{B93875D5-F675-4D8C-8811-98765E86C2F6}.Debug|x64.Build.0 = Debug|x64
		{B93875D5-F675-4D8C-8811-98765E86C2F6}.Debug|x86.ActiveCfg = Debug|Win32
		{B93875D5-F675-4D8C-8811-98765E86C2F6}.Debug|x86.Build.0 = Debug|Win32
		{B93875D5-F675-4D8C-8811-98765E86C2F6}.Release|x64.ActiveCfg = Release|x64
		{B93875D5-F675-4D8C-8811-98765E86C2F6}.Release|x64.Build.0 = Release|x64
		{B93875D5-F675-4D8C-8811-98765E86C2F6}.Release|x86.ActiveCfg = Release|Win32
		{B93875D5-F675-4D8C-8811-98765E86C2F6}.Release|x86.Build.0 = Release|Win32
		{03DB0696-8870-41AF-A7D2-8E15D8DD0FEB}.Debug|x64.ActiveCfg = Debug|x64
		{03DB0696-8870-41AF-A7D2-8E15D8DD0FEB}.Debug|x64.Build.0 = Debug|x64
		{03DB0696-8870-41AF-A7D2-8E15D8DD0FEB}.Debug|x86.ActiveCfg = Debug|Win32
		{03DB0696-8870-41AF-A7D2-8E15D8DD0FEB}.Debug|x86.Build.0 = Debug|Win32
		{03DB0696-8870-41AF-A7D2-8E15D8DD0FEB}.Release|x64.ActiveCfg = Release|x64
		{03DB0696-8870-41AF-A7D2-8E15D8DD0FEB}.Release|x64.Build.0 = Release|x64
		{03DB0696-8870-41AF-A7D2-8E15D8DD0FEB}.Release|x86.ActiveCfg = Release|Win32
		{03DB0696-8870-41AF-A7D2-8E15D8DD0FEB}.Release|x86.Build.0 = Release|Win32
		{177656E0-D434-4810-9307-9222520BC59D}.Debug|x64.ActiveCfg = Debug|x64
		{177656E0-D434-4810-9307-9222520BC59D}.Debug|x64.Build.0 = Debug|x64
		{177656E0-D434-4810-9307-9222520BC59D}.Debug|x86.ActiveCfg = Debug|Win32
		{177656E0-D434-4810-9307-9222520BC59D}.Debug|x86.Build.0 = Debug|Win32
		{177656E0-D434-4810-9307-9222520BC59D}.Release|x64.ActiveCfg = Release|x64
		{177656E0-D434-4810-9307-9222520BC59D}.Release|x64.Build.0 = Release|x64
		{177656E0-D434-4810-9307-9222520BC59D}.Release|x86.ActiveCfg = Release|Win32
		{177656E0-D434-4810-9307-9222520BC59D}.Release|x86.Build.0 = Release|Win32
		{40C3A39E-22F2-423A-8AFB-0B19D987E29B}.Debug|x64.ActiveCfg = Debug|x64
		{40C3A39E-22F2-423A-8AFB-0B19D987E29B}.Debug|x64.Build.0 = Debug|x64
		{40C3A39E-22F2-423A-8AFB-0B19D987E29B}.Debug|x86.ActiveCfg = Debug|Win32
		{40C3A39E-22F2-423A-8AFB-0B19D987E29B}.Debug|x86.Build.0 = Debug|Win32
		{40C3A39E-22F2-423A-8AFB-0B19D987E29B}.Release|x64.ActiveCfg = Release|x64
		{40C3A39E-22F2-423A-8AFB-0B19D987E29B}.Release|x64.Build.0 = Release|x64
		{40C3A39E-22F2-423A-8AFB-0B19D987E29B}.Release|x86.ActiveCfg = Release|Win32
		{40C3A39E-22F2-423A-8AFB-0B19D987E29B}.Release|x86.Build.0 = Release|Win32
		{E786D1AC-68D8-4CCC-8581-D49C5A6751A1}.Debug|x64.ActiveCfg = Debug|x64
		{E786D1AC-68D8-4CCC-8581-D49C5A6751A1}.Debug|x64.Build.0 = Debug|x64
		{E786D1AC-68D8-4CCC-8581-D49C5A6751A1}.Debug|x86.ActiveCfg = Debug|Win32
		{E786D1AC-68D8-4CCC-8581-D49C5A6751A1}.Debug|x86.Build.0 = Debug|Win32
		{E786D1AC-68D8-4CCC-8581-D49C5A6751A1}.Release|x64.ActiveCfg = Release|x64
		{E786D1AC-68D8-4CCC-8581-D49C5A6751A1}.Release|x64.Build.0 = Release|x64
		{E786D1AC-68D8-4CCC-8581-D49C5A6751A1}.Release|x86.ActiveCfg = Release|Win32
		{E786D1AC-68D8-4CCC-8581-D49C5A6751A1}.Release|x86.Build.0 = Release|Win32
		{7E2682E7-9435-442A-8745-20650087AF06}.Debug|x64.ActiveCfg = Debug|x64
		{7E2682E7-9435-442A-8745-20650087AF06}.Debug|x64.Build.0 = Debug|x64
		{7E2682E7-9435-442A-8745-20650087AF06}.Debug|x86.ActiveCfg = Debug|Win32
		{7E2682E7-9435-442A-8745-20650087AF06}.Debug|x86.Build.0 = Debug|Win32
		{7E2682E7-9435-442A-8745-20650087AF06}.Release|x64.ActiveCfg = Release|x64
		{7E2682E7-9435-442A-8745-20650087AF06}.Release|x64.Build.0 = Release|x64
		{7E2682E7-9435-442A-8745-20650087AF06}.Release|x86.ActiveCfg = Release|Win32
		{7E2682E7-9435-442A-8745-20650087AF06}.Release|x86.Build.0 = Release|Win32
		{E357EF55-2445-44D7-9016-76456CCD645B}.Debug|x64.ActiveCfg = Debug|x64
		{E357EF55-2445-44D7-9016-76456CCD645B}.Debug|x64.Build.0 = Debug|x64
		{E357EF55-2445-44D7-9016-76456CCD645B}.Debug|x86.ActiveCfg = Debug|Win32
		{E357EF55-2445-44D7-9016-76456CCD645B}.Debug|x86.Build.0 = Debug|Win32
		{E357EF55-2445-44D7-9016-76456CCD645B}.Release|x64.ActiveCfg = Release|x64
		{E357EF55-2445-44D7-9016-76456CCD645B}.Release|x64.Build.0 = Release|x64
		{E357EF55-2445-44D7-9016-76456CCD645B}.Release|x86.ActiveCfg = Release|Win32
		{E357EF55-2445-44D7-9016-76456CCD645B}.Release|x86.Build.0 = Release|Win32
		{BDA5BB32-D109-4E60-8650-A3989D4D6370}.Debug|x64.ActiveCfg = Debug|x64
		{BDA5BB32-D109-4E60-8650-A3989D4D6370}.Debug|x64.Build.0 = Debug|x64
		{BDA5BB32-D109-4E60-8650-A3989D4D6370}.Debug|x86.ActiveCfg = Debug|Win32
		{BDA5BB32-D109-4E60-8650-A3989D4D6370}.Debug|x86.Build.0 = Debug|Win32
		{BDA5BB32-D109-4E60-8650-A3989D4D6370}.Release|x64.ActiveCfg = Release|x64
		{BDA5BB32-D109-4E60-8650-A3989D4D6370}.Release|x64.Build.0 = Release|x64
		{BDA5BB32-D109-4E60-8650-A3989D4D6370}.Release|x86.ActiveCfg = Release|Win32
		{BDA5BB32-D109-4E60-8650-A3989D4D6370}.Release|x86.Build.0 = Release|Win32
		{F9E546B9-E59D-4E3B-AB32-35BFF1871D76}.Debug|x64.ActiveCfg = Debug|x64
		{F9E546B9-E59D-4E3B-AB32-35BFF1871D76}.Debug|x64.Build.0 = Debug|x64
		{F9E546B9-E59D-4E3B-AB32-35BFF1871D76}.Debug|x86.ActiveCfg = Debug|Win32
		{F9E546B9-E59D-4E3B-AB32-35BFF1871D76}.Debug|x86.Build.0 = Debug|Win32
		{F9E546B9-E59D-4E3B-AB32-35BFF1871D76}.Release|x64.ActiveCfg = Release|x64
		{F9E546B9-E59D-4E3B-AB32-35BFF1871D76}.Release|x64.Build.0 = Release|x64
		{F9E546B9-E59D-4E3B-AB32-35BFF1871D76}.Release|x86.ActiveCfg = Release|Win32
		{F9E546B9-E59D-4E3B-AB32-35BFF1871D76}.Release|x86.Build.0 = Release|Win32
		{507F9EF8-352B-47EB-BC0F-3CF4CCAA15AA}.Debug|x64.ActiveCfg = Debug|x64
		{507F9EF8-352B-47EB-BC0F-3CF4CCAA15AA}.Debug|x64.Build.0 = Debug|x64
		{507F9EF8-352B-47EB-BC0F-3CF4CCAA15AA}.Debug|x86.ActiveCfg = Debug|Win32
		{507F9EF8-352B-47EB-BC0F-3CF4CCAA15AA}.Debug|x86.Build.0 = Debug|Win32
		{507F9EF8-352B-47EB-BC0F-3CF4CCAA15AA}.Release|x64.ActiveCfg = Release|x64
		{507F9EF8-352B-47EB-BC0F-3CF4CCAA15AA}.Release|x64.Build.0 = Release|x64
		{507F9EF8-352B-47EB-BC0F-3CF4CCAA15AA}.Release|x86.ActiveCfg = Release|Win32
		{507F9EF8-352B-47EB-BC0F-3CF4CCAA15AA}.Release|x86.Build.0 = Release|Win32
		{ADA2AA68-2687-4CFD-9F72-927792E0E337}.Debug|x64.ActiveCfg = Debug|x64
		{ADA2AA68-2687-4CFD-9F72-927792E0E337}.Debug|x64.Build.0 = Debug|x64
		{ADA2AA68-2687-4CFD-9F72-927792E0E337}.Debug|x86.ActiveCfg = Debug|Win32
		{ADA2AA68-2687-4CFD-9F72-927792E0E337}.Debug|x86.Build.0 = Debug|Win32
		{ADA2AA68-2687-4CFD-9F72-927792E0E337}.Release|x64.ActiveCfg = Release|x64
		{ADA2AA68-2687-4CFD-9F72-927792E0E337}.Release|x64.Build.0 = Release|x64
		{ADA2AA68-2687-4CFD-9F72-927792E0E337}.Release|x86.ActiveCfg = Release|Win32
		{ADA2AA68-2687-4CFD-9F72-927792E0E337}.Release|x86.Build.0 = Release|Win32
		{9119E77D-4B53-4BEA-94D3-F5338526512F}.Debug|x64.ActiveCfg = Debug|x64
		{9119E77D-4B53-4BEA-94D3-F5338526512F}.Debug|x64.Build.0 = Debug|x64
		{9119E77D-4B53-4BEA-94D3-F5338526512F}.Debug|x86.ActiveCfg = Debug|Win32
		{9119E77D-4B53-4BEA-94D3-F5338526512F}.Debug|x86.Build.0 = Debug|Win32
		{9119E77D-4B53-4BEA-94D3-F5338526512F}.Release|x64.ActiveCfg = Release|x64
		{9119E77D-4B53-4BEA-94D3-F5338526512F}.Release|x64.Build.0 = Release|x64
		{9119E77D-4B53-4BEA-94D3-F5338526512F}.Release|x86.ActiveCfg = Release|Win32
		{9119E77D-4B53-4BEA-94D3-F5338526512F}.Release|x86.Build.0 = Release|Win32
		{608B8376-BEB1-45D5-96FD-ACCA87AD66C4}.Debug|x64.ActiveCfg = Debug|x64
		{608B8376-BEB1-45D5-96FD-ACCA87AD66C4}.Debug|x64.Build.0 = Debug|x64
		{608B8376-BEB1-45D5-96FD-ACCA87AD66C4}.Debug|x86.ActiveCfg = Debug|Win32
		{608B8376-BEB1-45D5-96FD-ACCA87AD66C4}.Debug|x86.Build.0 = Debug|Win32
		{608B8376-BEB1-45D5-96FD-ACCA87AD66C4}.Release|x64.ActiveCfg = Release|x64
		{608B8376-BEB1-45D5-96FD-ACCA87AD66C4}.Release|x64.Build.0 = Release|x64
		{608B8376-BEB1-45D5-96FD-ACCA87AD66C4}.Release|x86.ActiveCfg = Release|Win32
		{608B8376-BEB1-45D5-96FD-ACCA87AD66C4}.Release|x86.Build.0 = Release|Win32
		{3DEA5955-BEE1-4A50-AF2E-E7D23C12A94A}.Debug|x64.ActiveCfg = Debug|x64
		{3DEA5955-BEE1-4A50-AF2E-E7D23C12A94A}.Debug|x64.Build.0 = Debug|x64
		{3DEA5955-BEE1-4A50-AF2E-E7D23C12A94A}.Debug|x86.ActiveCfg = Debug|Win32
		{3DEA5955-BEE1-4A50-AF2E-E7D23C12A94A}.Debug|x86.Build.0 = Debug|Win32
		{3DEA5955-BEE1-4A50-AF2E-E7D23C12A94A}.Release|x64.ActiveCfg = Release|x64
		{3DEA5955-BEE1-4A50-AF2E-E7D23C12A94A}.Release|x64.Build.0 = Release|x64
		{3DEA5955-BEE1-4A50-AF2E-E7D23C12A94A}.Release|x86.ActiveCfg = Release|Win32
		{3DEA5955-BEE1-4A50-AF2E-E7D23C12A94A}.Release|x86.Build.0 = Release|Win32
		{D48AFA6D-91DA-4B48-A3D9-30B36CC48E3D}.Debug|x64.ActiveCfg = Debug|x64
		{D48AFA6D-91DA-4B48-A3D9-30B36CC48E3D}.Debug|x64.Build.0 = Debug|x64
		{D48AFA6D-91DA-4B48-A3D9-30B36CC48E3D}.Debug|x86.ActiveCfg = Debug|Win32
		{D48AFA6D-91DA-4B48-A3D9-30B36CC48E3D}.Debug|x86.Build.0 = Debug|Win32
		{D48AFA6D-91DA-4B48-A3D9-30B36CC48E3D}.Release|x64.ActiveCfg = Release|x64
		{D48AFA6D-91DA-4B48-A3D9-30B36CC48E3D}.Release|x64.Build.0 = Release|x64
		{D48AFA6D-91DA-4B48-A3D9-30B36CC48E3D}.Release|x86.ActiveCfg = Release|Win32
		{D48AFA6D-91DA-4B48-A3D9-30B36CC48E3D}.Release|x86.Build.0 = Release|Win32
		{BDB1A85D-E60A-4A66-99EE-6211D495700C}.Debug|x64.ActiveCfg = Debug|x64
		{BDB1A85D-E60A-4A66-99EE-6211D495700C}.Debug|x64.Build.0 = Debug|x64
		{BDB1A85D-E60A-4A66-99EE-6211D495700C}.Debug|x86.ActiveCfg = Debug|Win32
		{BDB1A85D-E60A-4A66-99EE-6211D495700C}.Debug|x86.Build.0 = Debug|Win32
		{BDB1A85D-E60A-4A66-99EE-6211D495700C}.Release|x64.ActiveCfg = Release|x64
		{BDB1A85D-E60A-4A66-99EE-6211D495700C}.Release|x64.Build.0 = Release|x64
		{BDB1A85D-E60A-4A66-99EE-6211D495700C}.Release|x86.ActiveCfg = Release|Win32
		{BDB1A85D-E60A-4A66-99EE-6211D495700C}.Release|x86.Build.0 = Release|Win32
		{826DA469-70C1-4075-9C66-3C9E4DFB2104}.Debug|x64.ActiveCfg = Debug|x64
		{826DA469-70C1-4075-9C66-3C9E4DFB2104}.Debug|x64.Build.0 = Debug|x64
		{826DA469-70C1-4075-9C66-3C9E4DFB2104}.Debug|x86.ActiveCfg = Debug|Win32
		{826DA469-70C1-4075-9C66-3C9E4DFB2104}.Debug|x86.Build.0 = Debug|Win32
		{826DA469-70C1-4075-9C66-3C9E4DFB2104}.Release|x64.ActiveCfg = Release|x64
		{826DA469-70C1-4075-9C66-3C9E4DFB2104}.Release|x64.Build.0 = Release|x64
		{826DA469-70C1-4075-9C66-3C9E4DFB2104}.Release|x86.ActiveCfg = Release|Win32
		{826DA469-70C1-4075-9C66-3C9E4DFB2104}.Release|x86.Build.0 = Release|Win32
		{A369AD90-CCEC-46F4-BF6C-762FB6EABA93}.Debug|x64.ActiveCfg = Debug|x64
		{A369AD90-CCEC-46F4-BF6C-762FB6EABA93}.Debug|x64.Build.0 = Debug|x64
		{A369AD90-CCEC-46F4-BF6C-762FB6EABA93}.Debug|x86.ActiveCfg = Debug|Win32
		{A369AD90-CCEC-46F4-BF6C-762FB6EABA93}.Debug|x86.Build.0 = Debug|Win32
		{A369AD90-CCEC-46F4-BF6C-762FB6EABA93}.Release|x64.ActiveCfg = Release|x64
		{A369AD90-CCEC-46F4-BF6C-762FB6EABA93}.Release|x64.Build.0 = Release|x64
		{A369AD90-CCEC-46F4-BF6C-762FB6EABA93}.Release|x86.ActiveCfg = Release|Win32
		{A369AD90-CCEC-46F4-BF6C-762FB6EABA93}.Release|x86.Build.0 = Release|Win32
		{C5671A45-A3D0-42DA-8E73-EF7596FC9033}.Debug|x64.ActiveCfg = Debug|x64
		{C5671A45-A3D0-42DA-8E73-EF7596FC9033}.Debug|x64.Build.0 = Debug|x64
		{C5671A45-A3D0-42DA-8E73-EF7596FC9033}.Debug|x86.ActiveCfg = Debug|Win32
		{C5671A45-A3D0-42DA-8E73-EF7596FC9033}.Debug|x86.Build.0 = Debug|Win32
		{C5671A45-A3D0-42DA-8E73-EF7596FC9033}.Release|x64.ActiveCfg = Release|x64
		{C5671A45-A3D0-42DA-8E73-EF7596FC9033}.Release|x64.Build.0 = Release|x64
		{C5671A45-A3D0-42DA-8E73-EF7596FC9033}.Release|x86.ActiveCfg = Release|Win32
		{C5671A45-A3D0-42DA-8E73-EF7596FC9033}.Release|x86.Build.0 = Release|Win32
		{7E08A08D-876F-48D2-A2AD-E0CD8364A98D}.Debug|x64.ActiveCfg = Debug|x64
		{7E08A08D-876F-48D2-A2AD-E0CD8364A98D}.Debug|x64.Build.0 = Debug|x64
		{7E08A08D-876F-48D2-A2AD-E0CD8364A98D}.Debug|x86.ActiveCfg = Debug|Win32
		{7E08A08D-876F-48D2-A2AD-E0CD8364A98D}.Debug|x86.Build.0 = Debug|Win32
		{7E08A08D-876F-48D2-A2AD-E0CD8364A98D}.Release|x64.ActiveCfg = Release|x64
		{7E08A08D-876F-48D2-A2AD-E0CD8364A98D}.Release|x64.Build.0 = Release|x64
		{7E08A08D-876F-48D2-A2AD-E0CD8364A98D}.Release|x86.ActiveCfg = Release|Win32
		{7E08A08D-876F-48D2-A2AD-E0CD8364A98D}.Release|x86.Build.0 = Release|Win32
		{39639B5D-64AF-4987-950B-694D1CA1D9A1}.Debug|x64.ActiveCfg = Debug|x64
		{39639B5D-64AF-4987-950B-694D1CA1D9A1}.Debug|x64.Build.0 = Debug|x64
		{39639B5D-64AF-4987-950B-694D1CA1D9A1}.Debug|x86.ActiveCfg = Debug|Win32
		{39639B5D-64AF-4987-950B-694D1CA1D9A1}.Debug|x86.Build.0 = Debug|Win32
		{39639B5D-64AF-4987-950B-694D1CA1D9A1}.Release|x64.ActiveCfg = Release|x64
		{39639B5D-64AF-4987-950B-694D1CA1D9A1}.Release|x64.Build.0 = Release|x64
		{39639B5D-64AF-4987-950B-694D1CA1D9A1}.Release|x86.ActiveCfg = Release|Win32
		{39639B5D-64AF-4987-950B-694D1CA1D9A1}.Release|x86.Build.0 = Release|Win32
		{EE818D2C-32BB-4661-8A26-8F36586CFD98}.Debug|x64.ActiveCfg = Debug|x64
		{EE818D2C-32BB-4661-8A26-8F36586CFD98}.Debug|x64.Build.0 = Debug|x64
		{EE818D2C-32BB-4661-8A26-8F36586CFD98}.Debug|x86.ActiveCfg = Debug|Win32
		{EE818D2C-32BB-4661-8A26-8F36586CFD98}.Debug|x86.Build.0 = Debug|Win32
		{EE818D2C-32BB-4661-8A26-8F36586CFD98}.Release|x64.ActiveCfg = Release|x64
		{EE818D2C-32BB-4661-8A26-8F36586CFD98}.Release|x64.Build.0 = Release|x64
		{EE818D2C-32BB-4661-8A26-8F36586CFD98}.Release|x86.ActiveCfg = Release|Win32
		{EE818D2C-32BB-4661-8A26-8F36586CFD98}.Release|x86.Build.0 = Release|Win32
		{315BE87D-DBAA-4253-A42B-03D7DD4F58A0}.Debug|x64.ActiveCfg = Debug|x64
		{315BE87D-DBAA-4253-A42B-03D7DD4F58A0}.Debug|x64.Build.0 = Debug|x64
		{315BE87D-DBAA-4253-A42B-03D7DD4F58A0}.Debug|x86.ActiveCfg = Debug|Win32
		{315BE87D-DBAA-4253-A42B-03D7DD4F58A0}.Debug|x86.Build.0 = Debug|Win32
		{315BE87D-DBAA-4253-A42B-03D7DD4F58A0}.Release|x64.ActiveCfg = Release|x64
		{315BE87D-DBAA-4253-A42B-03D7DD4F58A0}.Release|x64.Build.0 = Release|x64
		{315BE87D-DBAA-4253-A42B-03D7DD4F58A0}.Release|x86.ActiveCfg = Release|Win32
		{315BE87D-DBAA-4253-A42B-03D7DD4F58A0}.Release|x86.Build.0 = Release|Win32
		{6FB6F545-C45C-4242-85D6-FBFB062EF070}.Debug|x64.ActiveCfg = Debug|x64
		{6FB6F545-C45C-4242-85D6-FBFB062EF070}.Debug|x64.Build.0 = Debug|x64
		{6FB6F545-C45C-4242-85D6-FBFB062EF070}.Debug|x86.ActiveCfg = Debug|Win32
		{6FB6F545-C45C-4242-85D6-FBFB062EF070}.Debug|x86.Build.0 = Debug|Win32
		{6FB6F545-C45C-4242-85D6-FBFB062EF070}.Release|x64.ActiveCfg = Release|x64
		{6FB6F545-C45C-4242-85D6-FBFB062EF070}.Release|x64.Build.0 = Release|x64
		{6FB6F545-C45C-4242-85D6-FBFB062EF070}.Release|x86.ActiveCfg = Release|Win32
		{6FB6F545-C45C-4242-85D6-FBFB062EF070}.Release|x86.Build.0 = Release|Win32
		{71AD8161-D11D-4007-94C8-8DE2FEEEB3A2}.Debug|x64.ActiveCfg = Debug|x64
		{71AD8161-D11D-4007-94C8-8DE2FEEEB3A2}.Debug|x64.Build.0 = Debug|x64
		{71AD8161-D11D-4007-94C8-8DE2FEEEB3A2}.Debug|x86.ActiveCfg = Debug|Win32
		{71AD8161-D11D-4007-94C8-8DE2FEEEB3A2}.Debug|x86.Build.0 = Debug|Win32
		{71AD8161-D11D-4007-94C8-8DE2FEEEB3A2}.Release|x64.ActiveCfg = Release|x64
		{71AD8161-D11D-4007-94C8-8DE2FEEEB3A2}.Release|x64.Build.0 = Release|x64
		{71AD8161-D11D-4007-94C8-8DE2FEEEB3A2}.Release|x86.ActiveCfg = Release|Win32
		{71AD8161-D11D-4007-94C8-8DE2FEEEB3A2}.Release|x86.Build.0 = Release|Win32
		{11CF73A4-E5E5-48A5-AC90-D18047A992B7}.Debug|x64.ActiveCfg = Debug|x64
		{11CF73A4-E5E5-48A5-AC90-D18047A992B7}.Debug|x64.Build.0 = Debug|x64
		{11CF73A4-E5E5-48A5-AC90-D18047A992B7}.Debug|x86.ActiveCfg = Debug|Win32
		{11CF73A4-E5E5-48A5-AC90-D18047A992B7}.Debug|x86.Build.0 = Debug|Win32
		{11CF73A4-E5E5-48A5-AC90-D18047A992B7}.Release|x64.ActiveCfg = Release|x64
		{11CF73A4-E5E5-48A5-AC90-D18047A992B7}.Release|x64.Build.0 = Release|x64
		{11CF73A4-E5E5-48A5-AC90-D18047A992B7}.Release|x86.ActiveCfg = Release|Win32
		{11CF73A4-E5E5-48A5-AC90-D18047A992B7}.Release|x86.Build.0 = Release|Win32
		{32C51B63-8879-4D18-BD2F-FC45E2BAB3DA}.Debug|x64.ActiveCfg = Debug|x64
		{32C51B63-8879-4D18-BD2F-FC45E2BAB3DA}.Debug|x64.Build.0 = Debug|x64
		{32C51B63-8879-4D18-BD2F-FC45E2BAB3DA}.Debug|x86.ActiveCfg = Debug|Win32
		{32C51B63-8879-4D18-BD2F-FC45E2BAB3DA}.Debug|x86.Build.0 = Debug|Win32
		{32C51B63-8879-4D18-BD2F-FC45E2BAB3DA}.Release|x64.ActiveCfg = Release|x64
		{32C51B63-8879-4D18-BD2F-FC45E2BAB3DA}.Release|x64.Build.0 = Release|x64
		{32C51B63-8879-4D18-BD2F-FC45E2BAB3DA}.Release|x86.ActiveCfg = Release|Win32
		{32C51B63-8879-4D18-BD2F-FC45E2BAB3DA}.Release|x86.Build.0 = Release|Win32
		{5247D761-CEE4-4483-B98A-B14E8A1C8D8B}.Debug|x64.ActiveCfg = Debug|x64
		{5247D761-CEE4-4483-B98A-B14E8A1C8D8B}.Debug|x64.Build.0 = Debug|x64
		{5247D761-CEE4-4483-B98A-B14E8A1C8D8B}.Debug|x86.ActiveCfg = Debug|Win32
		{5247D761-CEE4-4483-B98A-B14E8A1C8D8B}.Debug|x86.Build.0 = Debug|Win32
		{5247D761-CEE4-4483-B98A-B14E8A1C8D8B}.Release|x64.ActiveCfg = Release|x64
		{5247D761-CEE4-4483-B98A-B14E8A1C8D8B}.Release|x64.Build.0 = Release|x64
		{5247D761-CEE4-4483-B98A-B14E8A1C8D8B}.Release|x86.ActiveCfg = Release|Win32
		{5247D761-CEE4-4483-B98A-B14E8A1C8D8B}.Release|x86.Build.0 = Release|Win32
		{10D55167-8C71-4381-9D3C-183AF746E483}.Debug|x64.ActiveCfg = Debug|x64
		{10D55167-8C71-4381-9D3C-183AF746E483}.Debug|x64.Build.0 = Debug|x64
		{10D55167-8C71-4381-9D3C-183AF746E483}.Debug|x86.ActiveCfg = Debug|Win32
		{10D55167-8C71-4381-9D3C-183AF746E483}.Debug|x86.Build.0 = Debug|Win32
		{10D55167-8C71-4381-9D3C-183AF746E483}.Release|x64.ActiveCfg = Release|x64
		{10D55167-8C71-4381-9D3C-183AF746E483}.Release|x64.Build.0 = Release|x64
		{10D55167-8C71-4381-9D3C-183AF746E483}.Release|x86.ActiveCfg = Release|Win32
		{10D55167-8C71-4381-9D3C-183AF746E483}.Release|x86.Build.0 = Release|Win32
		{E9EDEB3D-2CE9-430E-802F-F117A117BBAE}.Debug|x64.ActiveCfg = Debug|x64
		{E9EDEB3D-2CE9-430E-802F-F117A117BBAE}.Debug|x64.Build.0 = Debug|x64
		{E9EDEB3D-2CE9-430E-802F-F117A117BBAE}.Debug|x86.ActiveCfg = Debug|Win32
		{E9EDEB3D-2CE9-430E-802F-F117A117BBAE}.Debug|x86.Build.0 = Debug|Win32
		{E9EDEB3D-2CE9-430E-802F-F117A117BBAE}.Release|x64.ActiveCfg = Release|x64
		{E9EDEB3D-2CE9-430E-802F-F117A117BBAE}.Release|x64.Build.0 = Release|x64
		{E9EDEB3D-2CE9-430E-802F-F117A117BBAE}.Release|x86.ActiveCfg = Release|Win32
		{E9EDEB3D-2CE9-430E-802F-F117A117BBAE}.Release|x86.Build.0 = Release|Win32
		{BBA8193C-5D98-4E68-8915-61EDF1393D85}.Debug|x64.ActiveCfg = Debug|x64
		{BBA8193C-5D98-4E68-8915-61EDF1393D85}.Debug|x64.Build.0 = Debug|x64
		{BBA8193C-5D98-4E68-8915-61EDF1393D85}.Debug|x86.ActiveCfg = Debug|Win32
		{BBA8193C-5D98-4E68-8915-61EDF1393D85}.Debug|x86.Build.0 = Debug|Win32
		{BBA8193C-5D98-4E68-8915-61EDF1393D85}.Release|x64.ActiveCfg = Release|x64
		{BBA8193C-5D98-4E68-8915-61EDF1393D85}.Release|x64.Build.0 = Release|x64
		{BBA8193C-5D98-4E68-8915-61EDF1393D85}.Release|x86.ActiveCfg = Release|Win32
		{BBA8193C-5D98-4E68-8915-61EDF1393D85}.Release|x86.Build.0 = Release|Win32
		{80BD1AB4-DB01-4D02-A3E7-789C406B4838}.Debug|x64.ActiveCfg = Debug|x64
		{80BD1AB4-DB01-4D02-A3E7-789C406B4838}.Debug|x64.Build.0 = Debug|x64
		{80BD1AB4-DB01-4D02-A3E7-789C406B4838}.Debug|x86.ActiveCfg = Debug|Win32
		{80BD1AB4-DB01-4D02-A3E7-789C406B4838}.Debug|x86.Build.0 = Debug|Win32
		{80BD1AB4-DB01-4D02-A3E7-789C406B4838}.Release|x64.ActiveCfg = Release|x64
		{80BD1AB4-DB01-4D02-A3E7-789C406B4838}.Release|x64.Build.0 = Release|x64
		{80BD1AB4-DB01-4D02-A3E7-789C406B4838}.Release|x86.ActiveCfg = Release|Win32
		{80BD1AB4-DB01-4D02-A3E7-789C406B4838}.Release|x86.Build.0 = Release|Win32
		{9A171C19-D7D5-4C5F-877C-7CD9268416AD}.Debug|x64.ActiveCfg = Debug|x64
		{9A171C19-D7D5-4C5F-877C-7CD9268416AD}.Debug|x64.Build.0 = Debug|x64
		{9A171C19-D7D5-4C5F-877C-7CD9268416AD}.Debug|x86.ActiveCfg = Debug|Win32
		{9A171C19-D7D5-4C5F-877C-7CD9268416AD}.Debug|x86.Build.0 = Debug|Win32
		{9A171C19-D7D5-4C5F-877C-7CD9268416AD}.Release|x64.ActiveCfg = Release|x64
		{9A171C19-D7D5-4C5F-877C-7CD9268416AD}.Release|x64.Build.0 = Release|x64
		{9A171C19-D7D5-4C5F-877C-7CD9268416AD}.Release|x86.ActiveCfg = Release|Win32
		{9A171C19-D7D5-4C5F-877C-7CD9268416AD}.Release|x86.Build.0 = Release|Win32
		{F2F64A60-3032-4766-920C-E4CD0F2C6E36}.Debug|x64.ActiveCfg = Debug|x64
		{F2F64A60-3032-4766-920C-E4CD0F2C6E36}.Debug|x64.Build.0 = Debug|x64
		{F2F64A60-3032-4766-920C-E4CD0F2C6E36}.Debug|x86.ActiveCfg = Debug|Win32
		{F2F64A60-3032-4766-920C-E4CD0F2C6E36}.Debug|x86.Build.0 = Debug|Win32
		{F2F64A60-3032-4766-920C-E4CD0F2C6E36}.Release|x64.ActiveCfg = Release|x64
		{F2F64A60-3032-4766-920C-E4CD0F2C6E36}.Release|x64.Build.0 = Release|x64
		{F2F64A60-3032-4766-920C-E4CD0F2C6E36}.Release|x86.ActiveCfg = Release|Win32
		{F2F64A60-3032-4766-920C-E4CD0F2C6E36}.Release|x86.Build.0 = Release|Win32
		{62114310-5026-4D7E-9A48-7EBDA2DBFD2F}.Debug|x64.ActiveCfg = Debug|x64
		{62114310-5026-4D7E-9A48-7EBDA2DBFD2F}.Debug|x64.Build.0 = Debug|x64
		{62114310-5026-4D7E-9A48-7EBDA2DBFD2F}.Debug|x86.ActiveCfg = Debug|Win32
		{62114310-5026-4D7E-9A48-7EBDA2DBFD2F}.Debug|x86.Build.0 = Debug|Win32
		{62114310-5026-4D7E-9A48-7EBDA2DBFD2F}.Release|x64.ActiveCfg = Release|x64
		{62114310-5026-4D7E-9A48-7EBDA2DBFD2F}.Release|x64.Build.0 = Release|x64
		{62114310-5026-4D7E-9A48-7EBDA2DBFD2F}.Release|x86.ActiveCfg = Release|Win32
		{62114310-5026-4D7E-9A48-7EBDA2DBFD2F}.Release|x86.Build.0 = Release|Win32
		{DDACE405-AD02-4956-84E7-A10283BCF46F}.Debug|x64.ActiveCfg = Debug|x64
		{DDACE405-AD02-4956-84E7-A10283BCF46F}.Debug|x64.Build.0 = Debug|x64
		{DDACE405-AD02-4956-84E7-A10283BCF46F}.Debug|x86.ActiveCfg = Debug|Win32
		{DDACE405-AD02-4956-84E7-A10283BCF46F}.Debug|x86.Build.0 = Debug|Win32
		{DDACE405-AD02-4956-84E7-A10283BCF46F}.Release|x64.ActiveCfg = Release|x64
		{DDACE405-AD02-4956-84E7-A10283BCF46F}.Release|x64.Build.0 = Release|x64
		{DDACE405-AD02-4956-84E7-A10283BCF46F}.Release|x86.ActiveCfg = Release|Win32
		{DDACE405-AD02-4956-84E7-A10283BCF46F}.Release|x86.Build.0 = Release|Win32
		{99DD7493-9123-460E-A9F5-CBC0E32540FC}.Debug|x64.ActiveCfg = Debug|x64
		{99DD7493-9123-460E-A9F5-CBC0E32540FC}.Debug|x64.Build.0 = Debug|x64
		{99DD7493-9123-460E-A9F5-CBC0E32540FC}.Debug|x86.ActiveCfg = Debug|Win32
		{99DD7493-9123-460E-A9F5-CBC0E32540FC}.Debug|x86.Build.0 = Debug|Win32
		{99DD7493-9123-460E-A9F5-CBC0E32540FC}.Release|x64.ActiveCfg = Release|x64
		{99DD7493-9123-460E-A9F5-CBC0E32540FC}.Release|x64.Build.0 = Release|x64
		{99DD7493-9123-460E-A9F5-CBC0E32540FC}.Release|x86.ActiveCfg = Release|Win32
		{99DD7493-9123-460E-A9F5-CBC0E32540FC}.Release|x86.Build.0 = Release|Win32
		{CFD805EB-F571-4F61-A25A-BCE0EBC43D2C}.Debug|x64.ActiveCfg = Debug|x64
		{CFD805EB-F571-4F61-A25A-BCE0EBC43D2C}.Debug|x64.Build.0 = Debug|x64
		{CFD805EB-F571-4F61-A25A-BCE0EBC43D2C}.Debug|x86.ActiveCfg = Debug|Win32
		{CFD805EB-F571-4F61-A25A-BCE0EBC43D2C}.Debug|x86.Build.0 = Debug|Win32
		{CFD805EB-F571-4F61-A25A-BCE0EBC43D2C}.Release|x64.ActiveCfg = Release|x64
		{CFD805EB-F571-4F61-A25A-BCE0EBC43D2C}.Release|x64.Build.0 = Release|x64
		{CFD805EB-F571-4F61-A25A-BCE0EBC43D2C}.Release|x86.ActiveCfg = Release|Win32
		{CFD805EB-F571-4F61-A25A-BCE0EBC43D2C}.Release|x86.Build.0 = Release|Win32
		{892D1276-E4F9-42B8-90FB-4045E63010BC}.Debug|x64.ActiveCfg = Debug|x64
		{892D1276-E4F9-42B8-90FB-4045E63010BC}.Debug|x64.Build.0 = Debug|x64
		{892D1276-E4F9-42B8-90FB-4045E63010BC}.Debug|x86.ActiveCfg = Debug|Win32
		{892D1276-E4F9-42B8-90FB-4045E63010BC}.Debug|x86.Build.0 = Debug|Win32
		{892D1276-E4F9-42B8-90FB-4045E63010BC}.Release|x64.ActiveCfg = Release|x64
		{892D1276-E4F9-42B8-90FB-4045E63010BC}.Release|x64.Build.0 = Release|x64
		{892D1276-E4F9-42B8-90FB-4045E63010BC}.Release|x86.ActiveCfg = Release|Win32
		{892D1276-E4F9-42B8-90FB-4045E63010BC}.Release|x86.Build.0 = Release|Win32
		{E12369A3-9761-4124-9FB1-9DC5B099808C}.Debug|x64.ActiveCfg = Debug|x64
		{E12369A3-9761-4124-9FB1-9DC5B099808C}.Debug|x64.Build.0 = Debug|x64
		{E12369A3-9761-4124-9FB1-9DC5B099808C}.Debug|x86.ActiveCfg = Debug|Win32
		{E12369A3-9761-4124-9FB1-9DC5B099808C}.Debug|x86.Build.0 = Debug|Win32
		{E12369A3-9761-4124-9FB1-9DC5B099808C}.Release|x64.ActiveCfg = Release|x64
		{E12369A3-9761-4124-9FB1-9DC5B099808C}.Release|x64.Build.0 = Release|x64
		{E12369A3-9761-4124-9FB1-9DC5B099808C}.Release|x86.ActiveCfg = Release|Win32
		{E12369A3-9761-4124-9FB1-9DC5B099808C}.Release|x86.Build.0 = Release|Win32
		{25548353-9CE9-4FFE-919D-B75F3E868472}.Debug|x64.ActiveCfg = Debug|x64
		{25548353-9CE9-4FFE-919D-B75F3E868472}.Debug|x64.Build.0 = Debug|x64
		{25548353-9CE9-4FFE-919D-B75F3E868472}.Debug|x86.ActiveCfg = Debug|Win32
		{25548353-9CE9-4FFE-919D-B75F3E868472}.Debug|x86.Build.0 = Debug|Win32
		{25548353-9CE9-4FFE-919D-B75F3E868472}.Release|x64.ActiveCfg = Release|x64
		{25548353-9CE9-4FFE-919D-B75F3E868472}.Release|x64.Build.0 = Release|x64
		{25548353-9CE9-4FFE-919D-B75F3E868472}.Release|x86.ActiveCfg = Release|Win32
		{25548353-9CE9-4FFE-919D-B75F3E868472}.Release|x86.Build.0 = Release|Win32
		{CE9B50D8-53CD-448A-A47A-B8BFA04D0C8A}.Debug|x64.ActiveCfg = Debug|x64
		{CE9B50D8-53CD-448A-A47A-B8BFA04D0C8A}.Debug|x64.Build.0 = Debug|x64
		{CE9B50D8-53CD-448A-A47A-B8BFA04D0C8A}.Debug|x86.ActiveCfg = Debug|Win32
		{CE9B50D8-53CD-448A-A47A-B8BFA04D0C8A}.Debug|x86.Build.0 = Debug|Win32
		{CE9B50D8-53CD-448A-A47A-B8BFA04D0C8A}.Release|x64.ActiveCfg = Release|x64
		{CE9B50D8-53CD-448A-A47A-B8BFA04D0C8A}.Release|x64.Build.0 = Release|x64
		{CE9B50D8-53CD-448A-A47A-B8BFA04D0C8A}.Release|x86.ActiveCfg = Release|Win32
		{CE9B50D8-53CD-448A-A47A-B8BFA04D0C8A}.Release|x86.Build.0 = Release|Win32
		{8938BBCA-A864-4EEF-9645-5A897271FD8A}.Debug|x64.ActiveCfg = Debug|x64
		{8938BBCA-A864-4EEF-9645-5A897271FD8A}.Debug|x64.Build.0 = Debug|x64
		{8938BBCA-A864-4EEF-9645-5A897271FD8A}.Debug|x86.ActiveCfg = Debug|Win32
		{8938BBCA-A864-4EEF-9645-5A897271FD8A}.Debug|x86.Build.0 = Debug|Win32
		{8938BBCA-A864-4EEF-9645-5A897271FD8A}.Release|x64.ActiveCfg = Release|x64
		{8938BBCA-A864-4EEF-9645-5A897271FD8A}.Release|x64.Build.0 = Release|x64
		{8938BBCA-A864-4EEF-9645-5A897271FD8A}.Release|x86.ActiveCfg = Release|Win32
		{8938BBCA-A864-4EEF-9645-5A897271FD8A}.Release|x86.Build.0 = Release|Win32
		{9C6366C9-4092-4AA2-82BC-39CB4ECE79B0}.Debug|x64.ActiveCfg = Debug|x64
		{9C6366C9-4092-4AA2-82BC-39CB4ECE79B0}.Debug|x64.Build.0 = Debug|x64
		{9C6366C9-4092-4AA2-82BC-39CB4ECE79B0}.Debug|x86.ActiveCfg = Debug|Win32
		{9C6366C9-4092-4AA2-82BC-39CB4ECE79B0}.Debug|x86.Build.0 = Debug|Win32
		{9C6366C9-4092-4AA2-82BC-39CB4ECE79B0}.Release|x64.ActiveCfg = Release|x64
		{9C6366C9-4092-4AA2-82BC-39CB4ECE79B0}.Release|x64.Build.0 = Release|x64
		{9C6366C9-4092-4AA2-82BC-39CB4ECE79B0}.Release|x86.ActiveCfg = Release|Win32
		{9C6366C9-4092-4AA2-82BC-39CB4ECE79B0}.Release|x86.Build.0 = Release|Win32
		{1F6A353D-176E-4690-BD49-719B98DC3E21}.Debug|x64.ActiveCfg = Debug|x64
		{1F6A353D-176E-4690-BD49-719B98DC3E21}.Debug|x64.Build.0 = Debug|x64
		{1F6A353D-176E-4690-BD49-719B98DC3E21}.Debug|x86.ActiveCfg = Debug|Win32
		{1F6A353D-176E-4690-BD49-719B98DC3E21}.Debug|x86.Build.0 = Debug|Win32
		{1F6A353D-176E-4690-BD49-719B98DC3E21}.Release|x64.ActiveCfg = Release|x64
		{1F6A353D-176E-4690-BD49-719B98DC3E21}.Release|x64.Build.0 = Release|x64
		{1F6A353D-176E-4690-BD49-719B98DC3E21}.Release|x86.ActiveCfg = Release|Win32
		{1F6A353D-176E-4690-BD49-719B98DC3E21}.Release|x86.Build.0 = Release|Win32
		{B9932075-F4B8-48A0-9CF6-B52B1410EB92}.Debug|x64.ActiveCfg = Debug|x64
		{B9932075-F4B8-48A0-9CF6-B52B1410EB92}.Debug|x64.Build.0 = Debug|x64
		{B9932075-F4B8-48A0-9CF6-B52B1410EB92}.Debug|x86.ActiveCfg = Debug|Win32
		{B9932075-F4B8-48A0-9CF6-B52B1410EB92}.Debug|x86.Build.0 = Debug|Win32
		{B9932075-F4B8-48A0-9CF6-B52B1410EB92}.Release|x64.ActiveCfg = Release|x64
		{B9932075-F4B8-48A0-9CF6-B52B1410EB92}.Release|x64.Build.0 = Release|x64
		{B9932075-F4B8-48A0-9CF6-B52B1410EB92}.Release|x86.ActiveCfg = Release|Win32
		{B9932075-F4B8-48A0-9CF6-B52B1410EB92}.Release|x86.Build.0 = Release|Win32
		{D36D663D-3D3A-4728-86FB-B35AA59B15AC}.Debug|x64.ActiveCfg = Debug|x64
		{D36D663D-3D3A-4728-86FB-B35AA59B15AC}.Debug|x64.Build.0 = Debug|x64
		{D36D663D-3D3A-4728-86FB-B35AA59B15AC}.Debug|x86.ActiveCfg = Debug|Win32
		{D36D663D-3D3A-4728-86FB-B35AA59B15AC}.Debug|x86.Build.0 = Debug|Win32
		{D36D663D-3D3A-4728-86FB-B35AA59B15AC}.Release|x64.ActiveCfg = Release|x64
		{D36D663D-3D3A-4728-86FB-B35AA59B15AC}.Release|x64.Build.0 = Release|x64
		{D36D663D-3D3A-4728-86FB-B35AA59B15AC}.Release|x86.ActiveCfg = Release|Win32
		{D36D663D-3D3A-4728-86FB-B35AA59B15AC}.Release|x86.Build.0 = Release|Win32
		{B7475B56-2392-43EF-8F1C-88F0A928AB13}.Debug|x64.ActiveCfg = Debug|x64
		{B7475B56-2392-43EF-8F1C-88F0A928AB13}.Debug|x64.Build.0 = Debug|x64
		{B7475B56-2392-43EF-8F1C-88F0A928AB13}.Debug|x86.ActiveCfg = Debug|Win32
		{B7475B56-2392-43EF-8F1C-88F0A928AB13}.Debug|x86.Build.0 = Debug|Win32
		{B7475B56-2392-43EF-8F1C-88F0A928AB13}.Release|x64.ActiveCfg = Release|x64
		{B7475B56-2392-43EF-8F1C-88F0A928AB13}.Release|x64.Build.0 = Release|x64
		{B7475B56-2392-43EF-8F1C-88F0A928AB13}.Release|x86.ActiveCfg = Release|Win32
		{B7475B56-2392-43EF-8F1C-88F0A928AB13}.Release|x86.Build.0 = Release|Win32
		{78F46D95-56FC-4BAB-A76B-0FFBD898EBD4}.Debug|x64.ActiveCfg = Debug|x64
		{78F46D95-56FC-4BAB-A76B-0FFBD898EBD4}.Debug|x64.Build.0 = Debug|x64
		{78F46D95-56FC-4BAB-A76B-0FFBD898EBD4}.Debug|x86.ActiveCfg = Debug|Win32
		{78F46D95-56FC-4BAB-A76B-0FFBD898EBD4}.Debug|x86.Build.0 = Debug|Win32
		{78F46D95-56FC-4BAB-A76B-0FFBD898EBD4}.Release|x64.ActiveCfg = Release|x64
		{78F46D95-56FC-4BAB-A76B-0FFBD898EBD4}.Release|x64.Build.0 = Release|x64
		{78F46D95-56FC-4BAB-A76B-0FFBD898EBD4}.Release|x86.ActiveCfg = Release|Win32
		{78F46D95-56FC-4BAB-A76B-0FFBD898EBD4}.Release|x86.Build.0 = Release|Win32
		{24CC2087-874B-4771-B0DB-F970024822AA}.Debug|x64.ActiveCfg = Debug|x64
		{24CC2087-874B-4771-B0DB-F970024822AA}.Debug|x64.Build.0 = Debug|x64
		{24CC2087-874B-4771-B0DB-F970024822AA}.Debug|x86.ActiveCfg = Debug|Win32
		{24CC2087-874B-4771-B0DB-F970024822AA}.Debug|x86.Build.0 = Debug|Win32
		{24CC2087-874B-4771-B0DB-F970024822AA}.Release|x64.ActiveCfg = Release|x64
		{24CC2087-874B-4771-B0DB-F970024822AA}.Release|x64.Build.0 = Release|x64
		{24CC2087-874B-4771-B0DB-F970024822AA}.Release|x86.ActiveCfg = Release|Win32
		{24CC2087-874B-4771-B0DB-F970024822AA}.Release|x86.Build.0 = Release|Win32
		{E0E02EB8-E9DC-467D-8CD7-C2C3D3A6BF00}.Debug|x64.ActiveCfg = Debug|x64
		{E0E02EB8-E9DC-467D-8CD7-C2C3D3A6BF00}.Debug|x64.Build.0 = Debug|x64
		{E0E02EB8-E9DC-467D-8CD7-C2C3D3A6BF00}.Debug|x86.ActiveCfg = Debug|Win32
		{E0E02EB8-E9DC-467D-8CD7-C2C3D3A6BF00}.Debug|x86.Build.0 = Debug|Win32
		{E0E02EB8-E9DC-467D-8CD7-C2C3D3A6BF00}.Release|x64.ActiveCfg = Release|x64
		{E0E02EB8-E9DC-467D-8CD7-C2C3D3A6BF00}.Release|x64.Build.0 = Release|x64
		{E0E02EB8-E9DC-467D-8CD7-C2C3D3A6BF00}.Release|x86.ActiveCfg = Release|Win32
		{E0E02EB8-E9DC-467D-8CD7-C2C3D3A6BF00}.Release|x86.Build.0 = Release|Win32
		{CDC6AAFA-694E-45EE-AA6A-453AB1552158}.Debug|x64.ActiveCfg = Debug|x64
		{CDC6AAFA-694E-45EE-AA6A-453AB1552158}.Debug|x64.Build.0 = Debug|x64
		{CDC6AAFA-694E-45EE-AA6A-453AB1552158}.Debug|x86.ActiveCfg = Debug|Win32
		{CDC6AAFA-694E-45EE-AA6A-453AB1552158}.Debug|x86.Build.0 = Debug|Win32
		{CDC6AAFA-694E-45EE-AA6A-453AB1552158}.Release|x64.ActiveCfg = Release|x64
		{CDC6AAFA-694E-45EE-AA6A-453AB1552158}.Release|x64.Build.0 = Release|x64
		{CDC6AAFA-694E-45EE-AA6A-453AB1552158}.Release|x86.ActiveCfg = Release|Win32
		{CDC6AAFA-694E-45EE-AA6A-453AB1552158}.Release|x86.Build.0 = Release|Win32
		{BD92A4F2-1AE4-470D-A30B-388D1536D207}.Debug|x64.ActiveCfg = Debug|x64
		{BD92A4F2-1AE4-470D-A30B-388D1536D207}.Debug|x64.Build.0 = Debug|x64
		{BD92A4F2-1AE4-470D-A30B-388D1536D207}.Debug|x86.ActiveCfg = Debug|Win32
		{BD92A4F2-1AE4-470D-A30B-388D1536D207}.Debug|x86.Build.0 = Debug|Win32
		{BD92A4F2-1AE4-470D-A30B-388D1536D207}.Release|x64.ActiveCfg = Release|x64
		{BD92A4F2-1AE4-470D-A30B-388D1536D207}.Release|x64.Build.0 = Release|x64
		{BD92A4F2-1AE4-470D-A30B-388D1536D207}.Release|x86.ActiveCfg = Release|Win32
		{BD92A4F2-1AE4-470D-A30B-388D1536D207}.Release|x86.Build.0 = Release|Win32
		{C5954427-8FA3-434E-8D54-5354FD0AF136}.Debug|x64.ActiveCfg = Debug|x64
		{C5954427-8FA3-434E-8D54-5354FD0AF136}.Debug|x64.Build.0 = Debug|x64
		{C5954427-8FA3-434E-8D54-5354FD0AF136}.Debug|x86.ActiveCfg = Debug|Win32
		{C5954427-8FA3-434E-8D54-5354FD0AF136}.Debug|x86.Build.0 = Debug|Win32
		{C5954427-8FA3-434E-8D54-5354FD0AF136}.Release|x64.ActiveCfg = Release|x64
		{C5954427-8FA3-434E-8D54-5354FD0AF136}.Release|x64.Build.0 = Release|x64
		{C5954427-8FA3-434E-8D54-5354FD0AF136}.Release|x86.ActiveCfg = Release|Win32
		{C5954427-8FA3-434E-8D54-5354FD0AF136}.Release|x86.Build.0 = Release|Win32
		{5C2D070D-7D5B-4D28-9A00-18CF74876A3C}.Debug|x64.ActiveCfg = Debug|x64
		{5C2D070D-7D5B-4D28-9A00-18CF74876A3C}.Debug|x64.Build.0 = Debug|x64
		{5C2D070D-7D5B-4D28-9A00-18CF74876A3C}.Debug|x86.ActiveCfg = Debug|Win32
		{5C2D070D-7D5B-4D28-9A00-18CF74876A3C}.Debug|x86.Build.0 = Debug|Win32
		{5C2D070D-7D5B-4D28-9A00-18CF74876A3C}.Release|x64.ActiveCfg = Release|x64
		{5C2D070D-7D5B-4D28-9A00-18CF74876A3C}.Release|x64.Build.0 = Release|x64
		{5C2D070D-7D5B-4D28-9A00-18CF74876A3C}.Release|x86.ActiveCfg = Release|Win32
		{5C2D070D-7D5B-4D28-9A00-18CF74876A3C}.Release|x86.Build.0 = Release|Win32
		{8F0BACEC-2225-4224-B1B8-61A9739BB6E5}.Debug|x64.ActiveCfg = Debug|x64
		{8F0BACEC-2225-4224-B1B8-61A9739BB6E5}.Debug|x64.Build.0 = Debug|x64
		{8F0BACEC-2225-4224-B1B8-61A9739BB6E5}.Debug|x86.ActiveCfg = Debug|Win32
		{8F0BACEC-2225-4224-B1B8-61A9739BB6E5}.Debug|x86.Build.0 = Debug|Win32
		{8F0BACEC-2225-4224-B1B8-61A9739BB6E5}.Release|x64.ActiveCfg = Release|x64
		{8F0BACEC-2225-4224-B1B8-61A9739BB6E5}.Release|x64.Build.0 = Release|x64
		{8F0BACEC-2225-4224-B1B8-61A9739BB6E5}.Release|x86.ActiveCfg = Release|Win32
		{8F0BACEC-2225-4224-B1B8-61A9739BB6E5}.Release|x86.Build.0 = Release|Win32
		{6BC3A213-C1C5-4F2A-ABA4-BE6365B8F2CC}.Debug|x64.ActiveCfg = Debug|x64
		{6BC3A213-C1C5-4F2A-ABA4-BE6365B8F2CC}.Debug|x64.Build.0 = Debug|x64
		{6BC3A213-C1C5-4F2A-ABA4-BE6365B8F2CC}.Debug|x86.ActiveCfg = Debug|Win32
		{6BC3A213-C1C5-4F2A-ABA4-BE6365B8F2CC}.Debug|x86.Build.0 = Debug|Win32
		{6BC3A213-C1C5-4F2A-ABA4-BE6365B8F2CC}.Release|x64.ActiveCfg = Release|x64
		{6BC3A213-C1C5-4F2A-ABA4-BE6365B8F2CC}.Release|x64.Build.0 = Release|x64
		{6BC3A213-C1C5-4F2A-ABA4-BE6365B8F2CC}.Release|x86.ActiveCfg = Release|Win32
		{6BC3A213-C1C5-4F2A-ABA4-BE6365B8F2CC}.Release|x86.Build.0 = Release|Win32
		{9759CD8F-3D56-4383-A7ED-A2B46397AF52}.Debug|x64.ActiveCfg = Debug|x64
		{9759CD8F-3D56-4383-A7ED-A2B46397AF52}.Debug|x64.Build.0 = Debug|x64
		{9759CD8F-3D56-4383-A7ED-A2B46397AF52}.Debug|x86.ActiveCfg = Debug|Win32
		{9759CD8F-3D56-4383-A7ED-A2B46397AF52}.Debug|x86.Build.0 = Debug|Win32
		{9759CD8F-3D56-4383-A7ED-A2B46397AF52}.Release|x64.ActiveCfg = Release|x64
		{9759CD8F-3D56-4383-A7ED-A2B46397AF52}.Release|x64.Build.0 = Release|x64
		{9759CD8F-3D56-4383-A7ED-A2B46397AF52}.Release|x86.ActiveCfg = Release|Win32
		{9759CD8F-3D56-4383-A7ED-A2B46397AF52}.Release|x86.Build.0 = Release|Win32
		{65A43DCB-D2C2-4760-AEEE-4307CD0070C7}.Debug|x64.ActiveCfg = Debug|x64
		{65A43DCB-D2C2-4760-AEEE-4307CD0070C7}.Debug|x64.Build.0 = Debug|x64
		{65A43DCB-D2C2-4760-AEEE-4307CD0070C7}.Debug|x86.ActiveCfg = Debug|Win32
		{65A43DCB-D2C2-4760-AEEE-4307CD0070C7}.Debug|x86.Build.0 = Debug|Win32
		{65A43DCB-D2C2-4760-AEEE-4307CD0070C7}.Release|x64.ActiveCfg = Release|x64
		{65A43DCB-D2C2-4760-AEEE-4307CD0070C7}.Release|x64.Build.0 = Release|x64
		{65A43DCB-D2C2-4760-AEEE-4307CD0070C7}.Release|x86.ActiveCfg = Release|Win32
		{65A43DCB-D2C2-4760-AEEE-4307CD0070C7}.Release|x86.Build.0 = Release|Win32
		{2D84614A-FAAF-4B9B-9043-977AE0A7C864}.Debug|x64.ActiveCfg = Debug|x64
		{2D84614A-FAAF-4B9B-9043-977AE0A7C864}.Debug|x64.Build.0 = Debug|x64
		{2D84614A-FAAF-4B9B-9043-977AE0A7C864}.Debug|x86.ActiveCfg = Debug|Win32
		{2D84614A-FAAF-4B9B-9043-977AE0A7C864}.Debug|x86.Build.0 = Debug|Win32
		{2D84614A-FAAF-4B9B-9043-977AE0A7C864}.Release|x64.ActiveCfg = Release|x64
		{2D84614A-FAAF-4B9B-9043-977AE0A7C864}.Release|x64.Build.0 = Release|x64
		{2D84614A-FAAF-4B9B-9043-977AE0A7C864}.Release|x86.ActiveCfg = Release|Win32
		{2D84614A-FAAF-4B9B-9043-977AE0A7C864}.Release|x86.Build.0 = Release|Win32
	EndGlobalSection
	GlobalSection(SolutionProperties) = preSolution
		HideSolutionNode = FALSE
	EndGlobalSection
	GlobalSection(ExtensibilityGlobals) = postSolution
		SolutionGuid = {0E79ADDC-7712-4B3A-8B36-5B5C51A755A1}
	EndGlobalSection
EndGlobal
