
Microsoft Visual Studio Solution File, Format Version 12.00
# Visual Studio 15
VisualStudioVersion = 15.0.28307.1000
MinimumVisualStudioVersion = 10.0.40219.1
Project("{8BC9CEB8-8B4A-11D0-8D11-00A0C91BC942}") = "200306_boj17837 새로운 게임 2", "200306_boj17837 새로운 게임 2\200306_boj17837 새로운 게임 2.vcxproj", "{D2B2F171-4DC1-49BD-8F8B-B5E0D4351E0D}"
EndProject
Project("{8BC9CEB8-8B4A-11D0-8D11-00A0C91BC942}") = "codeforce", "codeforce\codeforce.vcxproj", "{5C500F19-CE59-4834-B19B-032201518312}"
EndProject
Project("{8BC9CEB8-8B4A-11D0-8D11-00A0C91BC942}") = "test", "test\test.vcxproj", "{1452A740-15BD-46E6-982B-85804E81064F}"
EndProject
Project("{8BC9CEB8-8B4A-11D0-8D11-00A0C91BC942}") = "200329_div3_629 D", "200329_div3_629 D\200329_div3_629 D.vcxproj", "{DA54BFA8-3BFD-44B7-945F-BE91B72E616B}"
EndProject
Project("{8BC9CEB8-8B4A-11D0-8D11-00A0C91BC942}") = "200329_div3_629 E", "200329_div3_629 E\200329_div3_629 E.vcxproj", "{F726DF21-7153-4643-83F3-1EA7B0615932}"
EndProject
Project("{8BC9CEB8-8B4A-11D0-8D11-00A0C91BC942}") = "baseman", "baseman\baseman.vcxproj", "{6EE7D6AB-75E6-4267-8780-1367C9A7F505}"
EndProject
Project("{8BC9CEB8-8B4A-11D0-8D11-00A0C91BC942}") = "200329_div3_629 F", "200329_div3_629 F\200329_div3_629 F.vcxproj", "{FF60ED2B-7D10-470C-AABE-C9F6870A6F41}"
EndProject
Project("{8BC9CEB8-8B4A-11D0-8D11-00A0C91BC942}") = "200408_boj12110 2048", "200408_boj12110 2048\200408_boj12110 2048.vcxproj", "{D423A834-DA78-4D10-99B4-24A0F711C3A3}"
EndProject
Project("{8BC9CEB8-8B4A-11D0-8D11-00A0C91BC942}") = "200408_boj1208 부분수열의 합", "200408_boj1208 부분수열의 합\200408_boj1208 부분수열의 합.vcxproj", "{2716CBD1-0990-4CA1-AE83-8C9ADA770768}"
EndProject
Project("{8BC9CEB8-8B4A-11D0-8D11-00A0C91BC942}") = "200413_boj15684 사다리 조작", "200413_boj15684 사다리 조작\200413_boj15684 사다리 조작.vcxproj", "{5D0AC8E7-F1D6-4D76-AD3A-C3F05A120F8E}"
EndProject
Project("{8BC9CEB8-8B4A-11D0-8D11-00A0C91BC942}") = "200413_boj2933 미네랄", "200413_boj2933 미네랄\200413_boj2933 미네랄.vcxproj", "{50A2BC0E-7F0C-4167-8A85-C79FBE80C79C}"
EndProject
Project("{8BC9CEB8-8B4A-11D0-8D11-00A0C91BC942}") = "200413_boj2210 숫자판 점프", "200413_boj2210 숫자판 점프\200413_boj2210 숫자판 점프.vcxproj", "{001F6386-E604-46CC-AEBC-9EE891AD8B4C}"
EndProject
Project("{8BC9CEB8-8B4A-11D0-8D11-00A0C91BC942}") = "200413_boj4902 삼각형의 값", "200413_boj4902 삼각형의 값\200413_boj4902 삼각형의 값.vcxproj", "{7E52CC4A-4470-479B-BE74-65E2C05C189B}"
EndProject
Project("{8BC9CEB8-8B4A-11D0-8D11-00A0C91BC942}") = "200414_boj15653 구슬탈출 4", "200414_boj15653 구슬탈출 4\200414_boj15653 구슬탈출 4.vcxproj", "{07A7BDD6-8808-4279-B707-E29269B16B91}"
EndProject
Project("{8BC9CEB8-8B4A-11D0-8D11-00A0C91BC942}") = "200417_boj5213 과외맨", "200417_boj5213 과외맨\200417_boj5213 과외맨.vcxproj", "{4A372090-71C1-4706-BA78-73152772F9DB}"
EndProject
Project("{8BC9CEB8-8B4A-11D0-8D11-00A0C91BC942}") = "200417_boj3184 양", "200417_boj3184 양\200417_boj3184 양.vcxproj", "{25F3833F-0B0F-45B6-9A1A-332721B9AE9C}"
EndProject
Project("{8BC9CEB8-8B4A-11D0-8D11-00A0C91BC942}") = "200417_boj5014 스타트 링크", "200417_boj5014 스타트 링크\200417_boj5014 스타트 링크.vcxproj", "{31297DEB-3A09-4637-83A1-9DDD485B7D77}"
EndProject
Project("{8BC9CEB8-8B4A-11D0-8D11-00A0C91BC942}") = "200417_boj12886 돌 그룹", "200417_boj12886 돌 그룹\200417_boj12886 돌 그룹.vcxproj", "{352AE97B-6AA3-4170-8862-D50035275D2A}"
EndProject
Project("{8BC9CEB8-8B4A-11D0-8D11-00A0C91BC942}") = "200417_boj14442 벽 부수고 이동하기", "200417_boj14442 벽 부수고 이동하기\200417_boj14442 벽 부수고 이동하기.vcxproj", "{922194BA-9FDA-4581-8E27-AFB41A30A845}"
EndProject
Project("{8BC9CEB8-8B4A-11D0-8D11-00A0C91BC942}") = "200417_boj1600 말이 되고픈 원숭이", "200417_boj1600 말이 되고픈 원숭이\200417_boj1600 말이 되고픈 원숭이.vcxproj", "{43670CFB-2A9D-4E21-B757-08CD369C4400}"
EndProject
Project("{8BC9CEB8-8B4A-11D0-8D11-00A0C91BC942}") = "200417_boj6087 레이저 통신", "200417_boj6087 레이저 통신\200417_boj6087 레이저 통신.vcxproj", "{396BD3C1-4BF2-4BDE-83E9-41A399DA8549}"
EndProject
Project("{8BC9CEB8-8B4A-11D0-8D11-00A0C91BC942}") = "200418_boj10026 적록색약", "200418_boj10026 적록색약\200418_boj10026 적록색약.vcxproj", "{4164FC58-42EA-4DE7-8F2B-F5C53E7AE37F}"
EndProject
Project("{8BC9CEB8-8B4A-11D0-8D11-00A0C91BC942}") = "200418_boj2234 성곽", "200418_boj2234 성곽\200418_boj2234 성곽.vcxproj", "{B002EC77-285C-41CF-BFDC-0F007209DE89}"
EndProject
Project("{8BC9CEB8-8B4A-11D0-8D11-00A0C91BC942}") = "200419_boj3197 백조의 호수", "200419_boj3197 백조의 호수\200419_boj3197 백조의 호수.vcxproj", "{EA21CA2B-91BF-4807-BB59-6D51D1AADB47}"
EndProject
Project("{8BC9CEB8-8B4A-11D0-8D11-00A0C91BC942}") = "200427_boj1753 최단경로", "200427_boj1753 최단경로\200427_boj1753 최단경로.vcxproj", "{64D5D6BD-18EE-491D-8D7F-7F2A0F882E0D}"
EndProject
Project("{8BC9CEB8-8B4A-11D0-8D11-00A0C91BC942}") = "200427_boj8370 미확인도착지", "200427_boj8370 미확인도착지\200427_boj8370 미확인도착지.vcxproj", "{604A5B6E-8B11-49AF-B2B2-9A0233766EF4}"
EndProject
Project("{8BC9CEB8-8B4A-11D0-8D11-00A0C91BC942}") = "200427_boj5719 거의 최단 경로", "200427_boj5719 거의 최단 경로\200427_boj5719 거의 최단 경로.vcxproj", "{2FCD94E7-7082-4BF4-AD5D-7B389B9E515F}"
EndProject
Project("{8BC9CEB8-8B4A-11D0-8D11-00A0C91BC942}") = "200502_boj16939 2x2x2 큐브", "200502_boj16939 2x2x2 큐브\200502_boj16939 2x2x2 큐브.vcxproj", "{C7E6FA24-FA60-4CC2-BEC1-98B75CB1EE82}"
EndProject
Project("{8BC9CEB8-8B4A-11D0-8D11-00A0C91BC942}") = "200502_boj16918 봄버맨", "200502_boj16918 봄버맨\200502_boj16918 봄버맨.vcxproj", "{FB05C329-F233-4F6E-8054-CF67EF190254}"
EndProject
Project("{8BC9CEB8-8B4A-11D0-8D11-00A0C91BC942}") = "200502_boj17070 파이프 옮기기 1", "200502_boj17070 파이프 옮기기 1\200502_boj17070 파이프 옮기기 1.vcxproj", "{6AB36431-34FC-4D59-B800-D6BFF4C9ADAD}"
EndProject
Project("{8BC9CEB8-8B4A-11D0-8D11-00A0C91BC942}") = "200504_boj16986 인싸들의 가위바위보", "200504_boj16986 인싸들의 가위바위보\200504_boj16986 인싸들의 가위바위보.vcxproj", "{86CA7995-A801-4083-BDCE-2E5ABCF9A999}"
EndProject
Project("{8BC9CEB8-8B4A-11D0-8D11-00A0C91BC942}") = "200504_boj16987 계란으로 계란치기", "200504_boj16987 계란으로 계란치기\200504_boj16987 계란으로 계란치기.vcxproj", "{FBAD3223-AA0C-4EE6-B60E-142407B248E2}"
EndProject
Project("{8BC9CEB8-8B4A-11D0-8D11-00A0C91BC942}") = "200504_boj16988 Baaaaaaaaaduk2", "200504_boj16988 Baaaaaaaaaduk2\200504_boj16988 Baaaaaaaaaduk2.vcxproj", "{4D9DB215-5358-4A24-9CEA-F72728402028}"
EndProject
Project("{8BC9CEB8-8B4A-11D0-8D11-00A0C91BC942}") = "200506_boj16637 괄호 추가하기", "200506_boj16637 괄호 추가하기\200506_boj16637 괄호 추가하기.vcxproj", "{C3F3B1DD-C065-4274-97C0-AA0B58DA522F}"
EndProject
Project("{8BC9CEB8-8B4A-11D0-8D11-00A0C91BC942}") = "200506_boj16638 괄호 추가하기 2", "200506_boj16638 괄호 추가하기 2\200506_boj16638 괄호 추가하기 2.vcxproj", "{5E417777-BBBE-4D99-BE79-EB18F31C303C}"
EndProject
Project("{8BC9CEB8-8B4A-11D0-8D11-00A0C91BC942}") = "200506_boj16639 괄호 추가하기 3", "200506_boj16639 괄호 추가하기 3\200506_boj16639 괄호 추가하기 3.vcxproj", "{79B2E2C7-5495-42E2-AC24-1A6226E3DB88}"
EndProject
Project("{8BC9CEB8-8B4A-11D0-8D11-00A0C91BC942}") = "200507_boj16937 두 스티커", "200507_boj16937 두 스티커\200507_boj16937 두 스티커.vcxproj", "{7AE469C1-635B-4B59-B2C0-03ED72838499}"
EndProject
Project("{8BC9CEB8-8B4A-11D0-8D11-00A0C91BC942}") = "200508_boj16938 캠프 준비", "200508_boj16938 캠프 준비\200508_boj16938 캠프 준비.vcxproj", "{AA57E70F-3FD8-4175-A033-82CE4EEE706E}"
EndProject
Project("{8BC9CEB8-8B4A-11D0-8D11-00A0C91BC942}") = "200508_boj16943 숫자 재배치", "200508_boj16943 숫자 재배치\200508_boj16943 숫자 재배치.vcxproj", "{EFBEA134-0442-4234-83E7-CB2D1A69F6EB}"
EndProject
Project("{8BC9CEB8-8B4A-11D0-8D11-00A0C91BC942}") = "200510_boj16958 텔레포트", "200510_boj16958 텔레포트\200510_boj16958 텔레포트.vcxproj", "{EC16D97D-A101-4E28-B231-1B3B105CB953}"
EndProject
Project("{8BC9CEB8-8B4A-11D0-8D11-00A0C91BC942}") = "200713_union_find", "200713_union_find\200713_union_find.vcxproj", "{1E0A993F-3ED1-4D08-907E-F86BDACCF962}"
EndProject
Project("{8BC9CEB8-8B4A-11D0-8D11-00A0C91BC942}") = "200713_boj9938 방 청소", "200713_boj9938 방 청소\200713_boj9938 방 청소.vcxproj", "{67D93E38-8BCE-451F-B6FF-B8188A5EE078}"
EndProject
Project("{8BC9CEB8-8B4A-11D0-8D11-00A0C91BC942}") = "200825_pg 기능 개발", "200825_pg 기능 개발\200825_pg 기능 개발.vcxproj", "{B4608E8A-DB85-41D3-9ED5-4223822ED62C}"
EndProject
Global
	GlobalSection(SolutionConfigurationPlatforms) = preSolution
		Debug|x64 = Debug|x64
		Debug|x86 = Debug|x86
		Release|x64 = Release|x64
		Release|x86 = Release|x86
	EndGlobalSection
	GlobalSection(ProjectConfigurationPlatforms) = postSolution
		{D2B2F171-4DC1-49BD-8F8B-B5E0D4351E0D}.Debug|x64.ActiveCfg = Debug|x64
		{D2B2F171-4DC1-49BD-8F8B-B5E0D4351E0D}.Debug|x64.Build.0 = Debug|x64
		{D2B2F171-4DC1-49BD-8F8B-B5E0D4351E0D}.Debug|x86.ActiveCfg = Debug|Win32
		{D2B2F171-4DC1-49BD-8F8B-B5E0D4351E0D}.Debug|x86.Build.0 = Debug|Win32
		{D2B2F171-4DC1-49BD-8F8B-B5E0D4351E0D}.Release|x64.ActiveCfg = Release|x64
		{D2B2F171-4DC1-49BD-8F8B-B5E0D4351E0D}.Release|x64.Build.0 = Release|x64
		{D2B2F171-4DC1-49BD-8F8B-B5E0D4351E0D}.Release|x86.ActiveCfg = Release|Win32
		{D2B2F171-4DC1-49BD-8F8B-B5E0D4351E0D}.Release|x86.Build.0 = Release|Win32
		{5C500F19-CE59-4834-B19B-032201518312}.Debug|x64.ActiveCfg = Debug|x64
		{5C500F19-CE59-4834-B19B-032201518312}.Debug|x64.Build.0 = Debug|x64
		{5C500F19-CE59-4834-B19B-032201518312}.Debug|x86.ActiveCfg = Debug|Win32
		{5C500F19-CE59-4834-B19B-032201518312}.Debug|x86.Build.0 = Debug|Win32
		{5C500F19-CE59-4834-B19B-032201518312}.Release|x64.ActiveCfg = Release|x64
		{5C500F19-CE59-4834-B19B-032201518312}.Release|x64.Build.0 = Release|x64
		{5C500F19-CE59-4834-B19B-032201518312}.Release|x86.ActiveCfg = Release|Win32
		{5C500F19-CE59-4834-B19B-032201518312}.Release|x86.Build.0 = Release|Win32
		{1452A740-15BD-46E6-982B-85804E81064F}.Debug|x64.ActiveCfg = Debug|x64
		{1452A740-15BD-46E6-982B-85804E81064F}.Debug|x64.Build.0 = Debug|x64
		{1452A740-15BD-46E6-982B-85804E81064F}.Debug|x86.ActiveCfg = Debug|Win32
		{1452A740-15BD-46E6-982B-85804E81064F}.Debug|x86.Build.0 = Debug|Win32
		{1452A740-15BD-46E6-982B-85804E81064F}.Release|x64.ActiveCfg = Release|x64
		{1452A740-15BD-46E6-982B-85804E81064F}.Release|x64.Build.0 = Release|x64
		{1452A740-15BD-46E6-982B-85804E81064F}.Release|x86.ActiveCfg = Release|Win32
		{1452A740-15BD-46E6-982B-85804E81064F}.Release|x86.Build.0 = Release|Win32
		{DA54BFA8-3BFD-44B7-945F-BE91B72E616B}.Debug|x64.ActiveCfg = Debug|x64
		{DA54BFA8-3BFD-44B7-945F-BE91B72E616B}.Debug|x64.Build.0 = Debug|x64
		{DA54BFA8-3BFD-44B7-945F-BE91B72E616B}.Debug|x86.ActiveCfg = Debug|Win32
		{DA54BFA8-3BFD-44B7-945F-BE91B72E616B}.Debug|x86.Build.0 = Debug|Win32
		{DA54BFA8-3BFD-44B7-945F-BE91B72E616B}.Release|x64.ActiveCfg = Release|x64
		{DA54BFA8-3BFD-44B7-945F-BE91B72E616B}.Release|x64.Build.0 = Release|x64
		{DA54BFA8-3BFD-44B7-945F-BE91B72E616B}.Release|x86.ActiveCfg = Release|Win32
		{DA54BFA8-3BFD-44B7-945F-BE91B72E616B}.Release|x86.Build.0 = Release|Win32
		{F726DF21-7153-4643-83F3-1EA7B0615932}.Debug|x64.ActiveCfg = Debug|x64
		{F726DF21-7153-4643-83F3-1EA7B0615932}.Debug|x64.Build.0 = Debug|x64
		{F726DF21-7153-4643-83F3-1EA7B0615932}.Debug|x86.ActiveCfg = Debug|Win32
		{F726DF21-7153-4643-83F3-1EA7B0615932}.Debug|x86.Build.0 = Debug|Win32
		{F726DF21-7153-4643-83F3-1EA7B0615932}.Release|x64.ActiveCfg = Release|x64
		{F726DF21-7153-4643-83F3-1EA7B0615932}.Release|x64.Build.0 = Release|x64
		{F726DF21-7153-4643-83F3-1EA7B0615932}.Release|x86.ActiveCfg = Release|Win32
		{F726DF21-7153-4643-83F3-1EA7B0615932}.Release|x86.Build.0 = Release|Win32
		{6EE7D6AB-75E6-4267-8780-1367C9A7F505}.Debug|x64.ActiveCfg = Debug|x64
		{6EE7D6AB-75E6-4267-8780-1367C9A7F505}.Debug|x64.Build.0 = Debug|x64
		{6EE7D6AB-75E6-4267-8780-1367C9A7F505}.Debug|x86.ActiveCfg = Debug|Win32
		{6EE7D6AB-75E6-4267-8780-1367C9A7F505}.Debug|x86.Build.0 = Debug|Win32
		{6EE7D6AB-75E6-4267-8780-1367C9A7F505}.Release|x64.ActiveCfg = Release|x64
		{6EE7D6AB-75E6-4267-8780-1367C9A7F505}.Release|x64.Build.0 = Release|x64
		{6EE7D6AB-75E6-4267-8780-1367C9A7F505}.Release|x86.ActiveCfg = Release|Win32
		{6EE7D6AB-75E6-4267-8780-1367C9A7F505}.Release|x86.Build.0 = Release|Win32
		{FF60ED2B-7D10-470C-AABE-C9F6870A6F41}.Debug|x64.ActiveCfg = Debug|x64
		{FF60ED2B-7D10-470C-AABE-C9F6870A6F41}.Debug|x64.Build.0 = Debug|x64
		{FF60ED2B-7D10-470C-AABE-C9F6870A6F41}.Debug|x86.ActiveCfg = Debug|Win32
		{FF60ED2B-7D10-470C-AABE-C9F6870A6F41}.Debug|x86.Build.0 = Debug|Win32
		{FF60ED2B-7D10-470C-AABE-C9F6870A6F41}.Release|x64.ActiveCfg = Release|x64
		{FF60ED2B-7D10-470C-AABE-C9F6870A6F41}.Release|x64.Build.0 = Release|x64
		{FF60ED2B-7D10-470C-AABE-C9F6870A6F41}.Release|x86.ActiveCfg = Release|Win32
		{FF60ED2B-7D10-470C-AABE-C9F6870A6F41}.Release|x86.Build.0 = Release|Win32
		{D423A834-DA78-4D10-99B4-24A0F711C3A3}.Debug|x64.ActiveCfg = Debug|x64
		{D423A834-DA78-4D10-99B4-24A0F711C3A3}.Debug|x64.Build.0 = Debug|x64
		{D423A834-DA78-4D10-99B4-24A0F711C3A3}.Debug|x86.ActiveCfg = Debug|Win32
		{D423A834-DA78-4D10-99B4-24A0F711C3A3}.Debug|x86.Build.0 = Debug|Win32
		{D423A834-DA78-4D10-99B4-24A0F711C3A3}.Release|x64.ActiveCfg = Release|x64
		{D423A834-DA78-4D10-99B4-24A0F711C3A3}.Release|x64.Build.0 = Release|x64
		{D423A834-DA78-4D10-99B4-24A0F711C3A3}.Release|x86.ActiveCfg = Release|Win32
		{D423A834-DA78-4D10-99B4-24A0F711C3A3}.Release|x86.Build.0 = Release|Win32
		{2716CBD1-0990-4CA1-AE83-8C9ADA770768}.Debug|x64.ActiveCfg = Debug|x64
		{2716CBD1-0990-4CA1-AE83-8C9ADA770768}.Debug|x64.Build.0 = Debug|x64
		{2716CBD1-0990-4CA1-AE83-8C9ADA770768}.Debug|x86.ActiveCfg = Debug|Win32
		{2716CBD1-0990-4CA1-AE83-8C9ADA770768}.Debug|x86.Build.0 = Debug|Win32
		{2716CBD1-0990-4CA1-AE83-8C9ADA770768}.Release|x64.ActiveCfg = Release|x64
		{2716CBD1-0990-4CA1-AE83-8C9ADA770768}.Release|x64.Build.0 = Release|x64
		{2716CBD1-0990-4CA1-AE83-8C9ADA770768}.Release|x86.ActiveCfg = Release|Win32
		{2716CBD1-0990-4CA1-AE83-8C9ADA770768}.Release|x86.Build.0 = Release|Win32
		{5D0AC8E7-F1D6-4D76-AD3A-C3F05A120F8E}.Debug|x64.ActiveCfg = Debug|x64
		{5D0AC8E7-F1D6-4D76-AD3A-C3F05A120F8E}.Debug|x64.Build.0 = Debug|x64
		{5D0AC8E7-F1D6-4D76-AD3A-C3F05A120F8E}.Debug|x86.ActiveCfg = Debug|Win32
		{5D0AC8E7-F1D6-4D76-AD3A-C3F05A120F8E}.Debug|x86.Build.0 = Debug|Win32
		{5D0AC8E7-F1D6-4D76-AD3A-C3F05A120F8E}.Release|x64.ActiveCfg = Release|x64
		{5D0AC8E7-F1D6-4D76-AD3A-C3F05A120F8E}.Release|x64.Build.0 = Release|x64
		{5D0AC8E7-F1D6-4D76-AD3A-C3F05A120F8E}.Release|x86.ActiveCfg = Release|Win32
		{5D0AC8E7-F1D6-4D76-AD3A-C3F05A120F8E}.Release|x86.Build.0 = Release|Win32
		{50A2BC0E-7F0C-4167-8A85-C79FBE80C79C}.Debug|x64.ActiveCfg = Debug|x64
		{50A2BC0E-7F0C-4167-8A85-C79FBE80C79C}.Debug|x64.Build.0 = Debug|x64
		{50A2BC0E-7F0C-4167-8A85-C79FBE80C79C}.Debug|x86.ActiveCfg = Debug|Win32
		{50A2BC0E-7F0C-4167-8A85-C79FBE80C79C}.Debug|x86.Build.0 = Debug|Win32
		{50A2BC0E-7F0C-4167-8A85-C79FBE80C79C}.Release|x64.ActiveCfg = Release|x64
		{50A2BC0E-7F0C-4167-8A85-C79FBE80C79C}.Release|x64.Build.0 = Release|x64
		{50A2BC0E-7F0C-4167-8A85-C79FBE80C79C}.Release|x86.ActiveCfg = Release|Win32
		{50A2BC0E-7F0C-4167-8A85-C79FBE80C79C}.Release|x86.Build.0 = Release|Win32
		{001F6386-E604-46CC-AEBC-9EE891AD8B4C}.Debug|x64.ActiveCfg = Debug|x64
		{001F6386-E604-46CC-AEBC-9EE891AD8B4C}.Debug|x64.Build.0 = Debug|x64
		{001F6386-E604-46CC-AEBC-9EE891AD8B4C}.Debug|x86.ActiveCfg = Debug|Win32
		{001F6386-E604-46CC-AEBC-9EE891AD8B4C}.Debug|x86.Build.0 = Debug|Win32
		{001F6386-E604-46CC-AEBC-9EE891AD8B4C}.Release|x64.ActiveCfg = Release|x64
		{001F6386-E604-46CC-AEBC-9EE891AD8B4C}.Release|x64.Build.0 = Release|x64
		{001F6386-E604-46CC-AEBC-9EE891AD8B4C}.Release|x86.ActiveCfg = Release|Win32
		{001F6386-E604-46CC-AEBC-9EE891AD8B4C}.Release|x86.Build.0 = Release|Win32
		{7E52CC4A-4470-479B-BE74-65E2C05C189B}.Debug|x64.ActiveCfg = Debug|x64
		{7E52CC4A-4470-479B-BE74-65E2C05C189B}.Debug|x64.Build.0 = Debug|x64
		{7E52CC4A-4470-479B-BE74-65E2C05C189B}.Debug|x86.ActiveCfg = Debug|Win32
		{7E52CC4A-4470-479B-BE74-65E2C05C189B}.Debug|x86.Build.0 = Debug|Win32
		{7E52CC4A-4470-479B-BE74-65E2C05C189B}.Release|x64.ActiveCfg = Release|x64
		{7E52CC4A-4470-479B-BE74-65E2C05C189B}.Release|x64.Build.0 = Release|x64
		{7E52CC4A-4470-479B-BE74-65E2C05C189B}.Release|x86.ActiveCfg = Release|Win32
		{7E52CC4A-4470-479B-BE74-65E2C05C189B}.Release|x86.Build.0 = Release|Win32
		{07A7BDD6-8808-4279-B707-E29269B16B91}.Debug|x64.ActiveCfg = Debug|x64
		{07A7BDD6-8808-4279-B707-E29269B16B91}.Debug|x64.Build.0 = Debug|x64
		{07A7BDD6-8808-4279-B707-E29269B16B91}.Debug|x86.ActiveCfg = Debug|Win32
		{07A7BDD6-8808-4279-B707-E29269B16B91}.Debug|x86.Build.0 = Debug|Win32
		{07A7BDD6-8808-4279-B707-E29269B16B91}.Release|x64.ActiveCfg = Release|x64
		{07A7BDD6-8808-4279-B707-E29269B16B91}.Release|x64.Build.0 = Release|x64
		{07A7BDD6-8808-4279-B707-E29269B16B91}.Release|x86.ActiveCfg = Release|Win32
		{07A7BDD6-8808-4279-B707-E29269B16B91}.Release|x86.Build.0 = Release|Win32
		{4A372090-71C1-4706-BA78-73152772F9DB}.Debug|x64.ActiveCfg = Debug|x64
		{4A372090-71C1-4706-BA78-73152772F9DB}.Debug|x64.Build.0 = Debug|x64
		{4A372090-71C1-4706-BA78-73152772F9DB}.Debug|x86.ActiveCfg = Debug|Win32
		{4A372090-71C1-4706-BA78-73152772F9DB}.Debug|x86.Build.0 = Debug|Win32
		{4A372090-71C1-4706-BA78-73152772F9DB}.Release|x64.ActiveCfg = Release|x64
		{4A372090-71C1-4706-BA78-73152772F9DB}.Release|x64.Build.0 = Release|x64
		{4A372090-71C1-4706-BA78-73152772F9DB}.Release|x86.ActiveCfg = Release|Win32
		{4A372090-71C1-4706-BA78-73152772F9DB}.Release|x86.Build.0 = Release|Win32
		{25F3833F-0B0F-45B6-9A1A-332721B9AE9C}.Debug|x64.ActiveCfg = Debug|x64
		{25F3833F-0B0F-45B6-9A1A-332721B9AE9C}.Debug|x64.Build.0 = Debug|x64
		{25F3833F-0B0F-45B6-9A1A-332721B9AE9C}.Debug|x86.ActiveCfg = Debug|Win32
		{25F3833F-0B0F-45B6-9A1A-332721B9AE9C}.Debug|x86.Build.0 = Debug|Win32
		{25F3833F-0B0F-45B6-9A1A-332721B9AE9C}.Release|x64.ActiveCfg = Release|x64
		{25F3833F-0B0F-45B6-9A1A-332721B9AE9C}.Release|x64.Build.0 = Release|x64
		{25F3833F-0B0F-45B6-9A1A-332721B9AE9C}.Release|x86.ActiveCfg = Release|Win32
		{25F3833F-0B0F-45B6-9A1A-332721B9AE9C}.Release|x86.Build.0 = Release|Win32
		{31297DEB-3A09-4637-83A1-9DDD485B7D77}.Debug|x64.ActiveCfg = Debug|x64
		{31297DEB-3A09-4637-83A1-9DDD485B7D77}.Debug|x64.Build.0 = Debug|x64
		{31297DEB-3A09-4637-83A1-9DDD485B7D77}.Debug|x86.ActiveCfg = Debug|Win32
		{31297DEB-3A09-4637-83A1-9DDD485B7D77}.Debug|x86.Build.0 = Debug|Win32
		{31297DEB-3A09-4637-83A1-9DDD485B7D77}.Release|x64.ActiveCfg = Release|x64
		{31297DEB-3A09-4637-83A1-9DDD485B7D77}.Release|x64.Build.0 = Release|x64
		{31297DEB-3A09-4637-83A1-9DDD485B7D77}.Release|x86.ActiveCfg = Release|Win32
		{31297DEB-3A09-4637-83A1-9DDD485B7D77}.Release|x86.Build.0 = Release|Win32
		{352AE97B-6AA3-4170-8862-D50035275D2A}.Debug|x64.ActiveCfg = Debug|x64
		{352AE97B-6AA3-4170-8862-D50035275D2A}.Debug|x64.Build.0 = Debug|x64
		{352AE97B-6AA3-4170-8862-D50035275D2A}.Debug|x86.ActiveCfg = Debug|Win32
		{352AE97B-6AA3-4170-8862-D50035275D2A}.Debug|x86.Build.0 = Debug|Win32
		{352AE97B-6AA3-4170-8862-D50035275D2A}.Release|x64.ActiveCfg = Release|x64
		{352AE97B-6AA3-4170-8862-D50035275D2A}.Release|x64.Build.0 = Release|x64
		{352AE97B-6AA3-4170-8862-D50035275D2A}.Release|x86.ActiveCfg = Release|Win32
		{352AE97B-6AA3-4170-8862-D50035275D2A}.Release|x86.Build.0 = Release|Win32
		{922194BA-9FDA-4581-8E27-AFB41A30A845}.Debug|x64.ActiveCfg = Debug|x64
		{922194BA-9FDA-4581-8E27-AFB41A30A845}.Debug|x64.Build.0 = Debug|x64
		{922194BA-9FDA-4581-8E27-AFB41A30A845}.Debug|x86.ActiveCfg = Debug|Win32
		{922194BA-9FDA-4581-8E27-AFB41A30A845}.Debug|x86.Build.0 = Debug|Win32
		{922194BA-9FDA-4581-8E27-AFB41A30A845}.Release|x64.ActiveCfg = Release|x64
		{922194BA-9FDA-4581-8E27-AFB41A30A845}.Release|x64.Build.0 = Release|x64
		{922194BA-9FDA-4581-8E27-AFB41A30A845}.Release|x86.ActiveCfg = Release|Win32
		{922194BA-9FDA-4581-8E27-AFB41A30A845}.Release|x86.Build.0 = Release|Win32
		{43670CFB-2A9D-4E21-B757-08CD369C4400}.Debug|x64.ActiveCfg = Debug|x64
		{43670CFB-2A9D-4E21-B757-08CD369C4400}.Debug|x64.Build.0 = Debug|x64
		{43670CFB-2A9D-4E21-B757-08CD369C4400}.Debug|x86.ActiveCfg = Debug|Win32
		{43670CFB-2A9D-4E21-B757-08CD369C4400}.Debug|x86.Build.0 = Debug|Win32
		{43670CFB-2A9D-4E21-B757-08CD369C4400}.Release|x64.ActiveCfg = Release|x64
		{43670CFB-2A9D-4E21-B757-08CD369C4400}.Release|x64.Build.0 = Release|x64
		{43670CFB-2A9D-4E21-B757-08CD369C4400}.Release|x86.ActiveCfg = Release|Win32
		{43670CFB-2A9D-4E21-B757-08CD369C4400}.Release|x86.Build.0 = Release|Win32
		{396BD3C1-4BF2-4BDE-83E9-41A399DA8549}.Debug|x64.ActiveCfg = Debug|x64
		{396BD3C1-4BF2-4BDE-83E9-41A399DA8549}.Debug|x64.Build.0 = Debug|x64
		{396BD3C1-4BF2-4BDE-83E9-41A399DA8549}.Debug|x86.ActiveCfg = Debug|Win32
		{396BD3C1-4BF2-4BDE-83E9-41A399DA8549}.Debug|x86.Build.0 = Debug|Win32
		{396BD3C1-4BF2-4BDE-83E9-41A399DA8549}.Release|x64.ActiveCfg = Release|x64
		{396BD3C1-4BF2-4BDE-83E9-41A399DA8549}.Release|x64.Build.0 = Release|x64
		{396BD3C1-4BF2-4BDE-83E9-41A399DA8549}.Release|x86.ActiveCfg = Release|Win32
		{396BD3C1-4BF2-4BDE-83E9-41A399DA8549}.Release|x86.Build.0 = Release|Win32
		{4164FC58-42EA-4DE7-8F2B-F5C53E7AE37F}.Debug|x64.ActiveCfg = Debug|x64
		{4164FC58-42EA-4DE7-8F2B-F5C53E7AE37F}.Debug|x64.Build.0 = Debug|x64
		{4164FC58-42EA-4DE7-8F2B-F5C53E7AE37F}.Debug|x86.ActiveCfg = Debug|Win32
		{4164FC58-42EA-4DE7-8F2B-F5C53E7AE37F}.Debug|x86.Build.0 = Debug|Win32
		{4164FC58-42EA-4DE7-8F2B-F5C53E7AE37F}.Release|x64.ActiveCfg = Release|x64
		{4164FC58-42EA-4DE7-8F2B-F5C53E7AE37F}.Release|x64.Build.0 = Release|x64
		{4164FC58-42EA-4DE7-8F2B-F5C53E7AE37F}.Release|x86.ActiveCfg = Release|Win32
		{4164FC58-42EA-4DE7-8F2B-F5C53E7AE37F}.Release|x86.Build.0 = Release|Win32
		{B002EC77-285C-41CF-BFDC-0F007209DE89}.Debug|x64.ActiveCfg = Debug|x64
		{B002EC77-285C-41CF-BFDC-0F007209DE89}.Debug|x64.Build.0 = Debug|x64
		{B002EC77-285C-41CF-BFDC-0F007209DE89}.Debug|x86.ActiveCfg = Debug|Win32
		{B002EC77-285C-41CF-BFDC-0F007209DE89}.Debug|x86.Build.0 = Debug|Win32
		{B002EC77-285C-41CF-BFDC-0F007209DE89}.Release|x64.ActiveCfg = Release|x64
		{B002EC77-285C-41CF-BFDC-0F007209DE89}.Release|x64.Build.0 = Release|x64
		{B002EC77-285C-41CF-BFDC-0F007209DE89}.Release|x86.ActiveCfg = Release|Win32
		{B002EC77-285C-41CF-BFDC-0F007209DE89}.Release|x86.Build.0 = Release|Win32
		{EA21CA2B-91BF-4807-BB59-6D51D1AADB47}.Debug|x64.ActiveCfg = Debug|x64
		{EA21CA2B-91BF-4807-BB59-6D51D1AADB47}.Debug|x64.Build.0 = Debug|x64
		{EA21CA2B-91BF-4807-BB59-6D51D1AADB47}.Debug|x86.ActiveCfg = Debug|Win32
		{EA21CA2B-91BF-4807-BB59-6D51D1AADB47}.Debug|x86.Build.0 = Debug|Win32
		{EA21CA2B-91BF-4807-BB59-6D51D1AADB47}.Release|x64.ActiveCfg = Release|x64
		{EA21CA2B-91BF-4807-BB59-6D51D1AADB47}.Release|x64.Build.0 = Release|x64
		{EA21CA2B-91BF-4807-BB59-6D51D1AADB47}.Release|x86.ActiveCfg = Release|Win32
		{EA21CA2B-91BF-4807-BB59-6D51D1AADB47}.Release|x86.Build.0 = Release|Win32
		{64D5D6BD-18EE-491D-8D7F-7F2A0F882E0D}.Debug|x64.ActiveCfg = Debug|x64
		{64D5D6BD-18EE-491D-8D7F-7F2A0F882E0D}.Debug|x64.Build.0 = Debug|x64
		{64D5D6BD-18EE-491D-8D7F-7F2A0F882E0D}.Debug|x86.ActiveCfg = Debug|Win32
		{64D5D6BD-18EE-491D-8D7F-7F2A0F882E0D}.Debug|x86.Build.0 = Debug|Win32
		{64D5D6BD-18EE-491D-8D7F-7F2A0F882E0D}.Release|x64.ActiveCfg = Release|x64
		{64D5D6BD-18EE-491D-8D7F-7F2A0F882E0D}.Release|x64.Build.0 = Release|x64
		{64D5D6BD-18EE-491D-8D7F-7F2A0F882E0D}.Release|x86.ActiveCfg = Release|Win32
		{64D5D6BD-18EE-491D-8D7F-7F2A0F882E0D}.Release|x86.Build.0 = Release|Win32
		{604A5B6E-8B11-49AF-B2B2-9A0233766EF4}.Debug|x64.ActiveCfg = Debug|x64
		{604A5B6E-8B11-49AF-B2B2-9A0233766EF4}.Debug|x64.Build.0 = Debug|x64
		{604A5B6E-8B11-49AF-B2B2-9A0233766EF4}.Debug|x86.ActiveCfg = Debug|Win32
		{604A5B6E-8B11-49AF-B2B2-9A0233766EF4}.Debug|x86.Build.0 = Debug|Win32
		{604A5B6E-8B11-49AF-B2B2-9A0233766EF4}.Release|x64.ActiveCfg = Release|x64
		{604A5B6E-8B11-49AF-B2B2-9A0233766EF4}.Release|x64.Build.0 = Release|x64
		{604A5B6E-8B11-49AF-B2B2-9A0233766EF4}.Release|x86.ActiveCfg = Release|Win32
		{604A5B6E-8B11-49AF-B2B2-9A0233766EF4}.Release|x86.Build.0 = Release|Win32
		{2FCD94E7-7082-4BF4-AD5D-7B389B9E515F}.Debug|x64.ActiveCfg = Debug|x64
		{2FCD94E7-7082-4BF4-AD5D-7B389B9E515F}.Debug|x64.Build.0 = Debug|x64
		{2FCD94E7-7082-4BF4-AD5D-7B389B9E515F}.Debug|x86.ActiveCfg = Debug|Win32
		{2FCD94E7-7082-4BF4-AD5D-7B389B9E515F}.Debug|x86.Build.0 = Debug|Win32
		{2FCD94E7-7082-4BF4-AD5D-7B389B9E515F}.Release|x64.ActiveCfg = Release|x64
		{2FCD94E7-7082-4BF4-AD5D-7B389B9E515F}.Release|x64.Build.0 = Release|x64
		{2FCD94E7-7082-4BF4-AD5D-7B389B9E515F}.Release|x86.ActiveCfg = Release|Win32
		{2FCD94E7-7082-4BF4-AD5D-7B389B9E515F}.Release|x86.Build.0 = Release|Win32
		{C7E6FA24-FA60-4CC2-BEC1-98B75CB1EE82}.Debug|x64.ActiveCfg = Debug|x64
		{C7E6FA24-FA60-4CC2-BEC1-98B75CB1EE82}.Debug|x64.Build.0 = Debug|x64
		{C7E6FA24-FA60-4CC2-BEC1-98B75CB1EE82}.Debug|x86.ActiveCfg = Debug|Win32
		{C7E6FA24-FA60-4CC2-BEC1-98B75CB1EE82}.Debug|x86.Build.0 = Debug|Win32
		{C7E6FA24-FA60-4CC2-BEC1-98B75CB1EE82}.Release|x64.ActiveCfg = Release|x64
		{C7E6FA24-FA60-4CC2-BEC1-98B75CB1EE82}.Release|x64.Build.0 = Release|x64
		{C7E6FA24-FA60-4CC2-BEC1-98B75CB1EE82}.Release|x86.ActiveCfg = Release|Win32
		{C7E6FA24-FA60-4CC2-BEC1-98B75CB1EE82}.Release|x86.Build.0 = Release|Win32
		{FB05C329-F233-4F6E-8054-CF67EF190254}.Debug|x64.ActiveCfg = Debug|x64
		{FB05C329-F233-4F6E-8054-CF67EF190254}.Debug|x64.Build.0 = Debug|x64
		{FB05C329-F233-4F6E-8054-CF67EF190254}.Debug|x86.ActiveCfg = Debug|Win32
		{FB05C329-F233-4F6E-8054-CF67EF190254}.Debug|x86.Build.0 = Debug|Win32
		{FB05C329-F233-4F6E-8054-CF67EF190254}.Release|x64.ActiveCfg = Release|x64
		{FB05C329-F233-4F6E-8054-CF67EF190254}.Release|x64.Build.0 = Release|x64
		{FB05C329-F233-4F6E-8054-CF67EF190254}.Release|x86.ActiveCfg = Release|Win32
		{FB05C329-F233-4F6E-8054-CF67EF190254}.Release|x86.Build.0 = Release|Win32
		{6AB36431-34FC-4D59-B800-D6BFF4C9ADAD}.Debug|x64.ActiveCfg = Debug|x64
		{6AB36431-34FC-4D59-B800-D6BFF4C9ADAD}.Debug|x64.Build.0 = Debug|x64
		{6AB36431-34FC-4D59-B800-D6BFF4C9ADAD}.Debug|x86.ActiveCfg = Debug|Win32
		{6AB36431-34FC-4D59-B800-D6BFF4C9ADAD}.Debug|x86.Build.0 = Debug|Win32
		{6AB36431-34FC-4D59-B800-D6BFF4C9ADAD}.Release|x64.ActiveCfg = Release|x64
		{6AB36431-34FC-4D59-B800-D6BFF4C9ADAD}.Release|x64.Build.0 = Release|x64
		{6AB36431-34FC-4D59-B800-D6BFF4C9ADAD}.Release|x86.ActiveCfg = Release|Win32
		{6AB36431-34FC-4D59-B800-D6BFF4C9ADAD}.Release|x86.Build.0 = Release|Win32
		{86CA7995-A801-4083-BDCE-2E5ABCF9A999}.Debug|x64.ActiveCfg = Debug|x64
		{86CA7995-A801-4083-BDCE-2E5ABCF9A999}.Debug|x64.Build.0 = Debug|x64
		{86CA7995-A801-4083-BDCE-2E5ABCF9A999}.Debug|x86.ActiveCfg = Debug|Win32
		{86CA7995-A801-4083-BDCE-2E5ABCF9A999}.Debug|x86.Build.0 = Debug|Win32
		{86CA7995-A801-4083-BDCE-2E5ABCF9A999}.Release|x64.ActiveCfg = Release|x64
		{86CA7995-A801-4083-BDCE-2E5ABCF9A999}.Release|x64.Build.0 = Release|x64
		{86CA7995-A801-4083-BDCE-2E5ABCF9A999}.Release|x86.ActiveCfg = Release|Win32
		{86CA7995-A801-4083-BDCE-2E5ABCF9A999}.Release|x86.Build.0 = Release|Win32
		{FBAD3223-AA0C-4EE6-B60E-142407B248E2}.Debug|x64.ActiveCfg = Debug|x64
		{FBAD3223-AA0C-4EE6-B60E-142407B248E2}.Debug|x64.Build.0 = Debug|x64
		{FBAD3223-AA0C-4EE6-B60E-142407B248E2}.Debug|x86.ActiveCfg = Debug|Win32
		{FBAD3223-AA0C-4EE6-B60E-142407B248E2}.Debug|x86.Build.0 = Debug|Win32
		{FBAD3223-AA0C-4EE6-B60E-142407B248E2}.Release|x64.ActiveCfg = Release|x64
		{FBAD3223-AA0C-4EE6-B60E-142407B248E2}.Release|x64.Build.0 = Release|x64
		{FBAD3223-AA0C-4EE6-B60E-142407B248E2}.Release|x86.ActiveCfg = Release|Win32
		{FBAD3223-AA0C-4EE6-B60E-142407B248E2}.Release|x86.Build.0 = Release|Win32
		{4D9DB215-5358-4A24-9CEA-F72728402028}.Debug|x64.ActiveCfg = Debug|x64
		{4D9DB215-5358-4A24-9CEA-F72728402028}.Debug|x64.Build.0 = Debug|x64
		{4D9DB215-5358-4A24-9CEA-F72728402028}.Debug|x86.ActiveCfg = Debug|Win32
		{4D9DB215-5358-4A24-9CEA-F72728402028}.Debug|x86.Build.0 = Debug|Win32
		{4D9DB215-5358-4A24-9CEA-F72728402028}.Release|x64.ActiveCfg = Release|x64
		{4D9DB215-5358-4A24-9CEA-F72728402028}.Release|x64.Build.0 = Release|x64
		{4D9DB215-5358-4A24-9CEA-F72728402028}.Release|x86.ActiveCfg = Release|Win32
		{4D9DB215-5358-4A24-9CEA-F72728402028}.Release|x86.Build.0 = Release|Win32
		{C3F3B1DD-C065-4274-97C0-AA0B58DA522F}.Debug|x64.ActiveCfg = Debug|x64
		{C3F3B1DD-C065-4274-97C0-AA0B58DA522F}.Debug|x64.Build.0 = Debug|x64
		{C3F3B1DD-C065-4274-97C0-AA0B58DA522F}.Debug|x86.ActiveCfg = Debug|Win32
		{C3F3B1DD-C065-4274-97C0-AA0B58DA522F}.Debug|x86.Build.0 = Debug|Win32
		{C3F3B1DD-C065-4274-97C0-AA0B58DA522F}.Release|x64.ActiveCfg = Release|x64
		{C3F3B1DD-C065-4274-97C0-AA0B58DA522F}.Release|x64.Build.0 = Release|x64
		{C3F3B1DD-C065-4274-97C0-AA0B58DA522F}.Release|x86.ActiveCfg = Release|Win32
		{C3F3B1DD-C065-4274-97C0-AA0B58DA522F}.Release|x86.Build.0 = Release|Win32
		{5E417777-BBBE-4D99-BE79-EB18F31C303C}.Debug|x64.ActiveCfg = Debug|x64
		{5E417777-BBBE-4D99-BE79-EB18F31C303C}.Debug|x64.Build.0 = Debug|x64
		{5E417777-BBBE-4D99-BE79-EB18F31C303C}.Debug|x86.ActiveCfg = Debug|Win32
		{5E417777-BBBE-4D99-BE79-EB18F31C303C}.Debug|x86.Build.0 = Debug|Win32
		{5E417777-BBBE-4D99-BE79-EB18F31C303C}.Release|x64.ActiveCfg = Release|x64
		{5E417777-BBBE-4D99-BE79-EB18F31C303C}.Release|x64.Build.0 = Release|x64
		{5E417777-BBBE-4D99-BE79-EB18F31C303C}.Release|x86.ActiveCfg = Release|Win32
		{5E417777-BBBE-4D99-BE79-EB18F31C303C}.Release|x86.Build.0 = Release|Win32
		{79B2E2C7-5495-42E2-AC24-1A6226E3DB88}.Debug|x64.ActiveCfg = Debug|x64
		{79B2E2C7-5495-42E2-AC24-1A6226E3DB88}.Debug|x64.Build.0 = Debug|x64
		{79B2E2C7-5495-42E2-AC24-1A6226E3DB88}.Debug|x86.ActiveCfg = Debug|Win32
		{79B2E2C7-5495-42E2-AC24-1A6226E3DB88}.Debug|x86.Build.0 = Debug|Win32
		{79B2E2C7-5495-42E2-AC24-1A6226E3DB88}.Release|x64.ActiveCfg = Release|x64
		{79B2E2C7-5495-42E2-AC24-1A6226E3DB88}.Release|x64.Build.0 = Release|x64
		{79B2E2C7-5495-42E2-AC24-1A6226E3DB88}.Release|x86.ActiveCfg = Release|Win32
		{79B2E2C7-5495-42E2-AC24-1A6226E3DB88}.Release|x86.Build.0 = Release|Win32
		{7AE469C1-635B-4B59-B2C0-03ED72838499}.Debug|x64.ActiveCfg = Debug|x64
		{7AE469C1-635B-4B59-B2C0-03ED72838499}.Debug|x64.Build.0 = Debug|x64
		{7AE469C1-635B-4B59-B2C0-03ED72838499}.Debug|x86.ActiveCfg = Debug|Win32
		{7AE469C1-635B-4B59-B2C0-03ED72838499}.Debug|x86.Build.0 = Debug|Win32
		{7AE469C1-635B-4B59-B2C0-03ED72838499}.Release|x64.ActiveCfg = Release|x64
		{7AE469C1-635B-4B59-B2C0-03ED72838499}.Release|x64.Build.0 = Release|x64
		{7AE469C1-635B-4B59-B2C0-03ED72838499}.Release|x86.ActiveCfg = Release|Win32
		{7AE469C1-635B-4B59-B2C0-03ED72838499}.Release|x86.Build.0 = Release|Win32
		{AA57E70F-3FD8-4175-A033-82CE4EEE706E}.Debug|x64.ActiveCfg = Debug|x64
		{AA57E70F-3FD8-4175-A033-82CE4EEE706E}.Debug|x64.Build.0 = Debug|x64
		{AA57E70F-3FD8-4175-A033-82CE4EEE706E}.Debug|x86.ActiveCfg = Debug|Win32
		{AA57E70F-3FD8-4175-A033-82CE4EEE706E}.Debug|x86.Build.0 = Debug|Win32
		{AA57E70F-3FD8-4175-A033-82CE4EEE706E}.Release|x64.ActiveCfg = Release|x64
		{AA57E70F-3FD8-4175-A033-82CE4EEE706E}.Release|x64.Build.0 = Release|x64
		{AA57E70F-3FD8-4175-A033-82CE4EEE706E}.Release|x86.ActiveCfg = Release|Win32
		{AA57E70F-3FD8-4175-A033-82CE4EEE706E}.Release|x86.Build.0 = Release|Win32
		{EFBEA134-0442-4234-83E7-CB2D1A69F6EB}.Debug|x64.ActiveCfg = Debug|x64
		{EFBEA134-0442-4234-83E7-CB2D1A69F6EB}.Debug|x64.Build.0 = Debug|x64
		{EFBEA134-0442-4234-83E7-CB2D1A69F6EB}.Debug|x86.ActiveCfg = Debug|Win32
		{EFBEA134-0442-4234-83E7-CB2D1A69F6EB}.Debug|x86.Build.0 = Debug|Win32
		{EFBEA134-0442-4234-83E7-CB2D1A69F6EB}.Release|x64.ActiveCfg = Release|x64
		{EFBEA134-0442-4234-83E7-CB2D1A69F6EB}.Release|x64.Build.0 = Release|x64
		{EFBEA134-0442-4234-83E7-CB2D1A69F6EB}.Release|x86.ActiveCfg = Release|Win32
		{EFBEA134-0442-4234-83E7-CB2D1A69F6EB}.Release|x86.Build.0 = Release|Win32
		{EC16D97D-A101-4E28-B231-1B3B105CB953}.Debug|x64.ActiveCfg = Debug|x64
		{EC16D97D-A101-4E28-B231-1B3B105CB953}.Debug|x64.Build.0 = Debug|x64
		{EC16D97D-A101-4E28-B231-1B3B105CB953}.Debug|x86.ActiveCfg = Debug|Win32
		{EC16D97D-A101-4E28-B231-1B3B105CB953}.Debug|x86.Build.0 = Debug|Win32
		{EC16D97D-A101-4E28-B231-1B3B105CB953}.Release|x64.ActiveCfg = Release|x64
		{EC16D97D-A101-4E28-B231-1B3B105CB953}.Release|x64.Build.0 = Release|x64
		{EC16D97D-A101-4E28-B231-1B3B105CB953}.Release|x86.ActiveCfg = Release|Win32
		{EC16D97D-A101-4E28-B231-1B3B105CB953}.Release|x86.Build.0 = Release|Win32
		{1E0A993F-3ED1-4D08-907E-F86BDACCF962}.Debug|x64.ActiveCfg = Debug|x64
		{1E0A993F-3ED1-4D08-907E-F86BDACCF962}.Debug|x64.Build.0 = Debug|x64
		{1E0A993F-3ED1-4D08-907E-F86BDACCF962}.Debug|x86.ActiveCfg = Debug|Win32
		{1E0A993F-3ED1-4D08-907E-F86BDACCF962}.Debug|x86.Build.0 = Debug|Win32
		{1E0A993F-3ED1-4D08-907E-F86BDACCF962}.Release|x64.ActiveCfg = Release|x64
		{1E0A993F-3ED1-4D08-907E-F86BDACCF962}.Release|x64.Build.0 = Release|x64
		{1E0A993F-3ED1-4D08-907E-F86BDACCF962}.Release|x86.ActiveCfg = Release|Win32
		{1E0A993F-3ED1-4D08-907E-F86BDACCF962}.Release|x86.Build.0 = Release|Win32
		{67D93E38-8BCE-451F-B6FF-B8188A5EE078}.Debug|x64.ActiveCfg = Debug|x64
		{67D93E38-8BCE-451F-B6FF-B8188A5EE078}.Debug|x64.Build.0 = Debug|x64
		{67D93E38-8BCE-451F-B6FF-B8188A5EE078}.Debug|x86.ActiveCfg = Debug|Win32
		{67D93E38-8BCE-451F-B6FF-B8188A5EE078}.Debug|x86.Build.0 = Debug|Win32
		{67D93E38-8BCE-451F-B6FF-B8188A5EE078}.Release|x64.ActiveCfg = Release|x64
		{67D93E38-8BCE-451F-B6FF-B8188A5EE078}.Release|x64.Build.0 = Release|x64
		{67D93E38-8BCE-451F-B6FF-B8188A5EE078}.Release|x86.ActiveCfg = Release|Win32
		{67D93E38-8BCE-451F-B6FF-B8188A5EE078}.Release|x86.Build.0 = Release|Win32
		{B4608E8A-DB85-41D3-9ED5-4223822ED62C}.Debug|x64.ActiveCfg = Debug|x64
		{B4608E8A-DB85-41D3-9ED5-4223822ED62C}.Debug|x64.Build.0 = Debug|x64
		{B4608E8A-DB85-41D3-9ED5-4223822ED62C}.Debug|x86.ActiveCfg = Debug|Win32
		{B4608E8A-DB85-41D3-9ED5-4223822ED62C}.Debug|x86.Build.0 = Debug|Win32
		{B4608E8A-DB85-41D3-9ED5-4223822ED62C}.Release|x64.ActiveCfg = Release|x64
		{B4608E8A-DB85-41D3-9ED5-4223822ED62C}.Release|x64.Build.0 = Release|x64
		{B4608E8A-DB85-41D3-9ED5-4223822ED62C}.Release|x86.ActiveCfg = Release|Win32
		{B4608E8A-DB85-41D3-9ED5-4223822ED62C}.Release|x86.Build.0 = Release|Win32
	EndGlobalSection
	GlobalSection(SolutionProperties) = preSolution
		HideSolutionNode = FALSE
	EndGlobalSection
	GlobalSection(ExtensibilityGlobals) = postSolution
		SolutionGuid = {0E79ADDC-7712-4B3A-8B36-5B5C51A755A1}
	EndGlobalSection
EndGlobal
